<?xml version="1.0" encoding="utf-8"?>
<Project ToolsVersion="4.0" xmlns="http://schemas.microsoft.com/developer/msbuild/2003">
  <ItemGroup>
    <Filter Include="include">
      <UniqueIdentifier>{89AF369E-F58E-B539-FEA6-40106A051C9B}</UniqueIdentifier>
    </Filter>
    <Filter Include="include\extensions">
      <UniqueIdentifier>{28299043-140D-5199-7D6D-4BEC69703B1B}</UniqueIdentifier>
    </Filter>
    <Filter Include="include\filebuf">
      <UniqueIdentifier>{D585A1E4-4111-0FA9-4A22-929DB62C6BA9}</UniqueIdentifier>
    </Filter>
    <Filter Include="source">
      <UniqueIdentifier>{76FF3A1C-62A1-65F2-4B5C-7946379DEC42}</UniqueIdentifier>
    </Filter>
    <Filter Include="source\physxextensions">
      <UniqueIdentifier>{F18E9674-DD88-BFC6-C6F5-55D7B28E2533}</UniqueIdentifier>
    </Filter>
    <Filter Include="source\physxextensions\src">
      <UniqueIdentifier>{885D52EA-746D-FEBA-DD26-63D9C955ED53}</UniqueIdentifier>
    </Filter>
    <Filter Include="source\physxextensions\src\serialization">
      <UniqueIdentifier>{35F402AC-2171-F6EE-4AEE-F60236CA9282}</UniqueIdentifier>
    </Filter>
    <Filter Include="source\physxextensions\src\serialization\Binary">
      <UniqueIdentifier>{E931D941-556D-3905-5E62-B694CA1CBE35}</UniqueIdentifier>
    </Filter>
    <Filter Include="source\physxextensions\src\serialization\File">
      <UniqueIdentifier>{848C1727-F0FC-19A0-B91B-9428254B52A1}</UniqueIdentifier>
    </Filter>
    <Filter Include="source\physxextensions\src\serialization\Xml">
      <UniqueIdentifier>{55513720-4164-3779-EA4D-1466D63FD4C6}</UniqueIdentifier>
    </Filter>
    <Filter Include="source\physxmetadata">
      <UniqueIdentifier>{02288860-EEB6-112A-97D5-2525834322D0}</UniqueIdentifier>
    </Filter>
    <Filter Include="source\physxmetadata\extensions">
      <UniqueIdentifier>{01C40D88-6DA7-1CC8-76AA-4A04E20CE318}</UniqueIdentifier>
    </Filter>
    <Filter Include="source\physxmetadata\extensions\include">
      <UniqueIdentifier>{745C9BFA-E0EB-5CE5-E9E7-3DFD55F697F1}</UniqueIdentifier>
    </Filter>
    <Filter Include="source\physxmetadata\extensions\src">
      <UniqueIdentifier>{989A7DA1-0454-E84B-8DB3-0226F96B9EBB}</UniqueIdentifier>
    </Filter>
  </ItemGroup>
  <ItemGroup>
    <ClInclude Include="..\..\..\..\..\src\Dependencies\PhysX\physx\include\extensions\PxBinaryConverter.h">
      <Filter>include\extensions</Filter>
    </ClInclude>
    <ClInclude Include="..\..\..\..\..\src\Dependencies\PhysX\physx\include\extensions\PxBroadPhaseExt.h">
      <Filter>include\extensions</Filter>
    </ClInclude>
    <ClInclude Include="..\..\..\..\..\src\Dependencies\PhysX\physx\include\extensions\PxCollectionExt.h">
      <Filter>include\extensions</Filter>
    </ClInclude>
    <ClInclude Include="..\..\..\..\..\src\Dependencies\PhysX\physx\include\extensions\PxConstraintExt.h">
      <Filter>include\extensions</Filter>
    </ClInclude>
    <ClInclude Include="..\..\..\..\..\src\Dependencies\PhysX\physx\include\extensions\PxContactJoint.h">
      <Filter>include\extensions</Filter>
    </ClInclude>
    <ClInclude Include="..\..\..\..\..\src\Dependencies\PhysX\physx\include\extensions\PxConvexMeshExt.h">
      <Filter>include\extensions</Filter>
    </ClInclude>
    <ClInclude Include="..\..\..\..\..\src\Dependencies\PhysX\physx\include\extensions\PxD6Joint.h">
      <Filter>include\extensions</Filter>
    </ClInclude>
    <ClInclude Include="..\..\..\..\..\src\Dependencies\PhysX\physx\include\extensions\PxD6JointCreate.h">
      <Filter>include\extensions</Filter>
    </ClInclude>
    <ClInclude Include="..\..\..\..\..\src\Dependencies\PhysX\physx\include\extensions\PxDefaultAllocator.h">
      <Filter>include\extensions</Filter>
    </ClInclude>
    <ClInclude Include="..\..\..\..\..\src\Dependencies\PhysX\physx\include\extensions\PxDefaultCpuDispatcher.h">
      <Filter>include\extensions</Filter>
    </ClInclude>
    <ClInclude Include="..\..\..\..\..\src\Dependencies\PhysX\physx\include\extensions\PxDefaultErrorCallback.h">
      <Filter>include\extensions</Filter>
    </ClInclude>
    <ClInclude Include="..\..\..\..\..\src\Dependencies\PhysX\physx\include\extensions\PxDefaultSimulationFilterShader.h">
      <Filter>include\extensions</Filter>
    </ClInclude>
    <ClInclude Include="..\..\..\..\..\src\Dependencies\PhysX\physx\include\extensions\PxDefaultStreams.h">
      <Filter>include\extensions</Filter>
    </ClInclude>
    <ClInclude Include="..\..\..\..\..\src\Dependencies\PhysX\physx\include\extensions\PxDistanceJoint.h">
      <Filter>include\extensions</Filter>
    </ClInclude>
    <ClInclude Include="..\..\..\..\..\src\Dependencies\PhysX\physx\include\extensions\PxExtensionsAPI.h">
      <Filter>include\extensions</Filter>
    </ClInclude>
    <ClInclude Include="..\..\..\..\..\src\Dependencies\PhysX\physx\include\extensions\PxFixedJoint.h">
      <Filter>include\extensions</Filter>
    </ClInclude>
    <ClInclude Include="..\..\..\..\..\src\Dependencies\PhysX\physx\include\extensions\PxJoint.h">
      <Filter>include\extensions</Filter>
    </ClInclude>
    <ClInclude Include="..\..\..\..\..\src\Dependencies\PhysX\physx\include\extensions\PxJointLimit.h">
      <Filter>include\extensions</Filter>
    </ClInclude>
    <ClInclude Include="..\..\..\..\..\src\Dependencies\PhysX\physx\include\extensions\PxMassProperties.h">
      <Filter>include\extensions</Filter>
    </ClInclude>
    <ClInclude Include="..\..\..\..\..\src\Dependencies\PhysX\physx\include\extensions\PxPrismaticJoint.h">
      <Filter>include\extensions</Filter>
    </ClInclude>
    <ClInclude Include="..\..\..\..\..\src\Dependencies\PhysX\physx\include\extensions\PxRaycastCCD.h">
      <Filter>include\extensions</Filter>
    </ClInclude>
    <ClInclude Include="..\..\..\..\..\src\Dependencies\PhysX\physx\include\extensions\PxRepXSerializer.h">
      <Filter>include\extensions</Filter>
    </ClInclude>
    <ClInclude Include="..\..\..\..\..\src\Dependencies\PhysX\physx\include\extensions\PxRepXSimpleType.h">
      <Filter>include\extensions</Filter>
    </ClInclude>
    <ClInclude Include="..\..\..\..\..\src\Dependencies\PhysX\physx\include\extensions\PxRevoluteJoint.h">
      <Filter>include\extensions</Filter>
    </ClInclude>
    <ClInclude Include="..\..\..\..\..\src\Dependencies\PhysX\physx\include\extensions\PxRigidActorExt.h">
      <Filter>include\extensions</Filter>
    </ClInclude>
    <ClInclude Include="..\..\..\..\..\src\Dependencies\PhysX\physx\include\extensions\PxRigidBodyExt.h">
      <Filter>include\extensions</Filter>
    </ClInclude>
    <ClInclude Include="..\..\..\..\..\src\Dependencies\PhysX\physx\include\extensions\PxSceneQueryExt.h">
      <Filter>include\extensions</Filter>
    </ClInclude>
    <ClInclude Include="..\..\..\..\..\src\Dependencies\PhysX\physx\include\extensions\PxSerialization.h">
      <Filter>include\extensions</Filter>
    </ClInclude>
    <ClInclude Include="..\..\..\..\..\src\Dependencies\PhysX\physx\include\extensions\PxShapeExt.h">
      <Filter>include\extensions</Filter>
    </ClInclude>
    <ClInclude Include="..\..\..\..\..\src\Dependencies\PhysX\physx\include\extensions\PxSimpleFactory.h">
      <Filter>include\extensions</Filter>
    </ClInclude>
    <ClInclude Include="..\..\..\..\..\src\Dependencies\PhysX\physx\include\extensions\PxSmoothNormals.h">
      <Filter>include\extensions</Filter>
    </ClInclude>
    <ClInclude Include="..\..\..\..\..\src\Dependencies\PhysX\physx\include\extensions\PxSphericalJoint.h">
      <Filter>include\extensions</Filter>
    </ClInclude>
    <ClInclude Include="..\..\..\..\..\src\Dependencies\PhysX\physx\include\extensions\PxStringTableExt.h">
      <Filter>include\extensions</Filter>
    </ClInclude>
    <ClInclude Include="..\..\..\..\..\src\Dependencies\PhysX\physx\include\extensions\PxTriangleMeshExt.h">
      <Filter>include\extensions</Filter>
    </ClInclude>
    <ClInclude Include="..\..\..\..\..\src\Dependencies\PhysX\physx\include\filebuf\PxFileBuf.h">
      <Filter>include\filebuf</Filter>
    </ClInclude>
    <ClInclude Include="..\..\..\..\..\src\Dependencies\PhysX\physx\source\physxextensions\src\ExtConstraintHelper.h">
      <Filter>source\physxextensions\src</Filter>
    </ClInclude>
    <ClInclude Include="..\..\..\..\..\src\Dependencies\PhysX\physx\source\physxextensions\src\ExtContactJoint.h">
      <Filter>source\physxextensions\src</Filter>
    </ClInclude>
    <ClInclude Include="..\..\..\..\..\src\Dependencies\PhysX\physx\source\physxextensions\src\ExtCpuWorkerThread.h">
      <Filter>source\physxextensions\src</Filter>
    </ClInclude>
    <ClInclude Include="..\..\..\..\..\src\Dependencies\PhysX\physx\source\physxextensions\src\ExtD6Joint.h">
      <Filter>source\physxextensions\src</Filter>
    </ClInclude>
    <ClInclude Include="..\..\..\..\..\src\Dependencies\PhysX\physx\source\physxextensions\src\ExtDefaultCpuDispatcher.h">
      <Filter>source\physxextensions\src</Filter>
    </ClInclude>
    <ClInclude Include="..\..\..\..\..\src\Dependencies\PhysX\physx\source\physxextensions\src\ExtDistanceJoint.h">
      <Filter>source\physxextensions\src</Filter>
    </ClInclude>
    <ClInclude Include="..\..\..\..\..\src\Dependencies\PhysX\physx\source\physxextensions\src\ExtFixedJoint.h">
      <Filter>source\physxextensions\src</Filter>
    </ClInclude>
    <ClInclude Include="..\..\..\..\..\src\Dependencies\PhysX\physx\source\physxextensions\src\ExtInertiaTensor.h">
      <Filter>source\physxextensions\src</Filter>
    </ClInclude>
    <ClInclude Include="..\..\..\..\..\src\Dependencies\PhysX\physx\source\physxextensions\src\ExtJoint.h">
      <Filter>source\physxextensions\src</Filter>
    </ClInclude>
    <ClInclude Include="..\..\..\..\..\src\Dependencies\PhysX\physx\source\physxextensions\src\ExtJointData.h">
      <Filter>source\physxextensions\src</Filter>
    </ClInclude>
    <ClInclude Include="..\..\..\..\..\src\Dependencies\PhysX\physx\source\physxextensions\src\ExtJointMetaDataExtensions.h">
      <Filter>source\physxextensions\src</Filter>
    </ClInclude>
    <ClInclude Include="..\..\..\..\..\src\Dependencies\PhysX\physx\source\physxextensions\src\ExtPlatform.h">
      <Filter>source\physxextensions\src</Filter>
    </ClInclude>
    <ClInclude Include="..\..\..\..\..\src\Dependencies\PhysX\physx\source\physxextensions\src\ExtPrismaticJoint.h">
      <Filter>source\physxextensions\src</Filter>
    </ClInclude>
    <ClInclude Include="..\..\..\..\..\src\Dependencies\PhysX\physx\source\physxextensions\src\ExtPvd.h">
      <Filter>source\physxextensions\src</Filter>
    </ClInclude>
    <ClInclude Include="..\..\..\..\..\src\Dependencies\PhysX\physx\source\physxextensions\src\ExtRevoluteJoint.h">
      <Filter>source\physxextensions\src</Filter>
    </ClInclude>
    <ClInclude Include="..\..\..\..\..\src\Dependencies\PhysX\physx\source\physxextensions\src\ExtSerialization.h">
      <Filter>source\physxextensions\src</Filter>
    </ClInclude>
    <ClInclude Include="..\..\..\..\..\src\Dependencies\PhysX\physx\source\physxextensions\src\ExtSharedQueueEntryPool.h">
      <Filter>source\physxextensions\src</Filter>
    </ClInclude>
    <ClInclude Include="..\..\..\..\..\src\Dependencies\PhysX\physx\source\physxextensions\src\ExtSphericalJoint.h">
      <Filter>source\physxextensions\src</Filter>
    </ClInclude>
    <ClInclude Include="..\..\..\..\..\src\Dependencies\PhysX\physx\source\physxextensions\src\ExtTaskQueueHelper.h">
      <Filter>source\physxextensions\src</Filter>
    </ClInclude>
    <ClInclude Include="..\..\..\..\..\src\Dependencies\PhysX\physx\source\physxextensions\src\serialization\Binary\SnConvX.h">
      <Filter>source\physxextensions\src\serialization\Binary</Filter>
    </ClInclude>
    <ClInclude Include="..\..\..\..\..\src\Dependencies\PhysX\physx\source\physxextensions\src\serialization\Binary\SnConvX_Align.h">
      <Filter>source\physxextensions\src\serialization\Binary</Filter>
    </ClInclude>
    <ClInclude Include="..\..\..\..\..\src\Dependencies\PhysX\physx\source\physxextensions\src\serialization\Binary\SnConvX_Common.h">
      <Filter>source\physxextensions\src\serialization\Binary</Filter>
    </ClInclude>
    <ClInclude Include="..\..\..\..\..\src\Dependencies\PhysX\physx\source\physxextensions\src\serialization\Binary\SnConvX_MetaData.h">
      <Filter>source\physxextensions\src\serialization\Binary</Filter>
    </ClInclude>
    <ClInclude Include="..\..\..\..\..\src\Dependencies\PhysX\physx\source\physxextensions\src\serialization\Binary\SnConvX_Output.h">
      <Filter>source\physxextensions\src\serialization\Binary</Filter>
    </ClInclude>
    <ClInclude Include="..\..\..\..\..\src\Dependencies\PhysX\physx\source\physxextensions\src\serialization\Binary\SnConvX_Union.h">
      <Filter>source\physxextensions\src\serialization\Binary</Filter>
    </ClInclude>
    <ClInclude Include="..\..\..\..\..\src\Dependencies\PhysX\physx\source\physxextensions\src\serialization\Binary\SnSerializationContext.h">
      <Filter>source\physxextensions\src\serialization\Binary</Filter>
    </ClInclude>
    <ClInclude Include="..\..\..\..\..\src\Dependencies\PhysX\physx\source\physxextensions\src\serialization\File\SnFile.h">
      <Filter>source\physxextensions\src\serialization\File</Filter>
    </ClInclude>
    <ClInclude Include="..\..\..\..\..\src\Dependencies\PhysX\physx\source\physxextensions\src\serialization\SnSerialUtils.h">
      <Filter>source\physxextensions\src\serialization</Filter>
    </ClInclude>
    <ClInclude Include="..\..\..\..\..\src\Dependencies\PhysX\physx\source\physxextensions\src\serialization\SnSerializationRegistry.h">
      <Filter>source\physxextensions\src\serialization</Filter>
    </ClInclude>
    <ClInclude Include="..\..\..\..\..\src\Dependencies\PhysX\physx\source\physxextensions\src\serialization\Xml\SnJointRepXSerializer.h">
      <Filter>source\physxextensions\src\serialization\Xml</Filter>
    </ClInclude>
    <ClInclude Include="..\..\..\..\..\src\Dependencies\PhysX\physx\source\physxextensions\src\serialization\Xml\SnPxStreamOperators.h">
      <Filter>source\physxextensions\src\serialization\Xml</Filter>
    </ClInclude>
    <ClInclude Include="..\..\..\..\..\src\Dependencies\PhysX\physx\source\physxextensions\src\serialization\Xml\SnRepX1_0Defaults.h">
      <Filter>source\physxextensions\src\serialization\Xml</Filter>
    </ClInclude>
    <ClInclude Include="..\..\..\..\..\src\Dependencies\PhysX\physx\source\physxextensions\src\serialization\Xml\SnRepX3_1Defaults.h">
      <Filter>source\physxextensions\src\serialization\Xml</Filter>
    </ClInclude>
    <ClInclude Include="..\..\..\..\..\src\Dependencies\PhysX\physx\source\physxextensions\src\serialization\Xml\SnRepX3_2Defaults.h">
      <Filter>source\physxextensions\src\serialization\Xml</Filter>
    </ClInclude>
    <ClInclude Include="..\..\..\..\..\src\Dependencies\PhysX\physx\source\physxextensions\src\serialization\Xml\SnRepXCollection.h">
      <Filter>source\physxextensions\src\serialization\Xml</Filter>
    </ClInclude>
    <ClInclude Include="..\..\..\..\..\src\Dependencies\PhysX\physx\source\physxextensions\src\serialization\Xml\SnRepXCoreSerializer.h">
      <Filter>source\physxextensions\src\serialization\Xml</Filter>
    </ClInclude>
    <ClInclude Include="..\..\..\..\..\src\Dependencies\PhysX\physx\source\physxextensions\src\serialization\Xml\SnRepXSerializerImpl.h">
      <Filter>source\physxextensions\src\serialization\Xml</Filter>
    </ClInclude>
    <ClInclude Include="..\..\..\..\..\src\Dependencies\PhysX\physx\source\physxextensions\src\serialization\Xml\SnRepXUpgrader.h">
      <Filter>source\physxextensions\src\serialization\Xml</Filter>
    </ClInclude>
    <ClInclude Include="..\..\..\..\..\src\Dependencies\PhysX\physx\source\physxextensions\src\serialization\Xml\SnSimpleXmlWriter.h">
      <Filter>source\physxextensions\src\serialization\Xml</Filter>
    </ClInclude>
    <ClInclude Include="..\..\..\..\..\src\Dependencies\PhysX\physx\source\physxextensions\src\serialization\Xml\SnXmlDeserializer.h">
      <Filter>source\physxextensions\src\serialization\Xml</Filter>
    </ClInclude>
    <ClInclude Include="..\..\..\..\..\src\Dependencies\PhysX\physx\source\physxextensions\src\serialization\Xml\SnXmlImpl.h">
      <Filter>source\physxextensions\src\serialization\Xml</Filter>
    </ClInclude>
    <ClInclude Include="..\..\..\..\..\src\Dependencies\PhysX\physx\source\physxextensions\src\serialization\Xml\SnXmlMemoryAllocator.h">
      <Filter>source\physxextensions\src\serialization\Xml</Filter>
    </ClInclude>
    <ClInclude Include="..\..\..\..\..\src\Dependencies\PhysX\physx\source\physxextensions\src\serialization\Xml\SnXmlMemoryPool.h">
      <Filter>source\physxextensions\src\serialization\Xml</Filter>
    </ClInclude>
    <ClInclude Include="..\..\..\..\..\src\Dependencies\PhysX\physx\source\physxextensions\src\serialization\Xml\SnXmlMemoryPoolStreams.h">
      <Filter>source\physxextensions\src\serialization\Xml</Filter>
    </ClInclude>
    <ClInclude Include="..\..\..\..\..\src\Dependencies\PhysX\physx\source\physxextensions\src\serialization\Xml\SnXmlReader.h">
      <Filter>source\physxextensions\src\serialization\Xml</Filter>
    </ClInclude>
    <ClInclude Include="..\..\..\..\..\src\Dependencies\PhysX\physx\source\physxextensions\src\serialization\Xml\SnXmlSerializer.h">
      <Filter>source\physxextensions\src\serialization\Xml</Filter>
    </ClInclude>
    <ClInclude Include="..\..\..\..\..\src\Dependencies\PhysX\physx\source\physxextensions\src\serialization\Xml\SnXmlSimpleXmlWriter.h">
      <Filter>source\physxextensions\src\serialization\Xml</Filter>
    </ClInclude>
    <ClInclude Include="..\..\..\..\..\src\Dependencies\PhysX\physx\source\physxextensions\src\serialization\Xml\SnXmlStringToType.h">
      <Filter>source\physxextensions\src\serialization\Xml</Filter>
    </ClInclude>
    <ClInclude Include="..\..\..\..\..\src\Dependencies\PhysX\physx\source\physxextensions\src\serialization\Xml\SnXmlVisitorReader.h">
      <Filter>source\physxextensions\src\serialization\Xml</Filter>
    </ClInclude>
    <ClInclude Include="..\..\..\..\..\src\Dependencies\PhysX\physx\source\physxextensions\src\serialization\Xml\SnXmlVisitorWriter.h">
      <Filter>source\physxextensions\src\serialization\Xml</Filter>
    </ClInclude>
    <ClInclude Include="..\..\..\..\..\src\Dependencies\PhysX\physx\source\physxextensions\src\serialization\Xml\SnXmlWriter.h">
      <Filter>source\physxextensions\src\serialization\Xml</Filter>
    </ClInclude>
    <ClInclude Include="..\..\..\..\..\src\Dependencies\PhysX\physx\source\physxmetadata\extensions\include\PxExtensionAutoGeneratedMetaDataObjectNames.h">
      <Filter>source\physxmetadata\extensions\include</Filter>
    </ClInclude>
    <ClInclude Include="..\..\..\..\..\src\Dependencies\PhysX\physx\source\physxmetadata\extensions\include\PxExtensionAutoGeneratedMetaDataObjects.h">
      <Filter>source\physxmetadata\extensions\include</Filter>
    </ClInclude>
    <ClInclude Include="..\..\..\..\..\src\Dependencies\PhysX\physx\source\physxmetadata\extensions\include\PxExtensionMetaDataObjects.h">
      <Filter>source\physxmetadata\extensions\include</Filter>
    </ClInclude>
  </ItemGroup>
  <ItemGroup>
    <ClCompile Include="..\..\..\..\..\src\Dependencies\PhysX\physx\source\physxextensions\src\ExtBroadPhase.cpp">
      <Filter>source\physxextensions\src</Filter>
    </ClCompile>
    <ClCompile Include="..\..\..\..\..\src\Dependencies\PhysX\physx\source\physxextensions\src\ExtCollection.cpp">
      <Filter>source\physxextensions\src</Filter>
    </ClCompile>
    <ClCompile Include="..\..\..\..\..\src\Dependencies\PhysX\physx\source\physxextensions\src\ExtContactJoint.cpp">
      <Filter>source\physxextensions\src</Filter>
    </ClCompile>
    <ClCompile Include="..\..\..\..\..\src\Dependencies\PhysX\physx\source\physxextensions\src\ExtConvexMeshExt.cpp">
      <Filter>source\physxextensions\src</Filter>
    </ClCompile>
    <ClCompile Include="..\..\..\..\..\src\Dependencies\PhysX\physx\source\physxextensions\src\ExtCpuWorkerThread.cpp">
      <Filter>source\physxextensions\src</Filter>
    </ClCompile>
    <ClCompile Include="..\..\..\..\..\src\Dependencies\PhysX\physx\source\physxextensions\src\ExtD6Joint.cpp">
      <Filter>source\physxextensions\src</Filter>
    </ClCompile>
    <ClCompile Include="..\..\..\..\..\src\Dependencies\PhysX\physx\source\physxextensions\src\ExtD6JointCreate.cpp">
      <Filter>source\physxextensions\src</Filter>
    </ClCompile>
    <ClCompile Include="..\..\..\..\..\src\Dependencies\PhysX\physx\source\physxextensions\src\ExtDefaultCpuDispatcher.cpp">
      <Filter>source\physxextensions\src</Filter>
    </ClCompile>
    <ClCompile Include="..\..\..\..\..\src\Dependencies\PhysX\physx\source\physxextensions\src\ExtDefaultErrorCallback.cpp">
      <Filter>source\physxextensions\src</Filter>
    </ClCompile>
    <ClCompile Include="..\..\..\..\..\src\Dependencies\PhysX\physx\source\physxextensions\src\ExtDefaultSimulationFilterShader.cpp">
      <Filter>source\physxextensions\src</Filter>
    </ClCompile>
    <ClCompile Include="..\..\..\..\..\src\Dependencies\PhysX\physx\source\physxextensions\src\ExtDefaultStreams.cpp">
      <Filter>source\physxextensions\src</Filter>
    </ClCompile>
    <ClCompile Include="..\..\..\..\..\src\Dependencies\PhysX\physx\source\physxextensions\src\ExtDistanceJoint.cpp">
      <Filter>source\physxextensions\src</Filter>
    </ClCompile>
    <ClCompile Include="..\..\..\..\..\src\Dependencies\PhysX\physx\source\physxextensions\src\ExtExtensions.cpp">
      <Filter>source\physxextensions\src</Filter>
    </ClCompile>
    <ClCompile Include="..\..\..\..\..\src\Dependencies\PhysX\physx\source\physxextensions\src\ExtFixedJoint.cpp">
      <Filter>source\physxextensions\src</Filter>
    </ClCompile>
    <ClCompile Include="..\..\..\..\..\src\Dependencies\PhysX\physx\source\physxextensions\src\ExtJoint.cpp">
      <Filter>source\physxextensions\src</Filter>
    </ClCompile>
    <ClCompile Include="..\..\..\..\..\src\Dependencies\PhysX\physx\source\physxextensions\src\ExtMetaData.cpp">
      <Filter>source\physxextensions\src</Filter>
    </ClCompile>
    <ClCompile Include="..\..\..\..\..\src\Dependencies\PhysX\physx\source\physxextensions\src\ExtPrismaticJoint.cpp">
      <Filter>source\physxextensions\src</Filter>
    </ClCompile>
    <ClCompile Include="..\..\..\..\..\src\Dependencies\PhysX\physx\source\physxextensions\src\ExtPvd.cpp">
      <Filter>source\physxextensions\src</Filter>
    </ClCompile>
    <ClCompile Include="..\..\..\..\..\src\Dependencies\PhysX\physx\source\physxextensions\src\ExtPxStringTable.cpp">
      <Filter>source\physxextensions\src</Filter>
    </ClCompile>
    <ClCompile Include="..\..\..\..\..\src\Dependencies\PhysX\physx\source\physxextensions\src\ExtRaycastCCD.cpp">
      <Filter>source\physxextensions\src</Filter>
    </ClCompile>
    <ClCompile Include="..\..\..\..\..\src\Dependencies\PhysX\physx\source\physxextensions\src\ExtRevoluteJoint.cpp">
      <Filter>source\physxextensions\src</Filter>
    </ClCompile>
    <ClCompile Include="..\..\..\..\..\src\Dependencies\PhysX\physx\source\physxextensions\src\ExtRigidActorExt.cpp">
      <Filter>source\physxextensions\src</Filter>
    </ClCompile>
    <ClCompile Include="..\..\..\..\..\src\Dependencies\PhysX\physx\source\physxextensions\src\ExtRigidBodyExt.cpp">
      <Filter>source\physxextensions\src</Filter>
    </ClCompile>
    <ClCompile Include="..\..\..\..\..\src\Dependencies\PhysX\physx\source\physxextensions\src\ExtSceneQueryExt.cpp">
      <Filter>source\physxextensions\src</Filter>
    </ClCompile>
    <ClCompile Include="..\..\..\..\..\src\Dependencies\PhysX\physx\source\physxextensions\src\ExtSimpleFactory.cpp">
      <Filter>source\physxextensions\src</Filter>
    </ClCompile>
    <ClCompile Include="..\..\..\..\..\src\Dependencies\PhysX\physx\source\physxextensions\src\ExtSmoothNormals.cpp">
      <Filter>source\physxextensions\src</Filter>
    </ClCompile>
    <ClCompile Include="..\..\..\..\..\src\Dependencies\PhysX\physx\source\physxextensions\src\ExtSphericalJoint.cpp">
      <Filter>source\physxextensions\src</Filter>
    </ClCompile>
    <ClCompile Include="..\..\..\..\..\src\Dependencies\PhysX\physx\source\physxextensions\src\ExtTriangleMeshExt.cpp">
      <Filter>source\physxextensions\src</Filter>
    </ClCompile>
    <ClCompile Include="..\..\..\..\..\src\Dependencies\PhysX\physx\source\physxextensions\src\serialization\Binary\SnBinaryDeserialization.cpp">
      <Filter>source\physxextensions\src\serialization\Binary</Filter>
    </ClCompile>
    <ClCompile Include="..\..\..\..\..\src\Dependencies\PhysX\physx\source\physxextensions\src\serialization\Binary\SnBinarySerialization.cpp">
      <Filter>source\physxextensions\src\serialization\Binary</Filter>
    </ClCompile>
    <ClCompile Include="..\..\..\..\..\src\Dependencies\PhysX\physx\source\physxextensions\src\serialization\Binary\SnConvX.cpp">
      <Filter>source\physxextensions\src\serialization\Binary</Filter>
    </ClCompile>
    <ClCompile Include="..\..\..\..\..\src\Dependencies\PhysX\physx\source\physxextensions\src\serialization\Binary\SnConvX_Align.cpp">
      <Filter>source\physxextensions\src\serialization\Binary</Filter>
    </ClCompile>
    <ClCompile Include="..\..\..\..\..\src\Dependencies\PhysX\physx\source\physxextensions\src\serialization\Binary\SnConvX_Convert.cpp">
      <Filter>source\physxextensions\src\serialization\Binary</Filter>
    </ClCompile>
    <ClCompile Include="..\..\..\..\..\src\Dependencies\PhysX\physx\source\physxextensions\src\serialization\Binary\SnConvX_Error.cpp">
      <Filter>source\physxextensions\src\serialization\Binary</Filter>
    </ClCompile>
    <ClCompile Include="..\..\..\..\..\src\Dependencies\PhysX\physx\source\physxextensions\src\serialization\Binary\SnConvX_MetaData.cpp">
      <Filter>source\physxextensions\src\serialization\Binary</Filter>
    </ClCompile>
    <ClCompile Include="..\..\..\..\..\src\Dependencies\PhysX\physx\source\physxextensions\src\serialization\Binary\SnConvX_Output.cpp">
      <Filter>source\physxextensions\src\serialization\Binary</Filter>
    </ClCompile>
    <ClCompile Include="..\..\..\..\..\src\Dependencies\PhysX\physx\source\physxextensions\src\serialization\Binary\SnConvX_Union.cpp">
      <Filter>source\physxextensions\src\serialization\Binary</Filter>
    </ClCompile>
    <ClCompile Include="..\..\..\..\..\src\Dependencies\PhysX\physx\source\physxextensions\src\serialization\Binary\SnSerializationContext.cpp">
      <Filter>source\physxextensions\src\serialization\Binary</Filter>
    </ClCompile>
    <ClCompile Include="..\..\..\..\..\src\Dependencies\PhysX\physx\source\physxextensions\src\serialization\SnSerialUtils.cpp">
      <Filter>source\physxextensions\src\serialization</Filter>
    </ClCompile>
    <ClCompile Include="..\..\..\..\..\src\Dependencies\PhysX\physx\source\physxextensions\src\serialization\SnSerialization.cpp">
      <Filter>source\physxextensions\src\serialization</Filter>
    </ClCompile>
    <ClCompile Include="..\..\..\..\..\src\Dependencies\PhysX\physx\source\physxextensions\src\serialization\SnSerializationRegistry.cpp">
      <Filter>source\physxextensions\src\serialization</Filter>
    </ClCompile>
    <ClCompile Include="..\..\..\..\..\src\Dependencies\PhysX\physx\source\physxextensions\src\serialization\Xml\SnJointRepXSerializer.cpp">
      <Filter>source\physxextensions\src\serialization\Xml</Filter>
    </ClCompile>
    <ClCompile Include="..\..\..\..\..\src\Dependencies\PhysX\physx\source\physxextensions\src\serialization\Xml\SnRepXCoreSerializer.cpp">
      <Filter>source\physxextensions\src\serialization\Xml</Filter>
    </ClCompile>
    <ClCompile Include="..\..\..\..\..\src\Dependencies\PhysX\physx\source\physxextensions\src\serialization\Xml\SnRepXUpgrader.cpp">
      <Filter>source\physxextensions\src\serialization\Xml</Filter>
    </ClCompile>
    <ClCompile Include="..\..\..\..\..\src\Dependencies\PhysX\physx\source\physxextensions\src\serialization\Xml\SnXmlSerialization.cpp">
      <Filter>source\physxextensions\src\serialization\Xml</Filter>
    </ClCompile>
    <ClCompile Include="..\..\..\..\..\src\Dependencies\PhysX\physx\source\physxmetadata\extensions\src\PxExtensionAutoGeneratedMetaDataObjects.cpp">
      <Filter>source\physxmetadata\extensions\src</Filter>
    </ClCompile>
  </ItemGroup>
</Project>