
Microsoft Visual Studio Solution File, Format Version 12.00
# Visual Studio 2013
VisualStudioVersion = 12.0.21005.1
MinimumVisualStudioVersion = 10.0.40219.1
Project("{8BC9CEB8-8B4A-11D0-8D11-00A0C91BC942}") = "Game", "Game.vcxproj", "{3D350E40-760D-49FD-8292-C524F9A0E6DC}"
EndProject
Project("{2150E333-8FDC-42A3-9474-1A3956D46DE8}") = "Dependencies", "Dependencies", "{41FB9001-71E4-4865-83EB-795F393F0F8F}"
EndProject
Project("{8BC9CEB8-8B4A-11D0-8D11-00A0C91BC942}") = "glew", "..\glew.vcxproj", "{970C7A35-C10C-468E-B698-CB68797DEEBA}"
EndProject
Project("{8BC9CEB8-8B4A-11D0-8D11-00A0C91BC942}") = "Gaff", "..\Gaff.vcxproj", "{EDB61707-B592-4128-A4B6-207242CF5854}"
EndProject
Project("{8BC9CEB8-8B4A-11D0-8D11-00A0C91BC942}") = "Gleam", "..\Gleam.vcxproj", "{9241F3DF-555F-4B21-A495-5F6AC1DABD05}"
EndProject
Global
	GlobalSection(SolutionConfigurationPlatforms) = preSolution
		Debug_Direct3D|Win32 = Debug_Direct3D|Win32
		Debug_Direct3D|x64 = Debug_Direct3D|x64
		Debug_OpenGL|Win32 = Debug_OpenGL|Win32
		Debug_OpenGL|x64 = Debug_OpenGL|x64
		Release_Direct3D|Win32 = Release_Direct3D|Win32
		Release_Direct3D|x64 = Release_Direct3D|x64
		Release_OpenGL|Win32 = Release_OpenGL|Win32
		Release_OpenGL|x64 = Release_OpenGL|x64
	EndGlobalSection
	GlobalSection(ProjectConfigurationPlatforms) = postSolution
		{3D350E40-760D-49FD-8292-C524F9A0E6DC}.Debug_Direct3D|Win32.ActiveCfg = Debug|Win32
		{3D350E40-760D-49FD-8292-C524F9A0E6DC}.Debug_Direct3D|Win32.Build.0 = Debug|Win32
		{3D350E40-760D-49FD-8292-C524F9A0E6DC}.Debug_Direct3D|x64.ActiveCfg = Debug|Win32
		{3D350E40-760D-49FD-8292-C524F9A0E6DC}.Debug_OpenGL|Win32.ActiveCfg = Debug|Win32
		{3D350E40-760D-49FD-8292-C524F9A0E6DC}.Debug_OpenGL|Win32.Build.0 = Debug|Win32
		{3D350E40-760D-49FD-8292-C524F9A0E6DC}.Debug_OpenGL|x64.ActiveCfg = Debug|Win32
		{3D350E40-760D-49FD-8292-C524F9A0E6DC}.Release_Direct3D|Win32.ActiveCfg = Release|Win32
		{3D350E40-760D-49FD-8292-C524F9A0E6DC}.Release_Direct3D|Win32.Build.0 = Release|Win32
		{3D350E40-760D-49FD-8292-C524F9A0E6DC}.Release_Direct3D|x64.ActiveCfg = Release|Win32
		{3D350E40-760D-49FD-8292-C524F9A0E6DC}.Release_OpenGL|Win32.ActiveCfg = Release|Win32
		{3D350E40-760D-49FD-8292-C524F9A0E6DC}.Release_OpenGL|Win32.Build.0 = Release|Win32
		{3D350E40-760D-49FD-8292-C524F9A0E6DC}.Release_OpenGL|x64.ActiveCfg = Release|Win32
		{970C7A35-C10C-468E-B698-CB68797DEEBA}.Debug_Direct3D|Win32.ActiveCfg = Debug|Win32
		{970C7A35-C10C-468E-B698-CB68797DEEBA}.Debug_Direct3D|Win32.Build.0 = Debug|Win32
		{970C7A35-C10C-468E-B698-CB68797DEEBA}.Debug_Direct3D|x64.ActiveCfg = Debug|x64
		{970C7A35-C10C-468E-B698-CB68797DEEBA}.Debug_Direct3D|x64.Build.0 = Debug|x64
		{970C7A35-C10C-468E-B698-CB68797DEEBA}.Debug_OpenGL|Win32.ActiveCfg = Debug|Win32
		{970C7A35-C10C-468E-B698-CB68797DEEBA}.Debug_OpenGL|Win32.Build.0 = Debug|Win32
		{970C7A35-C10C-468E-B698-CB68797DEEBA}.Debug_OpenGL|x64.ActiveCfg = Debug|x64
		{970C7A35-C10C-468E-B698-CB68797DEEBA}.Debug_OpenGL|x64.Build.0 = Debug|x64
		{970C7A35-C10C-468E-B698-CB68797DEEBA}.Release_Direct3D|Win32.ActiveCfg = Release|Win32
		{970C7A35-C10C-468E-B698-CB68797DEEBA}.Release_Direct3D|Win32.Build.0 = Release|Win32
		{970C7A35-C10C-468E-B698-CB68797DEEBA}.Release_Direct3D|x64.ActiveCfg = Release|x64
		{970C7A35-C10C-468E-B698-CB68797DEEBA}.Release_Direct3D|x64.Build.0 = Release|x64
		{970C7A35-C10C-468E-B698-CB68797DEEBA}.Release_OpenGL|Win32.ActiveCfg = Release|Win32
		{970C7A35-C10C-468E-B698-CB68797DEEBA}.Release_OpenGL|Win32.Build.0 = Release|Win32
		{970C7A35-C10C-468E-B698-CB68797DEEBA}.Release_OpenGL|x64.ActiveCfg = Release|x64
		{970C7A35-C10C-468E-B698-CB68797DEEBA}.Release_OpenGL|x64.Build.0 = Release|x64
		{EDB61707-B592-4128-A4B6-207242CF5854}.Debug_Direct3D|Win32.ActiveCfg = Debug|Win32
		{EDB61707-B592-4128-A4B6-207242CF5854}.Debug_Direct3D|Win32.Build.0 = Debug|Win32
		{EDB61707-B592-4128-A4B6-207242CF5854}.Debug_Direct3D|x64.ActiveCfg = Debug|x64
		{EDB61707-B592-4128-A4B6-207242CF5854}.Debug_Direct3D|x64.Build.0 = Debug|x64
		{EDB61707-B592-4128-A4B6-207242CF5854}.Debug_OpenGL|Win32.ActiveCfg = Debug|Win32
		{EDB61707-B592-4128-A4B6-207242CF5854}.Debug_OpenGL|Win32.Build.0 = Debug|Win32
		{EDB61707-B592-4128-A4B6-207242CF5854}.Debug_OpenGL|x64.ActiveCfg = Debug|x64
		{EDB61707-B592-4128-A4B6-207242CF5854}.Debug_OpenGL|x64.Build.0 = Debug|x64
		{EDB61707-B592-4128-A4B6-207242CF5854}.Release_Direct3D|Win32.ActiveCfg = Release|Win32
		{EDB61707-B592-4128-A4B6-207242CF5854}.Release_Direct3D|Win32.Build.0 = Release|Win32
		{EDB61707-B592-4128-A4B6-207242CF5854}.Release_Direct3D|x64.ActiveCfg = Release|x64
		{EDB61707-B592-4128-A4B6-207242CF5854}.Release_Direct3D|x64.Build.0 = Release|x64
		{EDB61707-B592-4128-A4B6-207242CF5854}.Release_OpenGL|Win32.ActiveCfg = Release|Win32
		{EDB61707-B592-4128-A4B6-207242CF5854}.Release_OpenGL|Win32.Build.0 = Release|Win32
		{EDB61707-B592-4128-A4B6-207242CF5854}.Release_OpenGL|x64.ActiveCfg = Release|x64
		{EDB61707-B592-4128-A4B6-207242CF5854}.Release_OpenGL|x64.Build.0 = Release|x64
		{9241F3DF-555F-4B21-A495-5F6AC1DABD05}.Debug_Direct3D|Win32.ActiveCfg = Debug_Direct3D|Win32
		{9241F3DF-555F-4B21-A495-5F6AC1DABD05}.Debug_Direct3D|Win32.Build.0 = Debug_Direct3D|Win32
		{9241F3DF-555F-4B21-A495-5F6AC1DABD05}.Debug_Direct3D|x64.ActiveCfg = Debug_Direct3D|x64
		{9241F3DF-555F-4B21-A495-5F6AC1DABD05}.Debug_Direct3D|x64.Build.0 = Debug_Direct3D|x64
		{9241F3DF-555F-4B21-A495-5F6AC1DABD05}.Debug_OpenGL|Win32.ActiveCfg = Debug_OpenGL|Win32
		{9241F3DF-555F-4B21-A495-5F6AC1DABD05}.Debug_OpenGL|Win32.Build.0 = Debug_OpenGL|Win32
		{9241F3DF-555F-4B21-A495-5F6AC1DABD05}.Debug_OpenGL|x64.ActiveCfg = Debug_OpenGL|x64
		{9241F3DF-555F-4B21-A495-5F6AC1DABD05}.Debug_OpenGL|x64.Build.0 = Debug_OpenGL|x64
		{9241F3DF-555F-4B21-A495-5F6AC1DABD05}.Release_Direct3D|Win32.ActiveCfg = Release_Direct3D|Win32
		{9241F3DF-555F-4B21-A495-5F6AC1DABD05}.Release_Direct3D|Win32.Build.0 = Release_Direct3D|Win32
		{9241F3DF-555F-4B21-A495-5F6AC1DABD05}.Release_Direct3D|x64.ActiveCfg = Release_Direct3D|x64
		{9241F3DF-555F-4B21-A495-5F6AC1DABD05}.Release_Direct3D|x64.Build.0 = Release_Direct3D|x64
		{9241F3DF-555F-4B21-A495-5F6AC1DABD05}.Release_OpenGL|Win32.ActiveCfg = Release_OpenGL|Win32
		{9241F3DF-555F-4B21-A495-5F6AC1DABD05}.Release_OpenGL|Win32.Build.0 = Release_OpenGL|Win32
		{9241F3DF-555F-4B21-A495-5F6AC1DABD05}.Release_OpenGL|x64.ActiveCfg = Release_OpenGL|x64
		{9241F3DF-555F-4B21-A495-5F6AC1DABD05}.Release_OpenGL|x64.Build.0 = Release_OpenGL|x64
	EndGlobalSection
	GlobalSection(SolutionProperties) = preSolution
		HideSolutionNode = FALSE
	EndGlobalSection
	GlobalSection(NestedProjects) = preSolution
		{970C7A35-C10C-468E-B698-CB68797DEEBA} = {41FB9001-71E4-4865-83EB-795F393F0F8F}
		{EDB61707-B592-4128-A4B6-207242CF5854} = {41FB9001-71E4-4865-83EB-795F393F0F8F}
		{9241F3DF-555F-4B21-A495-5F6AC1DABD05} = {41FB9001-71E4-4865-83EB-795F393F0F8F}
	EndGlobalSection
EndGlobal
