<?xml version="1.0" encoding="utf-8"?>
<Project ToolsVersion="4.0" xmlns="http://schemas.microsoft.com/developer/msbuild/2003">
  <ItemGroup>
    <Filter Include="include">
      <UniqueIdentifier>{89AF369E-F58E-B539-FEA6-40106A051C9B}</UniqueIdentifier>
    </Filter>
  </ItemGroup>
  <ItemGroup>
    <ClInclude Include="..\..\..\dependencies\Gleam\include\Gleam_AABB.h">
      <Filter>include</Filter>
    </ClInclude>
    <ClInclude Include="..\..\..\dependencies\Gleam\include\Gleam_Array.h">
      <Filter>include</Filter>
    </ClInclude>
    <ClInclude Include="..\..\..\dependencies\Gleam\include\Gleam_BitArray.h">
      <Filter>include</Filter>
    </ClInclude>
    <ClInclude Include="..\..\..\dependencies\Gleam\include\Gleam_Buffer.h">
      <Filter>include</Filter>
    </ClInclude>
    <ClInclude Include="..\..\..\dependencies\Gleam\include\Gleam_Buffer_Direct3D.h">
      <Filter>include</Filter>
    </ClInclude>
    <ClInclude Include="..\..\..\dependencies\Gleam\include\Gleam_Buffer_OpenGL.h">
      <Filter>include</Filter>
    </ClInclude>
    <ClInclude Include="..\..\..\dependencies\Gleam\include\Gleam_Defines.h">
      <Filter>include</Filter>
    </ClInclude>
    <ClInclude Include="..\..\..\dependencies\Gleam\include\Gleam_Global.h">
      <Filter>include</Filter>
    </ClInclude>
    <ClInclude Include="..\..\..\dependencies\Gleam\include\Gleam_HashMap.h">
      <Filter>include</Filter>
    </ClInclude>
    <ClInclude Include="..\..\..\dependencies\Gleam\include\Gleam_IBuffer.h">
      <Filter>include</Filter>
    </ClInclude>
    <ClInclude Include="..\..\..\dependencies\Gleam\include\Gleam_IInputDevice.h">
      <Filter>include</Filter>
    </ClInclude>
    <ClInclude Include="..\..\..\dependencies\Gleam\include\Gleam_IKeyboard.h">
      <Filter>include</Filter>
    </ClInclude>
    <ClInclude Include="..\..\..\dependencies\Gleam\include\Gleam_ILayout.h">
      <Filter>include</Filter>
    </ClInclude>
    <ClInclude Include="..\..\..\dependencies\Gleam\include\Gleam_IMesh.h">
      <Filter>include</Filter>
    </ClInclude>
    <ClInclude Include="..\..\..\dependencies\Gleam\include\Gleam_IModel.h">
      <Filter>include</Filter>
    </ClInclude>
    <ClInclude Include="..\..\..\dependencies\Gleam\include\Gleam_IMouse.h">
      <Filter>include</Filter>
    </ClInclude>
    <ClInclude Include="..\..\..\dependencies\Gleam\include\Gleam_IProgram.h">
      <Filter>include</Filter>
    </ClInclude>
    <ClInclude Include="..\..\..\dependencies\Gleam\include\Gleam_IRenderDevice.h">
      <Filter>include</Filter>
    </ClInclude>
    <ClInclude Include="..\..\..\dependencies\Gleam\include\Gleam_IRenderStage.h">
      <Filter>include</Filter>
    </ClInclude>
    <ClInclude Include="..\..\..\dependencies\Gleam\include\Gleam_IRenderState.h">
      <Filter>include</Filter>
    </ClInclude>
    <ClInclude Include="..\..\..\dependencies\Gleam\include\Gleam_IRenderTarget.h">
      <Filter>include</Filter>
    </ClInclude>
    <ClInclude Include="..\..\..\dependencies\Gleam\include\Gleam_IRenderer.h">
      <Filter>include</Filter>
    </ClInclude>
    <ClInclude Include="..\..\..\dependencies\Gleam\include\Gleam_ISamplerState.h">
      <Filter>include</Filter>
    </ClInclude>
    <ClInclude Include="..\..\..\dependencies\Gleam\include\Gleam_IShader.h">
      <Filter>include</Filter>
    </ClInclude>
    <ClInclude Include="..\..\..\dependencies\Gleam\include\Gleam_IShaderResourceView.h">
      <Filter>include</Filter>
    </ClInclude>
    <ClInclude Include="..\..\..\dependencies\Gleam\include\Gleam_ITexture.h">
      <Filter>include</Filter>
    </ClInclude>
    <ClInclude Include="..\..\..\dependencies\Gleam\include\Gleam_IncludeD3D11.h">
      <Filter>include</Filter>
    </ClInclude>
    <ClInclude Include="..\..\..\dependencies\Gleam\include\Gleam_InputManager.h">
      <Filter>include</Filter>
    </ClInclude>
    <ClInclude Include="..\..\..\dependencies\Gleam\include\Gleam_Keyboard.h">
      <Filter>include</Filter>
    </ClInclude>
    <ClInclude Include="..\..\..\dependencies\Gleam\include\Gleam_Keyboard_MessagePump.h">
      <Filter>include</Filter>
    </ClInclude>
    <ClInclude Include="..\..\..\dependencies\Gleam\include\Gleam_Layout.h">
      <Filter>include</Filter>
    </ClInclude>
    <ClInclude Include="..\..\..\dependencies\Gleam\include\Gleam_Layout_Direct3D.h">
      <Filter>include</Filter>
    </ClInclude>
    <ClInclude Include="..\..\..\dependencies\Gleam\include\Gleam_Layout_OpenGL.h">
      <Filter>include</Filter>
    </ClInclude>
    <ClInclude Include="..\..\..\dependencies\Gleam\include\Gleam_Matrix4x4.h">
      <Filter>include</Filter>
    </ClInclude>
    <ClInclude Include="..\..\..\dependencies\Gleam\include\Gleam_Matrix4x4_CPU.h">
      <Filter>include</Filter>
    </ClInclude>
    <ClInclude Include="..\..\..\dependencies\Gleam\include\Gleam_Matrix4x4_SIMD.h">
      <Filter>include</Filter>
    </ClInclude>
    <ClInclude Include="..\..\..\dependencies\Gleam\include\Gleam_Mesh.h">
      <Filter>include</Filter>
    </ClInclude>
    <ClInclude Include="..\..\..\dependencies\Gleam\include\Gleam_Mesh_Direct3D.h">
      <Filter>include</Filter>
    </ClInclude>
    <ClInclude Include="..\..\..\dependencies\Gleam\include\Gleam_Mesh_OpenGL.h">
      <Filter>include</Filter>
    </ClInclude>
    <ClInclude Include="..\..\..\dependencies\Gleam\include\Gleam_Model.h">
      <Filter>include</Filter>
    </ClInclude>
    <ClInclude Include="..\..\..\dependencies\Gleam\include\Gleam_Model_Direct3D.h">
      <Filter>include</Filter>
    </ClInclude>
    <ClInclude Include="..\..\..\dependencies\Gleam\include\Gleam_Model_OpenGL.h">
      <Filter>include</Filter>
    </ClInclude>
    <ClInclude Include="..\..\..\dependencies\Gleam\include\Gleam_Mouse.h">
      <Filter>include</Filter>
    </ClInclude>
    <ClInclude Include="..\..\..\dependencies\Gleam\include\Gleam_Mouse_MessagePump.h">
      <Filter>include</Filter>
    </ClInclude>
    <ClInclude Include="..\..\..\dependencies\Gleam\include\Gleam_OBB.h">
      <Filter>include</Filter>
    </ClInclude>
    <ClInclude Include="..\..\..\dependencies\Gleam\include\Gleam_Program.h">
      <Filter>include</Filter>
    </ClInclude>
    <ClInclude Include="..\..\..\dependencies\Gleam\include\Gleam_Program_Direct3D.h">
      <Filter>include</Filter>
    </ClInclude>
    <ClInclude Include="..\..\..\dependencies\Gleam\include\Gleam_Program_OpenGL.h">
      <Filter>include</Filter>
    </ClInclude>
    <ClInclude Include="..\..\..\dependencies\Gleam\include\Gleam_ProxyAllocator.h">
      <Filter>include</Filter>
    </ClInclude>
    <ClInclude Include="..\..\..\dependencies\Gleam\include\Gleam_Quaternion.h">
      <Filter>include</Filter>
    </ClInclude>
    <ClInclude Include="..\..\..\dependencies\Gleam\include\Gleam_Quaternion_CPU.h">
      <Filter>include</Filter>
    </ClInclude>
    <ClInclude Include="..\..\..\dependencies\Gleam\include\Gleam_Quaternion_SIMD.h">
      <Filter>include</Filter>
    </ClInclude>
    <ClInclude Include="..\..\..\dependencies\Gleam\include\Gleam_RawInputRegisterFunction.h">
      <Filter>include</Filter>
    </ClInclude>
    <ClInclude Include="..\..\..\dependencies\Gleam\include\Gleam_RefCounted.h">
      <Filter>include</Filter>
    </ClInclude>
    <ClInclude Include="..\..\..\dependencies\Gleam\include\Gleam_RenderDevice.h">
      <Filter>include</Filter>
    </ClInclude>
    <ClInclude Include="..\..\..\dependencies\Gleam\include\Gleam_RenderDevice_Direct3D.h">
      <Filter>include</Filter>
    </ClInclude>
    <ClInclude Include="..\..\..\dependencies\Gleam\include\Gleam_RenderDevice_OpenGL.h">
      <Filter>include</Filter>
    </ClInclude>
    <ClInclude Include="..\..\..\dependencies\Gleam\include\Gleam_RenderDevice_OpenGL_Linux.h">
      <Filter>include</Filter>
    </ClInclude>
    <ClInclude Include="..\..\..\dependencies\Gleam\include\Gleam_RenderDevice_OpenGL_Windows.h">
      <Filter>include</Filter>
    </ClInclude>
    <ClInclude Include="..\..\..\dependencies\Gleam\include\Gleam_RenderState.h">
      <Filter>include</Filter>
    </ClInclude>
    <ClInclude Include="..\..\..\dependencies\Gleam\include\Gleam_RenderState_Direct3D.h">
      <Filter>include</Filter>
    </ClInclude>
    <ClInclude Include="..\..\..\dependencies\Gleam\include\Gleam_RenderState_OpenGL.h">
      <Filter>include</Filter>
    </ClInclude>
    <ClInclude Include="..\..\..\dependencies\Gleam\include\Gleam_RenderTarget.h">
      <Filter>include</Filter>
    </ClInclude>
    <ClInclude Include="..\..\..\dependencies\Gleam\include\Gleam_RenderTarget_Direct3D.h">
      <Filter>include</Filter>
    </ClInclude>
    <ClInclude Include="..\..\..\dependencies\Gleam\include\Gleam_RenderTarget_OpenGL.h">
      <Filter>include</Filter>
    </ClInclude>
    <ClInclude Include="..\..\..\dependencies\Gleam\include\Gleam_SIMDMath.h">
      <Filter>include</Filter>
    </ClInclude>
    <ClInclude Include="..\..\..\dependencies\Gleam\include\Gleam_SIMDMath_x86.h">
      <Filter>include</Filter>
    </ClInclude>
    <ClInclude Include="..\..\..\dependencies\Gleam\include\Gleam_SamplerState.h">
      <Filter>include</Filter>
    </ClInclude>
    <ClInclude Include="..\..\..\dependencies\Gleam\include\Gleam_SamplerState_Direct3D.h">
      <Filter>include</Filter>
    </ClInclude>
    <ClInclude Include="..\..\..\dependencies\Gleam\include\Gleam_SamplerState_OpenGL.h">
      <Filter>include</Filter>
    </ClInclude>
    <ClInclude Include="..\..\..\dependencies\Gleam\include\Gleam_Shader.h">
      <Filter>include</Filter>
    </ClInclude>
    <ClInclude Include="..\..\..\dependencies\Gleam\include\Gleam_ShaderInclude.h">
      <Filter>include</Filter>
    </ClInclude>
    <ClInclude Include="..\..\..\dependencies\Gleam\include\Gleam_ShaderResourceView.h">
      <Filter>include</Filter>
    </ClInclude>
    <ClInclude Include="..\..\..\dependencies\Gleam\include\Gleam_ShaderResourceView_Direct3D.h">
      <Filter>include</Filter>
    </ClInclude>
    <ClInclude Include="..\..\..\dependencies\Gleam\include\Gleam_ShaderResourceView_OpenGL.h">
      <Filter>include</Filter>
    </ClInclude>
    <ClInclude Include="..\..\..\dependencies\Gleam\include\Gleam_Shader_Direct3D.h">
      <Filter>include</Filter>
    </ClInclude>
    <ClInclude Include="..\..\..\dependencies\Gleam\include\Gleam_Shader_OpenGL.h">
      <Filter>include</Filter>
    </ClInclude>
    <ClInclude Include="..\..\..\dependencies\Gleam\include\Gleam_String.h">
      <Filter>include</Filter>
    </ClInclude>
    <ClInclude Include="..\..\..\dependencies\Gleam\include\Gleam_Texture.h">
      <Filter>include</Filter>
    </ClInclude>
    <ClInclude Include="..\..\..\dependencies\Gleam\include\Gleam_Texture_Direct3D.h">
      <Filter>include</Filter>
    </ClInclude>
    <ClInclude Include="..\..\..\dependencies\Gleam\include\Gleam_Texture_OpenGL.h">
      <Filter>include</Filter>
    </ClInclude>
    <ClInclude Include="..\..\..\dependencies\Gleam\include\Gleam_Transform.h">
      <Filter>include</Filter>
    </ClInclude>
    <ClInclude Include="..\..\..\dependencies\Gleam\include\Gleam_Vector4.h">
      <Filter>include</Filter>
    </ClInclude>
    <ClInclude Include="..\..\..\dependencies\Gleam\include\Gleam_Vector4_CPU.h">
      <Filter>include</Filter>
    </ClInclude>
    <ClInclude Include="..\..\..\dependencies\Gleam\include\Gleam_Vector4_SIMD.h">
      <Filter>include</Filter>
    </ClInclude>
    <ClInclude Include="..\..\..\dependencies\Gleam\include\Gleam_Window.h">
      <Filter>include</Filter>
    </ClInclude>
    <ClInclude Include="..\..\..\dependencies\Gleam\include\Gleam_Window_Defines.h">
      <Filter>include</Filter>
    </ClInclude>
    <ClInclude Include="..\..\..\dependencies\Gleam\include\Gleam_Window_Linux.h">
      <Filter>include</Filter>
    </ClInclude>
    <ClInclude Include="..\..\..\dependencies\Gleam\include\Gleam_Window_Windows.h">
      <Filter>include</Filter>
    </ClInclude>
    <ClInclude Include="..\..\..\dependencies\Gleam\include\Gleam_IWindow.h">
      <Filter>include</Filter>
    </ClInclude>
  </ItemGroup>
  <ItemGroup>
    <ClCompile Include="..\..\..\dependencies\Gleam\Gleam_AABB.cpp" />
    <ClCompile Include="..\..\..\dependencies\Gleam\Gleam_Buffer_Direct3D.cpp" />
    <ClCompile Include="..\..\..\dependencies\Gleam\Gleam_Buffer_OpenGL.cpp" />
    <ClCompile Include="..\..\..\dependencies\Gleam\Gleam_Global.cpp" />
    <ClCompile Include="..\..\..\dependencies\Gleam\Gleam_IMesh.cpp" />
    <ClCompile Include="..\..\..\dependencies\Gleam\Gleam_IModel.cpp" />
    <ClCompile Include="..\..\..\dependencies\Gleam\Gleam_IProgram.cpp" />
    <ClCompile Include="..\..\..\dependencies\Gleam\Gleam_InputManager.cpp" />
    <ClCompile Include="..\..\..\dependencies\Gleam\Gleam_Keyboard_MessagePump.cpp" />
    <ClCompile Include="..\..\..\dependencies\Gleam\Gleam_Layout_Direct3D.cpp" />
    <ClCompile Include="..\..\..\dependencies\Gleam\Gleam_Layout_OpenGL.cpp" />
    <ClCompile Include="..\..\..\dependencies\Gleam\Gleam_Matrix4x4_CPU.cpp" />
    <ClCompile Include="..\..\..\dependencies\Gleam\Gleam_Matrix4x4_SIMD.cpp" />
    <ClCompile Include="..\..\..\dependencies\Gleam\Gleam_Mesh_Direct3D.cpp" />
    <ClCompile Include="..\..\..\dependencies\Gleam\Gleam_Mesh_OpenGL.cpp" />
    <ClCompile Include="..\..\..\dependencies\Gleam\Gleam_Model_Direct3D.cpp" />
    <ClCompile Include="..\..\..\dependencies\Gleam\Gleam_Model_OpenGL.cpp" />
    <ClCompile Include="..\..\..\dependencies\Gleam\Gleam_Mouse_MessagePump.cpp" />
    <ClCompile Include="..\..\..\dependencies\Gleam\Gleam_OBB.cpp" />
    <ClCompile Include="..\..\..\dependencies\Gleam\Gleam_Program_Direct3D.cpp" />
    <ClCompile Include="..\..\..\dependencies\Gleam\Gleam_Program_OpenGL.cpp" />
    <ClCompile Include="..\..\..\dependencies\Gleam\Gleam_Quaternion_CPU.cpp" />
    <ClCompile Include="..\..\..\dependencies\Gleam\Gleam_Quaternion_SIMD.cpp" />
    <ClCompile Include="..\..\..\dependencies\Gleam\Gleam_RawInputRegisterFunction_Linux.cpp" />
    <ClCompile Include="..\..\..\dependencies\Gleam\Gleam_RawInputRegisterFunction_Windows.cpp" />
    <ClCompile Include="..\..\..\dependencies\Gleam\Gleam_RenderDevice_Direct3D.cpp" />
    <ClCompile Include="..\..\..\dependencies\Gleam\Gleam_RenderDevice_OpenGL_Linux.cpp" />
    <ClCompile Include="..\..\..\dependencies\Gleam\Gleam_RenderDevice_OpenGL_Windows.cpp" />
    <ClCompile Include="..\..\..\dependencies\Gleam\Gleam_RenderState_Direct3D.cpp" />
    <ClCompile Include="..\..\..\dependencies\Gleam\Gleam_RenderState_OpenGL.cpp" />
    <ClCompile Include="..\..\..\dependencies\Gleam\Gleam_RenderTarget_Direct3D.cpp" />
    <ClCompile Include="..\..\..\dependencies\Gleam\Gleam_RenderTarget_OpenGL.cpp" />
    <ClCompile Include="..\..\..\dependencies\Gleam\Gleam_SIMDMath_x86.cpp" />
    <ClCompile Include="..\..\..\dependencies\Gleam\Gleam_SamplerState_Direct3D.cpp" />
    <ClCompile Include="..\..\..\dependencies\Gleam\Gleam_SamplerState_OpenGL.cpp" />
    <ClCompile Include="..\..\..\dependencies\Gleam\Gleam_ShaderInclude.cpp" />
    <ClCompile Include="..\..\..\dependencies\Gleam\Gleam_ShaderResourceView_Direct3D.cpp" />
    <ClCompile Include="..\..\..\dependencies\Gleam\Gleam_ShaderResourceView_OpenGL.cpp" />
    <ClCompile Include="..\..\..\dependencies\Gleam\Gleam_Shader_Direct3D.cpp" />
    <ClCompile Include="..\..\..\dependencies\Gleam\Gleam_Shader_OpenGL.cpp" />
    <ClCompile Include="..\..\..\dependencies\Gleam\Gleam_Texture_Direct3D.cpp" />
    <ClCompile Include="..\..\..\dependencies\Gleam\Gleam_Texture_OpenGL.cpp" />
    <ClCompile Include="..\..\..\dependencies\Gleam\Gleam_Transform.cpp" />
    <ClCompile Include="..\..\..\dependencies\Gleam\Gleam_Vector4_CPU.cpp" />
    <ClCompile Include="..\..\..\dependencies\Gleam\Gleam_Vector4_SIMD.cpp" />
    <ClCompile Include="..\..\..\dependencies\Gleam\Gleam_Window_Linux.cpp" />
    <ClCompile Include="..\..\..\dependencies\Gleam\Gleam_Window_Windows.cpp" />
  </ItemGroup>
</Project>