<?xml version="1.0" encoding="utf-8"?>
<Project ToolsVersion="4.0" xmlns="http://schemas.microsoft.com/developer/msbuild/2003">
  <ItemGroup>
    <Filter Include="include">
      <UniqueIdentifier>{89AF369E-F58E-B539-FEA6-40106A051C9B}</UniqueIdentifier>
    </Filter>
  </ItemGroup>
  <ItemGroup>
    <None Include="..\..\..\dependencies\Gaff\include\Gaff_Array.inl">
      <Filter>include</Filter>
    </None>
    <None Include="..\..\..\dependencies\Gaff\include\Gaff_Array2D.inl">
      <Filter>include</Filter>
    </None>
    <None Include="..\..\..\dependencies\Gaff\include\Gaff_BezierCurve.inl">
      <Filter>include</Filter>
    </None>
    <None Include="..\..\..\dependencies\Gaff\include\Gaff_BitArray.inl">
      <Filter>include</Filter>
    </None>
    <None Include="..\..\..\dependencies\Gaff\include\Gaff_CachedFunction.inl">
      <Filter>include</Filter>
    </None>
    <None Include="..\..\..\dependencies\Gaff\include\Gaff_DynamicLoader.inl">
      <Filter>include</Filter>
    </None>
    <None Include="..\..\..\dependencies\Gaff\include\Gaff_Function.inl">
      <Filter>include</Filter>
    </None>
    <None Include="..\..\..\dependencies\Gaff\include\Gaff_HashMap.inl">
      <Filter>include</Filter>
    </None>
    <None Include="..\..\..\dependencies\Gaff\include\Gaff_HashString.inl">
      <Filter>include</Filter>
    </None>
    <None Include="..\..\..\dependencies\Gaff\include\Gaff_JobPool.inl">
      <Filter>include</Filter>
    </None>
    <None Include="..\..\..\dependencies\Gaff\include\Gaff_LinearCurve.inl">
      <Filter>include</Filter>
    </None>
    <None Include="..\..\..\dependencies\Gaff\include\Gaff_Map.inl">
      <Filter>include</Filter>
    </None>
    <None Include="..\..\..\dependencies\Gaff\include\Gaff_Queue.inl">
      <Filter>include</Filter>
    </None>
    <None Include="..\..\..\dependencies\Gaff\include\Gaff_ReflectionDefinitions.inl">
      <Filter>include</Filter>
    </None>
    <None Include="..\..\..\dependencies\Gaff\include\Gaff_ReflectionDefinitionsContainers.inl">
      <Filter>include</Filter>
    </None>
    <None Include="..\..\..\dependencies\Gaff\include\Gaff_StaticArray.inl">
      <Filter>include</Filter>
    </None>
    <None Include="..\..\..\dependencies\Gaff\include\Gaff_String.inl">
      <Filter>include</Filter>
    </None>
    <None Include="..\..\..\dependencies\Gaff\include\Gaff_Utils_Common.inl">
      <Filter>include</Filter>
    </None>
    <None Include="..\..\..\dependencies\Gaff\include\Gaff_Watcher.inl">
      <Filter>include</Filter>
    </None>
  </ItemGroup>
  <ItemGroup>
    <ClInclude Include="..\..\..\dependencies\Gaff\include\Gaff_Animation.h">
      <Filter>include</Filter>
    </ClInclude>
    <ClInclude Include="..\..\..\dependencies\Gaff\include\Gaff_Array.h">
      <Filter>include</Filter>
    </ClInclude>
    <ClInclude Include="..\..\..\dependencies\Gaff\include\Gaff_Array2D.h">
      <Filter>include</Filter>
    </ClInclude>
    <ClInclude Include="..\..\..\dependencies\Gaff\include\Gaff_Assert.h">
      <Filter>include</Filter>
    </ClInclude>
    <ClInclude Include="..\..\..\dependencies\Gaff\include\Gaff_Atomic.h">
      <Filter>include</Filter>
    </ClInclude>
    <ClInclude Include="..\..\..\dependencies\Gaff\include\Gaff_BezierCurve.h">
      <Filter>include</Filter>
    </ClInclude>
    <ClInclude Include="..\..\..\dependencies\Gaff\include\Gaff_BitArray.h">
      <Filter>include</Filter>
    </ClInclude>
    <ClInclude Include="..\..\..\dependencies\Gaff\include\Gaff_CachedFunction.h">
      <Filter>include</Filter>
    </ClInclude>
    <ClInclude Include="..\..\..\dependencies\Gaff\include\Gaff_Camera.h">
      <Filter>include</Filter>
    </ClInclude>
    <ClInclude Include="..\..\..\dependencies\Gaff\include\Gaff_Connection.h">
      <Filter>include</Filter>
    </ClInclude>
    <ClInclude Include="..\..\..\dependencies\Gaff\include\Gaff_CriticalSection.h">
      <Filter>include</Filter>
    </ClInclude>
    <ClInclude Include="..\..\..\dependencies\Gaff\include\Gaff_CriticalSection_Linux.h">
      <Filter>include</Filter>
    </ClInclude>
    <ClInclude Include="..\..\..\dependencies\Gaff\include\Gaff_CriticalSection_Windows.h">
      <Filter>include</Filter>
    </ClInclude>
    <ClInclude Include="..\..\..\dependencies\Gaff\include\Gaff_DefaultAlignedAllocator.h">
      <Filter>include</Filter>
    </ClInclude>
    <ClInclude Include="..\..\..\dependencies\Gaff\include\Gaff_DefaultAllocator.h">
      <Filter>include</Filter>
    </ClInclude>
    <ClInclude Include="..\..\..\dependencies\Gaff\include\Gaff_Defines.h">
      <Filter>include</Filter>
    </ClInclude>
    <ClInclude Include="..\..\..\dependencies\Gaff\include\Gaff_DynamicLoader.h">
      <Filter>include</Filter>
    </ClInclude>
    <ClInclude Include="..\..\..\dependencies\Gaff\include\Gaff_DynamicModule.h">
      <Filter>include</Filter>
    </ClInclude>
    <ClInclude Include="..\..\..\dependencies\Gaff\include\Gaff_DynamicModule_Linux.h">
      <Filter>include</Filter>
    </ClInclude>
    <ClInclude Include="..\..\..\dependencies\Gaff\include\Gaff_DynamicModule_Windows.h">
      <Filter>include</Filter>
    </ClInclude>
    <ClInclude Include="..\..\..\dependencies\Gaff\include\Gaff_File.h">
      <Filter>include</Filter>
    </ClInclude>
    <ClInclude Include="..\..\..\dependencies\Gaff\include\Gaff_Function.h">
      <Filter>include</Filter>
    </ClInclude>
    <ClInclude Include="..\..\..\dependencies\Gaff\include\Gaff_HashMap.h">
      <Filter>include</Filter>
    </ClInclude>
    <ClInclude Include="..\..\..\dependencies\Gaff\include\Gaff_HashString.h">
      <Filter>include</Filter>
    </ClInclude>
    <ClInclude Include="..\..\..\dependencies\Gaff\include\Gaff_Host.h">
      <Filter>include</Filter>
    </ClInclude>
    <ClInclude Include="..\..\..\dependencies\Gaff\include\Gaff_IAllocator.h">
      <Filter>include</Filter>
    </ClInclude>
    <ClInclude Include="..\..\..\dependencies\Gaff\include\Gaff_ICurve.h">
      <Filter>include</Filter>
    </ClInclude>
    <ClInclude Include="..\..\..\dependencies\Gaff\include\Gaff_IRefCounted.h">
      <Filter>include</Filter>
    </ClInclude>
    <ClInclude Include="..\..\..\dependencies\Gaff\include\Gaff_IReflectionDefinitions.h">
      <Filter>include</Filter>
    </ClInclude>
    <ClInclude Include="..\..\..\dependencies\Gaff\include\Gaff_IRequestableInterface.h">
      <Filter>include</Filter>
    </ClInclude>
    <ClInclude Include="..\..\..\dependencies\Gaff\include\Gaff_IVirtualDestructor.h">
      <Filter>include</Filter>
    </ClInclude>
    <ClInclude Include="..\..\..\dependencies\Gaff\include\Gaff_Image.h">
      <Filter>include</Filter>
    </ClInclude>
    <ClInclude Include="..\..\..\dependencies\Gaff\include\Gaff_IncludeAssert.h">
      <Filter>include</Filter>
    </ClInclude>
    <ClInclude Include="..\..\..\dependencies\Gaff\include\Gaff_IncludeWindows.h">
      <Filter>include</Filter>
    </ClInclude>
    <ClInclude Include="..\..\..\dependencies\Gaff\include\Gaff_JSON.h">
      <Filter>include</Filter>
    </ClInclude>
    <ClInclude Include="..\..\..\dependencies\Gaff\include\Gaff_JobPool.h">
      <Filter>include</Filter>
    </ClInclude>
    <ClInclude Include="..\..\..\dependencies\Gaff\include\Gaff_Light.h">
      <Filter>include</Filter>
    </ClInclude>
    <ClInclude Include="..\..\..\dependencies\Gaff\include\Gaff_LinearCurve.h">
      <Filter>include</Filter>
    </ClInclude>
    <ClInclude Include="..\..\..\dependencies\Gaff\include\Gaff_Map.h">
      <Filter>include</Filter>
    </ClInclude>
    <ClInclude Include="..\..\..\dependencies\Gaff\include\Gaff_Math.h">
      <Filter>include</Filter>
    </ClInclude>
    <ClInclude Include="..\..\..\dependencies\Gaff\include\Gaff_Mesh.h">
      <Filter>include</Filter>
    </ClInclude>
    <ClInclude Include="..\..\..\dependencies\Gaff\include\Gaff_MeshAnimation.h">
      <Filter>include</Filter>
    </ClInclude>
    <ClInclude Include="..\..\..\dependencies\Gaff\include\Gaff_MetaData.h">
      <Filter>include</Filter>
    </ClInclude>
    <ClInclude Include="..\..\..\dependencies\Gaff\include\Gaff_NetworkDefines.h">
      <Filter>include</Filter>
    </ClInclude>
    <ClInclude Include="..\..\..\dependencies\Gaff\include\Gaff_NodeAnimation.h">
      <Filter>include</Filter>
    </ClInclude>
    <ClInclude Include="..\..\..\dependencies\Gaff\include\Gaff_Pair.h">
      <Filter>include</Filter>
    </ClInclude>
    <ClInclude Include="..\..\..\dependencies\Gaff\include\Gaff_Predicates.h">
      <Filter>include</Filter>
    </ClInclude>
    <ClInclude Include="..\..\..\dependencies\Gaff\include\Gaff_Queue.h">
      <Filter>include</Filter>
    </ClInclude>
    <ClInclude Include="..\..\..\dependencies\Gaff\include\Gaff_ReadWriteSpinLock.h">
      <Filter>include</Filter>
    </ClInclude>
    <ClInclude Include="..\..\..\dependencies\Gaff\include\Gaff_RefCounted.h">
      <Filter>include</Filter>
    </ClInclude>
    <ClInclude Include="..\..\..\dependencies\Gaff\include\Gaff_RefPtr.h">
      <Filter>include</Filter>
    </ClInclude>
    <ClInclude Include="..\..\..\dependencies\Gaff\include\Gaff_ReflectionDefinitions.h">
      <Filter>include</Filter>
    </ClInclude>
    <ClInclude Include="..\..\..\dependencies\Gaff\include\Gaff_Scene.h">
      <Filter>include</Filter>
    </ClInclude>
    <ClInclude Include="..\..\..\dependencies\Gaff\include\Gaff_SceneImporter.h">
      <Filter>include</Filter>
    </ClInclude>
    <ClInclude Include="..\..\..\dependencies\Gaff\include\Gaff_SceneNode.h">
      <Filter>include</Filter>
    </ClInclude>
    <ClInclude Include="..\..\..\dependencies\Gaff\include\Gaff_ScopedExit.h">
      <Filter>include</Filter>
    </ClInclude>
    <ClInclude Include="..\..\..\dependencies\Gaff\include\Gaff_ScopedLock.h">
      <Filter>include</Filter>
    </ClInclude>
    <ClInclude Include="..\..\..\dependencies\Gaff\include\Gaff_SharedPtr.h">
      <Filter>include</Filter>
    </ClInclude>
    <ClInclude Include="..\..\..\dependencies\Gaff\include\Gaff_SmartPtr.h">
      <Filter>include</Filter>
    </ClInclude>
    <ClInclude Include="..\..\..\dependencies\Gaff\include\Gaff_SpinLock.h">
      <Filter>include</Filter>
    </ClInclude>
    <ClInclude Include="..\..\..\dependencies\Gaff\include\Gaff_StackTrace.h">
      <Filter>include</Filter>
    </ClInclude>
    <ClInclude Include="..\..\..\dependencies\Gaff\include\Gaff_StackTrace_Linux.h">
      <Filter>include</Filter>
    </ClInclude>
    <ClInclude Include="..\..\..\dependencies\Gaff\include\Gaff_StackTrace_Windows.h">
      <Filter>include</Filter>
    </ClInclude>
    <ClInclude Include="..\..\..\dependencies\Gaff\include\Gaff_StaticArray.h">
      <Filter>include</Filter>
    </ClInclude>
    <ClInclude Include="..\..\..\dependencies\Gaff\include\Gaff_String.h">
      <Filter>include</Filter>
    </ClInclude>
    <ClInclude Include="..\..\..\dependencies\Gaff\include\Gaff_Thread.h">
      <Filter>include</Filter>
    </ClInclude>
    <ClInclude Include="..\..\..\dependencies\Gaff\include\Gaff_Thread_Linux.h">
      <Filter>include</Filter>
    </ClInclude>
    <ClInclude Include="..\..\..\dependencies\Gaff\include\Gaff_Thread_Windows.h">
      <Filter>include</Filter>
    </ClInclude>
    <ClInclude Include="..\..\..\dependencies\Gaff\include\Gaff_Timer.h">
      <Filter>include</Filter>
    </ClInclude>
    <ClInclude Include="..\..\..\dependencies\Gaff\include\Gaff_Timer_Linux.h">
      <Filter>include</Filter>
    </ClInclude>
    <ClInclude Include="..\..\..\dependencies\Gaff\include\Gaff_Timer_Mac.h">
      <Filter>include</Filter>
    </ClInclude>
    <ClInclude Include="..\..\..\dependencies\Gaff\include\Gaff_Timer_Windows.h">
      <Filter>include</Filter>
    </ClInclude>
    <ClInclude Include="..\..\..\dependencies\Gaff\include\Gaff_Utils.h">
      <Filter>include</Filter>
    </ClInclude>
    <ClInclude Include="..\..\..\dependencies\Gaff\include\Gaff_Watcher.h">
      <Filter>include</Filter>
    </ClInclude>
  </ItemGroup>
  <ItemGroup>
    <ClCompile Include="..\..\..\dependencies\Gaff\Gaff_Animation.cpp" />
    <ClCompile Include="..\..\..\dependencies\Gaff\Gaff_Assert.cpp" />
    <ClCompile Include="..\..\..\dependencies\Gaff\Gaff_Camera.cpp" />
    <ClCompile Include="..\..\..\dependencies\Gaff\Gaff_Connection.cpp" />
    <ClCompile Include="..\..\..\dependencies\Gaff\Gaff_CriticalSection_Linux.cpp" />
    <ClCompile Include="..\..\..\dependencies\Gaff\Gaff_CriticalSection_Windows.cpp" />
    <ClCompile Include="..\..\..\dependencies\Gaff\Gaff_DynamicModule_Linux.cpp" />
    <ClCompile Include="..\..\..\dependencies\Gaff\Gaff_DynamicModule_Windows.cpp" />
    <ClCompile Include="..\..\..\dependencies\Gaff\Gaff_File.cpp" />
    <ClCompile Include="..\..\..\dependencies\Gaff\Gaff_Host.cpp" />
    <ClCompile Include="..\..\..\dependencies\Gaff\Gaff_Image.cpp" />
    <ClCompile Include="..\..\..\dependencies\Gaff\Gaff_JSON.cpp" />
    <ClCompile Include="..\..\..\dependencies\Gaff\Gaff_Light.cpp" />
    <ClCompile Include="..\..\..\dependencies\Gaff\Gaff_Math.cpp" />
    <ClCompile Include="..\..\..\dependencies\Gaff\Gaff_Mesh.cpp" />
    <ClCompile Include="..\..\..\dependencies\Gaff\Gaff_MeshAnimation.cpp" />
    <ClCompile Include="..\..\..\dependencies\Gaff\Gaff_MetaData.cpp" />
    <ClCompile Include="..\..\..\dependencies\Gaff\Gaff_NodeAnimation.cpp" />
    <ClCompile Include="..\..\..\dependencies\Gaff\Gaff_ReadWriteSpinLock.cpp" />
    <ClCompile Include="..\..\..\dependencies\Gaff\Gaff_Scene.cpp" />
    <ClCompile Include="..\..\..\dependencies\Gaff\Gaff_SceneImporter.cpp" />
    <ClCompile Include="..\..\..\dependencies\Gaff\Gaff_SceneNode.cpp" />
    <ClCompile Include="..\..\..\dependencies\Gaff\Gaff_SpinLock.cpp" />
    <ClCompile Include="..\..\..\dependencies\Gaff\Gaff_StackTrace_Linux.cpp" />
    <ClCompile Include="..\..\..\dependencies\Gaff\Gaff_StackTrace_Windows.cpp" />
    <ClCompile Include="..\..\..\dependencies\Gaff\Gaff_String.cpp" />
    <ClCompile Include="..\..\..\dependencies\Gaff\Gaff_Thread_Linux.cpp" />
    <ClCompile Include="..\..\..\dependencies\Gaff\Gaff_Thread_Windows.cpp" />
    <ClCompile Include="..\..\..\dependencies\Gaff\Gaff_Timer_Linux.cpp" />
    <ClCompile Include="..\..\..\dependencies\Gaff\Gaff_Timer_Mac.cpp" />
    <ClCompile Include="..\..\..\dependencies\Gaff\Gaff_Timer_Windows.cpp" />
    <ClCompile Include="..\..\..\dependencies\Gaff\Gaff_Utils_Common.cpp" />
    <ClCompile Include="..\..\..\dependencies\Gaff\Gaff_Utils_Linux.cpp" />
    <ClCompile Include="..\..\..\dependencies\Gaff\Gaff_Utils_Mac.cpp" />
    <ClCompile Include="..\..\..\dependencies\Gaff\Gaff_Utils_Windows.cpp" />
  </ItemGroup>
</Project>