<?xml version="1.0" encoding="utf-8"?>
<Project ToolsVersion="4.0" xmlns="http://schemas.microsoft.com/developer/msbuild/2003">
  <ItemGroup>
    <Filter Include="include">
      <UniqueIdentifier>{89AF369E-F58E-B539-FEA6-40106A051C9B}</UniqueIdentifier>
    </Filter>
    <Filter Include="include\jemalloc">
      <UniqueIdentifier>{9FBE02F8-8BB7-214A-B4E9-06CFA0410156}</UniqueIdentifier>
    </Filter>
    <Filter Include="include\jemalloc\internal">
      <UniqueIdentifier>{CB43E2E7-3706-1672-80B6-A4FEECB7EE4F}</UniqueIdentifier>
    </Filter>
    <Filter Include="include\msvc_compat">
      <UniqueIdentifier>{54C22A35-C023-0843-4991-4EF5B5F13E02}</UniqueIdentifier>
    </Filter>
    <Filter Include="include\msvc_compat\C99">
      <UniqueIdentifier>{B8B6C676-24EE-0E0E-2DF8-723199AE3507}</UniqueIdentifier>
    </Filter>
    <Filter Include="src">
      <UniqueIdentifier>{2DAB880B-99B4-887C-2230-9F7C8E38947C}</UniqueIdentifier>
    </Filter>
  </ItemGroup>
  <ItemGroup>
    <ClInclude Include="..\..\..\dependencies\jemalloc\include\jemalloc\internal\arena.h">
      <Filter>include\jemalloc\internal</Filter>
    </ClInclude>
    <ClInclude Include="..\..\..\dependencies\jemalloc\include\jemalloc\internal\assert.h">
      <Filter>include\jemalloc\internal</Filter>
    </ClInclude>
    <ClInclude Include="..\..\..\dependencies\jemalloc\include\jemalloc\internal\atomic.h">
      <Filter>include\jemalloc\internal</Filter>
    </ClInclude>
    <ClInclude Include="..\..\..\dependencies\jemalloc\include\jemalloc\internal\base.h">
      <Filter>include\jemalloc\internal</Filter>
    </ClInclude>
    <ClInclude Include="..\..\..\dependencies\jemalloc\include\jemalloc\internal\bitmap.h">
      <Filter>include\jemalloc\internal</Filter>
    </ClInclude>
    <ClInclude Include="..\..\..\dependencies\jemalloc\include\jemalloc\internal\chunk.h">
      <Filter>include\jemalloc\internal</Filter>
    </ClInclude>
    <ClInclude Include="..\..\..\dependencies\jemalloc\include\jemalloc\internal\chunk_dss.h">
      <Filter>include\jemalloc\internal</Filter>
    </ClInclude>
    <ClInclude Include="..\..\..\dependencies\jemalloc\include\jemalloc\internal\chunk_mmap.h">
      <Filter>include\jemalloc\internal</Filter>
    </ClInclude>
    <ClInclude Include="..\..\..\dependencies\jemalloc\include\jemalloc\internal\ckh.h">
      <Filter>include\jemalloc\internal</Filter>
    </ClInclude>
    <ClInclude Include="..\..\..\dependencies\jemalloc\include\jemalloc\internal\ctl.h">
      <Filter>include\jemalloc\internal</Filter>
    </ClInclude>
    <ClInclude Include="..\..\..\dependencies\jemalloc\include\jemalloc\internal\extent.h">
      <Filter>include\jemalloc\internal</Filter>
    </ClInclude>
    <ClInclude Include="..\..\..\dependencies\jemalloc\include\jemalloc\internal\hash.h">
      <Filter>include\jemalloc\internal</Filter>
    </ClInclude>
    <ClInclude Include="..\..\..\dependencies\jemalloc\include\jemalloc\internal\huge.h">
      <Filter>include\jemalloc\internal</Filter>
    </ClInclude>
    <ClInclude Include="..\..\..\dependencies\jemalloc\include\jemalloc\internal\jemalloc_internal.h">
      <Filter>include\jemalloc\internal</Filter>
    </ClInclude>
    <ClInclude Include="..\..\..\dependencies\jemalloc\include\jemalloc\internal\jemalloc_internal_decls.h">
      <Filter>include\jemalloc\internal</Filter>
    </ClInclude>
    <ClInclude Include="..\..\..\dependencies\jemalloc\include\jemalloc\internal\jemalloc_internal_defs.h">
      <Filter>include\jemalloc\internal</Filter>
    </ClInclude>
    <ClInclude Include="..\..\..\dependencies\jemalloc\include\jemalloc\internal\jemalloc_internal_macros.h">
      <Filter>include\jemalloc\internal</Filter>
    </ClInclude>
    <ClInclude Include="..\..\..\dependencies\jemalloc\include\jemalloc\internal\mb.h">
      <Filter>include\jemalloc\internal</Filter>
    </ClInclude>
    <ClInclude Include="..\..\..\dependencies\jemalloc\include\jemalloc\internal\mutex.h">
      <Filter>include\jemalloc\internal</Filter>
    </ClInclude>
    <ClInclude Include="..\..\..\dependencies\jemalloc\include\jemalloc\internal\nstime.h">
      <Filter>include\jemalloc\internal</Filter>
    </ClInclude>
    <ClInclude Include="..\..\..\dependencies\jemalloc\include\jemalloc\internal\pages.h">
      <Filter>include\jemalloc\internal</Filter>
    </ClInclude>
    <ClInclude Include="..\..\..\dependencies\jemalloc\include\jemalloc\internal\ph.h">
      <Filter>include\jemalloc\internal</Filter>
    </ClInclude>
    <ClInclude Include="..\..\..\dependencies\jemalloc\include\jemalloc\internal\private_namespace.h">
      <Filter>include\jemalloc\internal</Filter>
    </ClInclude>
    <ClInclude Include="..\..\..\dependencies\jemalloc\include\jemalloc\internal\private_unnamespace.h">
      <Filter>include\jemalloc\internal</Filter>
    </ClInclude>
    <ClInclude Include="..\..\..\dependencies\jemalloc\include\jemalloc\internal\prng.h">
      <Filter>include\jemalloc\internal</Filter>
    </ClInclude>
    <ClInclude Include="..\..\..\dependencies\jemalloc\include\jemalloc\internal\prof.h">
      <Filter>include\jemalloc\internal</Filter>
    </ClInclude>
    <ClInclude Include="..\..\..\dependencies\jemalloc\include\jemalloc\internal\public_namespace.h">
      <Filter>include\jemalloc\internal</Filter>
    </ClInclude>
    <ClInclude Include="..\..\..\dependencies\jemalloc\include\jemalloc\internal\public_unnamespace.h">
      <Filter>include\jemalloc\internal</Filter>
    </ClInclude>
    <ClInclude Include="..\..\..\dependencies\jemalloc\include\jemalloc\internal\ql.h">
      <Filter>include\jemalloc\internal</Filter>
    </ClInclude>
    <ClInclude Include="..\..\..\dependencies\jemalloc\include\jemalloc\internal\qr.h">
      <Filter>include\jemalloc\internal</Filter>
    </ClInclude>
    <ClInclude Include="..\..\..\dependencies\jemalloc\include\jemalloc\internal\quarantine.h">
      <Filter>include\jemalloc\internal</Filter>
    </ClInclude>
    <ClInclude Include="..\..\..\dependencies\jemalloc\include\jemalloc\internal\rb.h">
      <Filter>include\jemalloc\internal</Filter>
    </ClInclude>
    <ClInclude Include="..\..\..\dependencies\jemalloc\include\jemalloc\internal\rtree.h">
      <Filter>include\jemalloc\internal</Filter>
    </ClInclude>
    <ClInclude Include="..\..\..\dependencies\jemalloc\include\jemalloc\internal\size_classes.h">
      <Filter>include\jemalloc\internal</Filter>
    </ClInclude>
    <ClInclude Include="..\..\..\dependencies\jemalloc\include\jemalloc\internal\smoothstep.h">
      <Filter>include\jemalloc\internal</Filter>
    </ClInclude>
    <ClInclude Include="..\..\..\dependencies\jemalloc\include\jemalloc\internal\stats.h">
      <Filter>include\jemalloc\internal</Filter>
    </ClInclude>
    <ClInclude Include="..\..\..\dependencies\jemalloc\include\jemalloc\internal\tcache.h">
      <Filter>include\jemalloc\internal</Filter>
    </ClInclude>
    <ClInclude Include="..\..\..\dependencies\jemalloc\include\jemalloc\internal\ticker.h">
      <Filter>include\jemalloc\internal</Filter>
    </ClInclude>
    <ClInclude Include="..\..\..\dependencies\jemalloc\include\jemalloc\internal\tsd.h">
      <Filter>include\jemalloc\internal</Filter>
    </ClInclude>
    <ClInclude Include="..\..\..\dependencies\jemalloc\include\jemalloc\internal\util.h">
      <Filter>include\jemalloc\internal</Filter>
    </ClInclude>
    <ClInclude Include="..\..\..\dependencies\jemalloc\include\jemalloc\internal\valgrind.h">
      <Filter>include\jemalloc\internal</Filter>
    </ClInclude>
    <ClInclude Include="..\..\..\dependencies\jemalloc\include\jemalloc\internal\witness.h">
      <Filter>include\jemalloc\internal</Filter>
    </ClInclude>
    <ClInclude Include="..\..\..\dependencies\jemalloc\include\jemalloc\jemalloc.h">
      <Filter>include\jemalloc</Filter>
    </ClInclude>
    <ClInclude Include="..\..\..\dependencies\jemalloc\include\jemalloc\jemalloc_defs.h">
      <Filter>include\jemalloc</Filter>
    </ClInclude>
    <ClInclude Include="..\..\..\dependencies\jemalloc\include\jemalloc\jemalloc_macros.h">
      <Filter>include\jemalloc</Filter>
    </ClInclude>
    <ClInclude Include="..\..\..\dependencies\jemalloc\include\jemalloc\jemalloc_mangle.h">
      <Filter>include\jemalloc</Filter>
    </ClInclude>
    <ClInclude Include="..\..\..\dependencies\jemalloc\include\jemalloc\jemalloc_mangle_jet.h">
      <Filter>include\jemalloc</Filter>
    </ClInclude>
    <ClInclude Include="..\..\..\dependencies\jemalloc\include\jemalloc\jemalloc_protos.h">
      <Filter>include\jemalloc</Filter>
    </ClInclude>
    <ClInclude Include="..\..\..\dependencies\jemalloc\include\jemalloc\jemalloc_protos_jet.h">
      <Filter>include\jemalloc</Filter>
    </ClInclude>
    <ClInclude Include="..\..\..\dependencies\jemalloc\include\jemalloc\jemalloc_rename.h">
      <Filter>include\jemalloc</Filter>
    </ClInclude>
    <ClInclude Include="..\..\..\dependencies\jemalloc\include\jemalloc\jemalloc_typedefs.h">
      <Filter>include\jemalloc</Filter>
    </ClInclude>
    <ClInclude Include="..\..\..\dependencies\jemalloc\include\msvc_compat\C99\stdbool.h">
      <Filter>include\msvc_compat\C99</Filter>
    </ClInclude>
    <ClInclude Include="..\..\..\dependencies\jemalloc\include\msvc_compat\C99\stdint.h">
      <Filter>include\msvc_compat\C99</Filter>
    </ClInclude>
    <ClInclude Include="..\..\..\dependencies\jemalloc\include\msvc_compat\strings.h">
      <Filter>include\msvc_compat</Filter>
    </ClInclude>
    <ClInclude Include="..\..\..\dependencies\jemalloc\include\msvc_compat\windows_extra.h">
      <Filter>include\msvc_compat</Filter>
    </ClInclude>
  </ItemGroup>
  <ItemGroup>
    <ClCompile Include="..\..\..\dependencies\jemalloc\src\arena.c">
      <Filter>src</Filter>
    </ClCompile>
    <ClCompile Include="..\..\..\dependencies\jemalloc\src\atomic.c">
      <Filter>src</Filter>
    </ClCompile>
    <ClCompile Include="..\..\..\dependencies\jemalloc\src\base.c">
      <Filter>src</Filter>
    </ClCompile>
    <ClCompile Include="..\..\..\dependencies\jemalloc\src\bitmap.c">
      <Filter>src</Filter>
    </ClCompile>
    <ClCompile Include="..\..\..\dependencies\jemalloc\src\chunk.c">
      <Filter>src</Filter>
    </ClCompile>
    <ClCompile Include="..\..\..\dependencies\jemalloc\src\chunk_dss.c">
      <Filter>src</Filter>
    </ClCompile>
    <ClCompile Include="..\..\..\dependencies\jemalloc\src\chunk_mmap.c">
      <Filter>src</Filter>
    </ClCompile>
    <ClCompile Include="..\..\..\dependencies\jemalloc\src\ckh.c">
      <Filter>src</Filter>
    </ClCompile>
    <ClCompile Include="..\..\..\dependencies\jemalloc\src\ctl.c">
      <Filter>src</Filter>
    </ClCompile>
    <ClCompile Include="..\..\..\dependencies\jemalloc\src\extent.c">
      <Filter>src</Filter>
    </ClCompile>
    <ClCompile Include="..\..\..\dependencies\jemalloc\src\hash.c">
      <Filter>src</Filter>
    </ClCompile>
    <ClCompile Include="..\..\..\dependencies\jemalloc\src\huge.c">
      <Filter>src</Filter>
    </ClCompile>
    <ClCompile Include="..\..\..\dependencies\jemalloc\src\jemalloc.c">
      <Filter>src</Filter>
    </ClCompile>
    <ClCompile Include="..\..\..\dependencies\jemalloc\src\mb.c">
      <Filter>src</Filter>
    </ClCompile>
    <ClCompile Include="..\..\..\dependencies\jemalloc\src\mutex.c">
      <Filter>src</Filter>
    </ClCompile>
    <ClCompile Include="..\..\..\dependencies\jemalloc\src\nstime.c">
      <Filter>src</Filter>
    </ClCompile>
    <ClCompile Include="..\..\..\dependencies\jemalloc\src\pages.c">
      <Filter>src</Filter>
    </ClCompile>
    <ClCompile Include="..\..\..\dependencies\jemalloc\src\prng.c">
      <Filter>src</Filter>
    </ClCompile>
    <ClCompile Include="..\..\..\dependencies\jemalloc\src\prof.c">
      <Filter>src</Filter>
    </ClCompile>
    <ClCompile Include="..\..\..\dependencies\jemalloc\src\quarantine.c">
      <Filter>src</Filter>
    </ClCompile>
    <ClCompile Include="..\..\..\dependencies\jemalloc\src\rtree.c">
      <Filter>src</Filter>
    </ClCompile>
    <ClCompile Include="..\..\..\dependencies\jemalloc\src\stats.c">
      <Filter>src</Filter>
    </ClCompile>
    <ClCompile Include="..\..\..\dependencies\jemalloc\src\tcache.c">
      <Filter>src</Filter>
    </ClCompile>
    <ClCompile Include="..\..\..\dependencies\jemalloc\src\ticker.c">
      <Filter>src</Filter>
    </ClCompile>
    <ClCompile Include="..\..\..\dependencies\jemalloc\src\tsd.c">
      <Filter>src</Filter>
    </ClCompile>
    <ClCompile Include="..\..\..\dependencies\jemalloc\src\util.c">
      <Filter>src</Filter>
    </ClCompile>
    <ClCompile Include="..\..\..\dependencies\jemalloc\src\witness.c">
      <Filter>src</Filter>
    </ClCompile>
  </ItemGroup>
</Project>