<?xml version="1.0" encoding="utf-8"?>
<Project ToolsVersion="4.0" xmlns="http://schemas.microsoft.com/developer/msbuild/2003">
  <ItemGroup>
    <Filter Include="common">
      <UniqueIdentifier>{AEFEE3F6-9AA0-0ECD-835B-22216F9C951D}</UniqueIdentifier>
    </Filter>
    <Filter Include="regex">
      <UniqueIdentifier>{800F4710-EC23-6FC1-B5A5-122121796BF2}</UniqueIdentifier>
    </Filter>
  </ItemGroup>
  <ItemGroup>
    <ClCompile Include="..\..\..\..\..\src\Dependencies\wxWidgets\src\regex\regcomp.c">
      <Filter>regex</Filter>
    </ClCompile>
    <ClCompile Include="..\..\..\..\..\src\Dependencies\wxWidgets\src\regex\regerror.c">
      <Filter>regex</Filter>
    </ClCompile>
    <ClCompile Include="..\..\..\..\..\src\Dependencies\wxWidgets\src\regex\regexec.c">
      <Filter>regex</Filter>
    </ClCompile>
    <ClCompile Include="..\..\..\..\..\src\Dependencies\wxWidgets\src\regex\regfree.c">
      <Filter>regex</Filter>
    </ClCompile>
  </ItemGroup>
</Project>