<?xml version="1.0" encoding="utf-8"?>
<Project ToolsVersion="4.0" xmlns="http://schemas.microsoft.com/developer/msbuild/2003">
  <ItemGroup>
    <Filter Include="include">
      <UniqueIdentifier>{89AF369E-F58E-B539-FEA6-40106A051C9B}</UniqueIdentifier>
    </Filter>
    <Filter Include="include\wx">
      <UniqueIdentifier>{A746B8DA-93FE-F927-FC05-D383E8DC9418}</UniqueIdentifier>
    </Filter>
    <Filter Include="include\wx\msw">
      <UniqueIdentifier>{EDE65475-D9B4-487B-C248-B9A1AEB524E0}</UniqueIdentifier>
    </Filter>
    <Filter Include="src">
      <UniqueIdentifier>{2DAB880B-99B4-887C-2230-9F7C8E38947C}</UniqueIdentifier>
    </Filter>
    <Filter Include="src\common">
      <UniqueIdentifier>{E5D74254-D18F-84A1-3A97-5DFD266E1F92}</UniqueIdentifier>
    </Filter>
    <Filter Include="src\msw">
      <UniqueIdentifier>{731E30A9-DFFD-AE44-E815-3A1B547415A6}</UniqueIdentifier>
    </Filter>
  </ItemGroup>
  <ItemGroup>
    <ClInclude Include="..\..\..\..\..\src\Dependencies\wxWidgets\include\wx\msw\webview_ie.h">
      <Filter>include\wx\msw</Filter>
    </ClInclude>
    <ClInclude Include="..\..\..\..\..\src\Dependencies\wxWidgets\include\wx\msw\webviewhistoryitem_ie.h">
      <Filter>include\wx\msw</Filter>
    </ClInclude>
    <ClInclude Include="..\..\..\..\..\src\Dependencies\wxWidgets\include\wx\webview.h">
      <Filter>include\wx</Filter>
    </ClInclude>
    <ClInclude Include="..\..\..\..\..\src\Dependencies\wxWidgets\include\wx\webviewarchivehandler.h">
      <Filter>include\wx</Filter>
    </ClInclude>
    <ClInclude Include="..\..\..\..\..\src\Dependencies\wxWidgets\include\wx\webviewfshandler.h">
      <Filter>include\wx</Filter>
    </ClInclude>
  </ItemGroup>
  <ItemGroup>
    <ClCompile Include="..\..\..\..\..\src\Dependencies\wxWidgets\src\common\dummy.cpp">
      <Filter>src\common</Filter>
    </ClCompile>
    <ClCompile Include="..\..\..\..\..\src\Dependencies\wxWidgets\src\common\webview.cpp">
      <Filter>src\common</Filter>
    </ClCompile>
    <ClCompile Include="..\..\..\..\..\src\Dependencies\wxWidgets\src\common\webviewarchivehandler.cpp">
      <Filter>src\common</Filter>
    </ClCompile>
    <ClCompile Include="..\..\..\..\..\src\Dependencies\wxWidgets\src\common\webviewfshandler.cpp">
      <Filter>src\common</Filter>
    </ClCompile>
    <ClCompile Include="..\..\..\..\..\src\Dependencies\wxWidgets\src\msw\webview_ie.cpp">
      <Filter>src\msw</Filter>
    </ClCompile>
  </ItemGroup>
</Project>