<?xml version="1.0" encoding="utf-8"?>
<Project ToolsVersion="4.0" xmlns="http://schemas.microsoft.com/developer/msbuild/2003">
  <ItemGroup>
    <Filter Include="JoltViewer">
      <UniqueIdentifier>{90451B40-7CFD-5C8D-E504-36E9D1DBF77D}</UniqueIdentifier>
    </Filter>
    <Filter Include="TestFramework">
      <UniqueIdentifier>{53516FC5-BF11-EBFB-884C-3479F4CB2FD8}</UniqueIdentifier>
    </Filter>
    <Filter Include="TestFramework\Application">
      <UniqueIdentifier>{96217EF2-02E4-B17C-4B94-4009B7958A5A}</UniqueIdentifier>
    </Filter>
    <Filter Include="TestFramework\Image">
      <UniqueIdentifier>{85A51272-F106-F07F-7A74-3632E6D4263F}</UniqueIdentifier>
    </Filter>
    <Filter Include="TestFramework\Input">
      <UniqueIdentifier>{92731372-FED4-F07F-8742-3732F3A2273F}</UniqueIdentifier>
    </Filter>
    <Filter Include="TestFramework\Math">
      <UniqueIdentifier>{0C82C439-F865-858F-61C6-7FE24DC96F11}</UniqueIdentifier>
    </Filter>
    <Filter Include="TestFramework\Renderer">
      <UniqueIdentifier>{59C23270-45BC-5BC2-2E29-F2D21AC2C12E}</UniqueIdentifier>
    </Filter>
    <Filter Include="TestFramework\UI">
      <UniqueIdentifier>{A007A8AF-8C00-C701-B532-AC86A18AA60D}</UniqueIdentifier>
    </Filter>
    <Filter Include="TestFramework\Utils">
      <UniqueIdentifier>{F3C4EF72-5F26-CD80-E893-133354F40340}</UniqueIdentifier>
    </Filter>
  </ItemGroup>
  <ItemGroup>
    <ClInclude Include="..\..\..\..\..\src\Dependencies\JoltPhysics\JoltViewer\JoltViewer.h">
      <Filter>JoltViewer</Filter>
    </ClInclude>
    <ClInclude Include="..\..\..\..\..\src\Dependencies\JoltPhysics\TestFramework\Application\Application.h">
      <Filter>TestFramework\Application</Filter>
    </ClInclude>
    <ClInclude Include="..\..\..\..\..\src\Dependencies\JoltPhysics\TestFramework\Application\DebugUI.h">
      <Filter>TestFramework\Application</Filter>
    </ClInclude>
    <ClInclude Include="..\..\..\..\..\src\Dependencies\JoltPhysics\TestFramework\Application\EntryPoint.h">
      <Filter>TestFramework\Application</Filter>
    </ClInclude>
    <ClInclude Include="..\..\..\..\..\src\Dependencies\JoltPhysics\TestFramework\Image\BlitSurface.h">
      <Filter>TestFramework\Image</Filter>
    </ClInclude>
    <ClInclude Include="..\..\..\..\..\src\Dependencies\JoltPhysics\TestFramework\Image\LoadBMP.h">
      <Filter>TestFramework\Image</Filter>
    </ClInclude>
    <ClInclude Include="..\..\..\..\..\src\Dependencies\JoltPhysics\TestFramework\Image\LoadTGA.h">
      <Filter>TestFramework\Image</Filter>
    </ClInclude>
    <ClInclude Include="..\..\..\..\..\src\Dependencies\JoltPhysics\TestFramework\Image\Surface.h">
      <Filter>TestFramework\Image</Filter>
    </ClInclude>
    <ClInclude Include="..\..\..\..\..\src\Dependencies\JoltPhysics\TestFramework\Image\ZoomImage.h">
      <Filter>TestFramework\Image</Filter>
    </ClInclude>
    <ClInclude Include="..\..\..\..\..\src\Dependencies\JoltPhysics\TestFramework\Input\Keyboard.h">
      <Filter>TestFramework\Input</Filter>
    </ClInclude>
    <ClInclude Include="..\..\..\..\..\src\Dependencies\JoltPhysics\TestFramework\Input\Mouse.h">
      <Filter>TestFramework\Input</Filter>
    </ClInclude>
    <ClInclude Include="..\..\..\..\..\src\Dependencies\JoltPhysics\TestFramework\Math\Perlin.h">
      <Filter>TestFramework\Math</Filter>
    </ClInclude>
    <ClInclude Include="..\..\..\..\..\src\Dependencies\JoltPhysics\TestFramework\Renderer\CommandQueue.h">
      <Filter>TestFramework\Renderer</Filter>
    </ClInclude>
    <ClInclude Include="..\..\..\..\..\src\Dependencies\JoltPhysics\TestFramework\Renderer\ConstantBuffer.h">
      <Filter>TestFramework\Renderer</Filter>
    </ClInclude>
    <ClInclude Include="..\..\..\..\..\src\Dependencies\JoltPhysics\TestFramework\Renderer\DebugRendererImp.h">
      <Filter>TestFramework\Renderer</Filter>
    </ClInclude>
    <ClInclude Include="..\..\..\..\..\src\Dependencies\JoltPhysics\TestFramework\Renderer\DescriptorHeap.h">
      <Filter>TestFramework\Renderer</Filter>
    </ClInclude>
    <ClInclude Include="..\..\..\..\..\src\Dependencies\JoltPhysics\TestFramework\Renderer\FatalErrorIfFailed.h">
      <Filter>TestFramework\Renderer</Filter>
    </ClInclude>
    <ClInclude Include="..\..\..\..\..\src\Dependencies\JoltPhysics\TestFramework\Renderer\Font.h">
      <Filter>TestFramework\Renderer</Filter>
    </ClInclude>
    <ClInclude Include="..\..\..\..\..\src\Dependencies\JoltPhysics\TestFramework\Renderer\Frustum.h">
      <Filter>TestFramework\Renderer</Filter>
    </ClInclude>
    <ClInclude Include="..\..\..\..\..\src\Dependencies\JoltPhysics\TestFramework\Renderer\PipelineState.h">
      <Filter>TestFramework\Renderer</Filter>
    </ClInclude>
    <ClInclude Include="..\..\..\..\..\src\Dependencies\JoltPhysics\TestFramework\Renderer\RenderInstances.h">
      <Filter>TestFramework\Renderer</Filter>
    </ClInclude>
    <ClInclude Include="..\..\..\..\..\src\Dependencies\JoltPhysics\TestFramework\Renderer\RenderPrimitive.h">
      <Filter>TestFramework\Renderer</Filter>
    </ClInclude>
    <ClInclude Include="..\..\..\..\..\src\Dependencies\JoltPhysics\TestFramework\Renderer\Renderer.h">
      <Filter>TestFramework\Renderer</Filter>
    </ClInclude>
    <ClInclude Include="..\..\..\..\..\src\Dependencies\JoltPhysics\TestFramework\Renderer\Texture.h">
      <Filter>TestFramework\Renderer</Filter>
    </ClInclude>
    <ClInclude Include="..\..\..\..\..\src\Dependencies\JoltPhysics\TestFramework\TestFramework.h">
      <Filter>TestFramework</Filter>
    </ClInclude>
    <ClInclude Include="..\..\..\..\..\src\Dependencies\JoltPhysics\TestFramework\UI\UIAnimation.h">
      <Filter>TestFramework\UI</Filter>
    </ClInclude>
    <ClInclude Include="..\..\..\..\..\src\Dependencies\JoltPhysics\TestFramework\UI\UIAnimationSlide.h">
      <Filter>TestFramework\UI</Filter>
    </ClInclude>
    <ClInclude Include="..\..\..\..\..\src\Dependencies\JoltPhysics\TestFramework\UI\UIButton.h">
      <Filter>TestFramework\UI</Filter>
    </ClInclude>
    <ClInclude Include="..\..\..\..\..\src\Dependencies\JoltPhysics\TestFramework\UI\UICheckBox.h">
      <Filter>TestFramework\UI</Filter>
    </ClInclude>
    <ClInclude Include="..\..\..\..\..\src\Dependencies\JoltPhysics\TestFramework\UI\UIComboBox.h">
      <Filter>TestFramework\UI</Filter>
    </ClInclude>
    <ClInclude Include="..\..\..\..\..\src\Dependencies\JoltPhysics\TestFramework\UI\UIElement.h">
      <Filter>TestFramework\UI</Filter>
    </ClInclude>
    <ClInclude Include="..\..\..\..\..\src\Dependencies\JoltPhysics\TestFramework\UI\UIEventListener.h">
      <Filter>TestFramework\UI</Filter>
    </ClInclude>
    <ClInclude Include="..\..\..\..\..\src\Dependencies\JoltPhysics\TestFramework\UI\UIHorizontalStack.h">
      <Filter>TestFramework\UI</Filter>
    </ClInclude>
    <ClInclude Include="..\..\..\..\..\src\Dependencies\JoltPhysics\TestFramework\UI\UIImage.h">
      <Filter>TestFramework\UI</Filter>
    </ClInclude>
    <ClInclude Include="..\..\..\..\..\src\Dependencies\JoltPhysics\TestFramework\UI\UIManager.h">
      <Filter>TestFramework\UI</Filter>
    </ClInclude>
    <ClInclude Include="..\..\..\..\..\src\Dependencies\JoltPhysics\TestFramework\UI\UISlider.h">
      <Filter>TestFramework\UI</Filter>
    </ClInclude>
    <ClInclude Include="..\..\..\..\..\src\Dependencies\JoltPhysics\TestFramework\UI\UIStaticText.h">
      <Filter>TestFramework\UI</Filter>
    </ClInclude>
    <ClInclude Include="..\..\..\..\..\src\Dependencies\JoltPhysics\TestFramework\UI\UITextButton.h">
      <Filter>TestFramework\UI</Filter>
    </ClInclude>
    <ClInclude Include="..\..\..\..\..\src\Dependencies\JoltPhysics\TestFramework\UI\UITexturedQuad.h">
      <Filter>TestFramework\UI</Filter>
    </ClInclude>
    <ClInclude Include="..\..\..\..\..\src\Dependencies\JoltPhysics\TestFramework\UI\UIVerticalStack.h">
      <Filter>TestFramework\UI</Filter>
    </ClInclude>
    <ClInclude Include="..\..\..\..\..\src\Dependencies\JoltPhysics\TestFramework\Utils\CustomMemoryHook.h">
      <Filter>TestFramework\Utils</Filter>
    </ClInclude>
    <ClInclude Include="..\..\..\..\..\src\Dependencies\JoltPhysics\TestFramework\Utils\Log.h">
      <Filter>TestFramework\Utils</Filter>
    </ClInclude>
    <ClInclude Include="..\..\..\..\..\src\Dependencies\JoltPhysics\TestFramework\Utils\ReadData.h">
      <Filter>TestFramework\Utils</Filter>
    </ClInclude>
  </ItemGroup>
  <ItemGroup>
    <ClCompile Include="..\..\..\..\..\src\Dependencies\JoltPhysics\JoltViewer\JoltViewer.cpp">
      <Filter>JoltViewer</Filter>
    </ClCompile>
    <ClCompile Include="..\..\..\..\..\src\Dependencies\JoltPhysics\TestFramework\Application\Application.cpp">
      <Filter>TestFramework\Application</Filter>
    </ClCompile>
    <ClCompile Include="..\..\..\..\..\src\Dependencies\JoltPhysics\TestFramework\Application\DebugUI.cpp">
      <Filter>TestFramework\Application</Filter>
    </ClCompile>
    <ClCompile Include="..\..\..\..\..\src\Dependencies\JoltPhysics\TestFramework\Image\BlitSurface.cpp">
      <Filter>TestFramework\Image</Filter>
    </ClCompile>
    <ClCompile Include="..\..\..\..\..\src\Dependencies\JoltPhysics\TestFramework\Image\LoadBMP.cpp">
      <Filter>TestFramework\Image</Filter>
    </ClCompile>
    <ClCompile Include="..\..\..\..\..\src\Dependencies\JoltPhysics\TestFramework\Image\LoadTGA.cpp">
      <Filter>TestFramework\Image</Filter>
    </ClCompile>
    <ClCompile Include="..\..\..\..\..\src\Dependencies\JoltPhysics\TestFramework\Image\Surface.cpp">
      <Filter>TestFramework\Image</Filter>
    </ClCompile>
    <ClCompile Include="..\..\..\..\..\src\Dependencies\JoltPhysics\TestFramework\Image\ZoomImage.cpp">
      <Filter>TestFramework\Image</Filter>
    </ClCompile>
    <ClCompile Include="..\..\..\..\..\src\Dependencies\JoltPhysics\TestFramework\Input\Keyboard.cpp">
      <Filter>TestFramework\Input</Filter>
    </ClCompile>
    <ClCompile Include="..\..\..\..\..\src\Dependencies\JoltPhysics\TestFramework\Input\Mouse.cpp">
      <Filter>TestFramework\Input</Filter>
    </ClCompile>
    <ClCompile Include="..\..\..\..\..\src\Dependencies\JoltPhysics\TestFramework\Math\Perlin.cpp">
      <Filter>TestFramework\Math</Filter>
    </ClCompile>
    <ClCompile Include="..\..\..\..\..\src\Dependencies\JoltPhysics\TestFramework\Renderer\ConstantBuffer.cpp">
      <Filter>TestFramework\Renderer</Filter>
    </ClCompile>
    <ClCompile Include="..\..\..\..\..\src\Dependencies\JoltPhysics\TestFramework\Renderer\DebugRendererImp.cpp">
      <Filter>TestFramework\Renderer</Filter>
    </ClCompile>
    <ClCompile Include="..\..\..\..\..\src\Dependencies\JoltPhysics\TestFramework\Renderer\FatalErrorIfFailed.cpp">
      <Filter>TestFramework\Renderer</Filter>
    </ClCompile>
    <ClCompile Include="..\..\..\..\..\src\Dependencies\JoltPhysics\TestFramework\Renderer\Font.cpp">
      <Filter>TestFramework\Renderer</Filter>
    </ClCompile>
    <ClCompile Include="..\..\..\..\..\src\Dependencies\JoltPhysics\TestFramework\Renderer\PipelineState.cpp">
      <Filter>TestFramework\Renderer</Filter>
    </ClCompile>
    <ClCompile Include="..\..\..\..\..\src\Dependencies\JoltPhysics\TestFramework\Renderer\RenderInstances.cpp">
      <Filter>TestFramework\Renderer</Filter>
    </ClCompile>
    <ClCompile Include="..\..\..\..\..\src\Dependencies\JoltPhysics\TestFramework\Renderer\RenderPrimitive.cpp">
      <Filter>TestFramework\Renderer</Filter>
    </ClCompile>
    <ClCompile Include="..\..\..\..\..\src\Dependencies\JoltPhysics\TestFramework\Renderer\Renderer.cpp">
      <Filter>TestFramework\Renderer</Filter>
    </ClCompile>
    <ClCompile Include="..\..\..\..\..\src\Dependencies\JoltPhysics\TestFramework\Renderer\Texture.cpp">
      <Filter>TestFramework\Renderer</Filter>
    </ClCompile>
    <ClCompile Include="..\..\..\..\..\src\Dependencies\JoltPhysics\TestFramework\UI\UIAnimation.cpp">
      <Filter>TestFramework\UI</Filter>
    </ClCompile>
    <ClCompile Include="..\..\..\..\..\src\Dependencies\JoltPhysics\TestFramework\UI\UIAnimationSlide.cpp">
      <Filter>TestFramework\UI</Filter>
    </ClCompile>
    <ClCompile Include="..\..\..\..\..\src\Dependencies\JoltPhysics\TestFramework\UI\UIButton.cpp">
      <Filter>TestFramework\UI</Filter>
    </ClCompile>
    <ClCompile Include="..\..\..\..\..\src\Dependencies\JoltPhysics\TestFramework\UI\UICheckBox.cpp">
      <Filter>TestFramework\UI</Filter>
    </ClCompile>
    <ClCompile Include="..\..\..\..\..\src\Dependencies\JoltPhysics\TestFramework\UI\UIComboBox.cpp">
      <Filter>TestFramework\UI</Filter>
    </ClCompile>
    <ClCompile Include="..\..\..\..\..\src\Dependencies\JoltPhysics\TestFramework\UI\UIElement.cpp">
      <Filter>TestFramework\UI</Filter>
    </ClCompile>
    <ClCompile Include="..\..\..\..\..\src\Dependencies\JoltPhysics\TestFramework\UI\UIHorizontalStack.cpp">
      <Filter>TestFramework\UI</Filter>
    </ClCompile>
    <ClCompile Include="..\..\..\..\..\src\Dependencies\JoltPhysics\TestFramework\UI\UIImage.cpp">
      <Filter>TestFramework\UI</Filter>
    </ClCompile>
    <ClCompile Include="..\..\..\..\..\src\Dependencies\JoltPhysics\TestFramework\UI\UIManager.cpp">
      <Filter>TestFramework\UI</Filter>
    </ClCompile>
    <ClCompile Include="..\..\..\..\..\src\Dependencies\JoltPhysics\TestFramework\UI\UISlider.cpp">
      <Filter>TestFramework\UI</Filter>
    </ClCompile>
    <ClCompile Include="..\..\..\..\..\src\Dependencies\JoltPhysics\TestFramework\UI\UIStaticText.cpp">
      <Filter>TestFramework\UI</Filter>
    </ClCompile>
    <ClCompile Include="..\..\..\..\..\src\Dependencies\JoltPhysics\TestFramework\UI\UITextButton.cpp">
      <Filter>TestFramework\UI</Filter>
    </ClCompile>
    <ClCompile Include="..\..\..\..\..\src\Dependencies\JoltPhysics\TestFramework\UI\UIVerticalStack.cpp">
      <Filter>TestFramework\UI</Filter>
    </ClCompile>
    <ClCompile Include="..\..\..\..\..\src\Dependencies\JoltPhysics\TestFramework\Utils\CustomMemoryHook.cpp">
      <Filter>TestFramework\Utils</Filter>
    </ClCompile>
    <ClCompile Include="..\..\..\..\..\src\Dependencies\JoltPhysics\TestFramework\Utils\Log.cpp">
      <Filter>TestFramework\Utils</Filter>
    </ClCompile>
    <ClCompile Include="..\..\..\..\..\src\Dependencies\JoltPhysics\TestFramework\Utils\ReadData.cpp">
      <Filter>TestFramework\Utils</Filter>
    </ClCompile>
  </ItemGroup>
</Project>