<?xml version="1.0" encoding="utf-8"?>
<Project ToolsVersion="4.0" xmlns="http://schemas.microsoft.com/developer/msbuild/2003">
  <ItemGroup>
    <Filter Include="Jolt">
      <UniqueIdentifier>{1E8A877C-0AC1-880D-B3AD-6E109FC3040F}</UniqueIdentifier>
    </Filter>
    <Filter Include="Jolt\AABBTree">
      <UniqueIdentifier>{23D2C739-8F92-4370-58CD-8CEDC44C884C}</UniqueIdentifier>
    </Filter>
    <Filter Include="Jolt\AABBTree\NodeCodec">
      <UniqueIdentifier>{563C9D55-C273-E5EC-CB7D-491037340CE6}</UniqueIdentifier>
    </Filter>
    <Filter Include="Jolt\AABBTree\TriangleCodec">
      <UniqueIdentifier>{26CD4EAE-92DA-7C94-1BC1-787F87CD484B}</UniqueIdentifier>
    </Filter>
    <Filter Include="Jolt\Core">
      <UniqueIdentifier>{36B1419A-A21B-F610-EB59-A7B65703D465}</UniqueIdentifier>
    </Filter>
    <Filter Include="Jolt\Geometry">
      <UniqueIdentifier>{39F98E02-A5B9-0A39-6EF4-53B6DA734F15}</UniqueIdentifier>
    </Filter>
    <Filter Include="Jolt\Math">
      <UniqueIdentifier>{B7F1469A-235C-FB10-6C9A-ACB6D843D965}</UniqueIdentifier>
    </Filter>
    <Filter Include="Jolt\ObjectStream">
      <UniqueIdentifier>{5089E955-BC9F-E7EB-0517-730D716CB873}</UniqueIdentifier>
    </Filter>
    <Filter Include="Jolt\Physics">
      <UniqueIdentifier>{90CBB638-7C2E-46DD-25B4-7E9311F61160}</UniqueIdentifier>
    </Filter>
    <Filter Include="Jolt\Physics\Body">
      <UniqueIdentifier>{CD1B0DF5-3932-0B8B-82A9-96ACEEFEDB12}</UniqueIdentifier>
    </Filter>
    <Filter Include="Jolt\Physics\Character">
      <UniqueIdentifier>{6CDD270D-58D7-505F-4144-E76F2DDDB6CB}</UniqueIdentifier>
    </Filter>
    <Filter Include="Jolt\Physics\Collision">
      <UniqueIdentifier>{ABB44FC4-97AE-7816-801B-0F276CB4DE82}</UniqueIdentifier>
    </Filter>
    <Filter Include="Jolt\Physics\Collision\BroadPhase">
      <UniqueIdentifier>{D324D2D5-3F93-2755-887C-E254F4291DF1}</UniqueIdentifier>
    </Filter>
    <Filter Include="Jolt\Physics\Collision\Shape">
      <UniqueIdentifier>{2B632855-171E-1801-C0D5-904BAC6F6291}</UniqueIdentifier>
    </Filter>
    <Filter Include="Jolt\Physics\Constraints">
      <UniqueIdentifier>{57B4ACC1-43D9-FB41-6C24-E1D158A8FA5F}</UniqueIdentifier>
    </Filter>
    <Filter Include="Jolt\Physics\Constraints\ConstraintPart">
      <UniqueIdentifier>{62BDF744-CE4C-B92F-D748-9A474357F43B}</UniqueIdentifier>
    </Filter>
    <Filter Include="Jolt\Physics\Ragdoll">
      <UniqueIdentifier>{04E453B4-F072-DD7D-9991-F17885FFED23}</UniqueIdentifier>
    </Filter>
    <Filter Include="Jolt\Physics\SoftBody">
      <UniqueIdentifier>{894A755F-F5B6-305A-BEAA-C8B72AD652C2}</UniqueIdentifier>
    </Filter>
    <Filter Include="Jolt\Physics\Vehicle">
      <UniqueIdentifier>{DF1CA6F1-CBAB-2FBB-74CA-43B660384061}</UniqueIdentifier>
    </Filter>
    <Filter Include="Jolt\Renderer">
      <UniqueIdentifier>{840F6B26-F0CF-E65C-B90A-30DA258A2B39}</UniqueIdentifier>
    </Filter>
    <Filter Include="Jolt\Skeleton">
      <UniqueIdentifier>{12B11CCC-7E71-9802-47AC-E17FB32BDDDE}</UniqueIdentifier>
    </Filter>
    <Filter Include="Jolt\TriangleGrouper">
      <UniqueIdentifier>{E781DD55-D310-671F-7C2F-7B1A689D77C5}</UniqueIdentifier>
    </Filter>
    <Filter Include="Jolt\TriangleSplitter">
      <UniqueIdentifier>{FA0FD982-667C-947D-2F70-2CDB9B9BB6E5}</UniqueIdentifier>
    </Filter>
  </ItemGroup>
  <ItemGroup>
    <ClInclude Include="..\..\..\..\..\src\Dependencies\JoltPhysics\Jolt\AABBTree\AABBTreeBuilder.h">
      <Filter>Jolt\AABBTree</Filter>
    </ClInclude>
    <ClInclude Include="..\..\..\..\..\src\Dependencies\JoltPhysics\Jolt\AABBTree\AABBTreeToBuffer.h">
      <Filter>Jolt\AABBTree</Filter>
    </ClInclude>
    <ClInclude Include="..\..\..\..\..\src\Dependencies\JoltPhysics\Jolt\AABBTree\NodeCodec\NodeCodecQuadTreeHalfFloat.h">
      <Filter>Jolt\AABBTree\NodeCodec</Filter>
    </ClInclude>
    <ClInclude Include="..\..\..\..\..\src\Dependencies\JoltPhysics\Jolt\AABBTree\TriangleCodec\TriangleCodecIndexed8BitPackSOA4Flags.h">
      <Filter>Jolt\AABBTree\TriangleCodec</Filter>
    </ClInclude>
    <ClInclude Include="..\..\..\..\..\src\Dependencies\JoltPhysics\Jolt\ConfigurationString.h">
      <Filter>Jolt</Filter>
    </ClInclude>
    <ClInclude Include="..\..\..\..\..\src\Dependencies\JoltPhysics\Jolt\Core\ARMNeon.h">
      <Filter>Jolt\Core</Filter>
    </ClInclude>
    <ClInclude Include="..\..\..\..\..\src\Dependencies\JoltPhysics\Jolt\Core\Array.h">
      <Filter>Jolt\Core</Filter>
    </ClInclude>
    <ClInclude Include="..\..\..\..\..\src\Dependencies\JoltPhysics\Jolt\Core\Atomics.h">
      <Filter>Jolt\Core</Filter>
    </ClInclude>
    <ClInclude Include="..\..\..\..\..\src\Dependencies\JoltPhysics\Jolt\Core\ByteBuffer.h">
      <Filter>Jolt\Core</Filter>
    </ClInclude>
    <ClInclude Include="..\..\..\..\..\src\Dependencies\JoltPhysics\Jolt\Core\Color.h">
      <Filter>Jolt\Core</Filter>
    </ClInclude>
    <ClInclude Include="..\..\..\..\..\src\Dependencies\JoltPhysics\Jolt\Core\Core.h">
      <Filter>Jolt\Core</Filter>
    </ClInclude>
    <ClInclude Include="..\..\..\..\..\src\Dependencies\JoltPhysics\Jolt\Core\FPControlWord.h">
      <Filter>Jolt\Core</Filter>
    </ClInclude>
    <ClInclude Include="..\..\..\..\..\src\Dependencies\JoltPhysics\Jolt\Core\FPException.h">
      <Filter>Jolt\Core</Filter>
    </ClInclude>
    <ClInclude Include="..\..\..\..\..\src\Dependencies\JoltPhysics\Jolt\Core\FPFlushDenormals.h">
      <Filter>Jolt\Core</Filter>
    </ClInclude>
    <ClInclude Include="..\..\..\..\..\src\Dependencies\JoltPhysics\Jolt\Core\Factory.h">
      <Filter>Jolt\Core</Filter>
    </ClInclude>
    <ClInclude Include="..\..\..\..\..\src\Dependencies\JoltPhysics\Jolt\Core\FixedSizeFreeList.h">
      <Filter>Jolt\Core</Filter>
    </ClInclude>
    <ClInclude Include="..\..\..\..\..\src\Dependencies\JoltPhysics\Jolt\Core\HashCombine.h">
      <Filter>Jolt\Core</Filter>
    </ClInclude>
    <ClInclude Include="..\..\..\..\..\src\Dependencies\JoltPhysics\Jolt\Core\InsertionSort.h">
      <Filter>Jolt\Core</Filter>
    </ClInclude>
    <ClInclude Include="..\..\..\..\..\src\Dependencies\JoltPhysics\Jolt\Core\IssueReporting.h">
      <Filter>Jolt\Core</Filter>
    </ClInclude>
    <ClInclude Include="..\..\..\..\..\src\Dependencies\JoltPhysics\Jolt\Core\JobSystem.h">
      <Filter>Jolt\Core</Filter>
    </ClInclude>
    <ClInclude Include="..\..\..\..\..\src\Dependencies\JoltPhysics\Jolt\Core\JobSystemSingleThreaded.h">
      <Filter>Jolt\Core</Filter>
    </ClInclude>
    <ClInclude Include="..\..\..\..\..\src\Dependencies\JoltPhysics\Jolt\Core\JobSystemThreadPool.h">
      <Filter>Jolt\Core</Filter>
    </ClInclude>
    <ClInclude Include="..\..\..\..\..\src\Dependencies\JoltPhysics\Jolt\Core\JobSystemWithBarrier.h">
      <Filter>Jolt\Core</Filter>
    </ClInclude>
    <ClInclude Include="..\..\..\..\..\src\Dependencies\JoltPhysics\Jolt\Core\LinearCurve.h">
      <Filter>Jolt\Core</Filter>
    </ClInclude>
    <ClInclude Include="..\..\..\..\..\src\Dependencies\JoltPhysics\Jolt\Core\LockFreeHashMap.h">
      <Filter>Jolt\Core</Filter>
    </ClInclude>
    <ClInclude Include="..\..\..\..\..\src\Dependencies\JoltPhysics\Jolt\Core\Memory.h">
      <Filter>Jolt\Core</Filter>
    </ClInclude>
    <ClInclude Include="..\..\..\..\..\src\Dependencies\JoltPhysics\Jolt\Core\Mutex.h">
      <Filter>Jolt\Core</Filter>
    </ClInclude>
    <ClInclude Include="..\..\..\..\..\src\Dependencies\JoltPhysics\Jolt\Core\MutexArray.h">
      <Filter>Jolt\Core</Filter>
    </ClInclude>
    <ClInclude Include="..\..\..\..\..\src\Dependencies\JoltPhysics\Jolt\Core\NonCopyable.h">
      <Filter>Jolt\Core</Filter>
    </ClInclude>
    <ClInclude Include="..\..\..\..\..\src\Dependencies\JoltPhysics\Jolt\Core\Profiler.h">
      <Filter>Jolt\Core</Filter>
    </ClInclude>
    <ClInclude Include="..\..\..\..\..\src\Dependencies\JoltPhysics\Jolt\Core\QuickSort.h">
      <Filter>Jolt\Core</Filter>
    </ClInclude>
    <ClInclude Include="..\..\..\..\..\src\Dependencies\JoltPhysics\Jolt\Core\RTTI.h">
      <Filter>Jolt\Core</Filter>
    </ClInclude>
    <ClInclude Include="..\..\..\..\..\src\Dependencies\JoltPhysics\Jolt\Core\Reference.h">
      <Filter>Jolt\Core</Filter>
    </ClInclude>
    <ClInclude Include="..\..\..\..\..\src\Dependencies\JoltPhysics\Jolt\Core\Result.h">
      <Filter>Jolt\Core</Filter>
    </ClInclude>
    <ClInclude Include="..\..\..\..\..\src\Dependencies\JoltPhysics\Jolt\Core\STLAlignedAllocator.h">
      <Filter>Jolt\Core</Filter>
    </ClInclude>
    <ClInclude Include="..\..\..\..\..\src\Dependencies\JoltPhysics\Jolt\Core\STLAllocator.h">
      <Filter>Jolt\Core</Filter>
    </ClInclude>
    <ClInclude Include="..\..\..\..\..\src\Dependencies\JoltPhysics\Jolt\Core\STLTempAllocator.h">
      <Filter>Jolt\Core</Filter>
    </ClInclude>
    <ClInclude Include="..\..\..\..\..\src\Dependencies\JoltPhysics\Jolt\Core\ScopeExit.h">
      <Filter>Jolt\Core</Filter>
    </ClInclude>
    <ClInclude Include="..\..\..\..\..\src\Dependencies\JoltPhysics\Jolt\Core\Semaphore.h">
      <Filter>Jolt\Core</Filter>
    </ClInclude>
    <ClInclude Include="..\..\..\..\..\src\Dependencies\JoltPhysics\Jolt\Core\StaticArray.h">
      <Filter>Jolt\Core</Filter>
    </ClInclude>
    <ClInclude Include="..\..\..\..\..\src\Dependencies\JoltPhysics\Jolt\Core\StreamIn.h">
      <Filter>Jolt\Core</Filter>
    </ClInclude>
    <ClInclude Include="..\..\..\..\..\src\Dependencies\JoltPhysics\Jolt\Core\StreamOut.h">
      <Filter>Jolt\Core</Filter>
    </ClInclude>
    <ClInclude Include="..\..\..\..\..\src\Dependencies\JoltPhysics\Jolt\Core\StreamUtils.h">
      <Filter>Jolt\Core</Filter>
    </ClInclude>
    <ClInclude Include="..\..\..\..\..\src\Dependencies\JoltPhysics\Jolt\Core\StreamWrapper.h">
      <Filter>Jolt\Core</Filter>
    </ClInclude>
    <ClInclude Include="..\..\..\..\..\src\Dependencies\JoltPhysics\Jolt\Core\StringTools.h">
      <Filter>Jolt\Core</Filter>
    </ClInclude>
    <ClInclude Include="..\..\..\..\..\src\Dependencies\JoltPhysics\Jolt\Core\TempAllocator.h">
      <Filter>Jolt\Core</Filter>
    </ClInclude>
    <ClInclude Include="..\..\..\..\..\src\Dependencies\JoltPhysics\Jolt\Core\TickCounter.h">
      <Filter>Jolt\Core</Filter>
    </ClInclude>
    <ClInclude Include="..\..\..\..\..\src\Dependencies\JoltPhysics\Jolt\Core\UnorderedMap.h">
      <Filter>Jolt\Core</Filter>
    </ClInclude>
    <ClInclude Include="..\..\..\..\..\src\Dependencies\JoltPhysics\Jolt\Core\UnorderedSet.h">
      <Filter>Jolt\Core</Filter>
    </ClInclude>
    <ClInclude Include="..\..\..\..\..\src\Dependencies\JoltPhysics\Jolt\Geometry\AABox.h">
      <Filter>Jolt\Geometry</Filter>
    </ClInclude>
    <ClInclude Include="..\..\..\..\..\src\Dependencies\JoltPhysics\Jolt\Geometry\AABox4.h">
      <Filter>Jolt\Geometry</Filter>
    </ClInclude>
    <ClInclude Include="..\..\..\..\..\src\Dependencies\JoltPhysics\Jolt\Geometry\ClipPoly.h">
      <Filter>Jolt\Geometry</Filter>
    </ClInclude>
    <ClInclude Include="..\..\..\..\..\src\Dependencies\JoltPhysics\Jolt\Geometry\ClosestPoint.h">
      <Filter>Jolt\Geometry</Filter>
    </ClInclude>
    <ClInclude Include="..\..\..\..\..\src\Dependencies\JoltPhysics\Jolt\Geometry\ConvexHullBuilder.h">
      <Filter>Jolt\Geometry</Filter>
    </ClInclude>
    <ClInclude Include="..\..\..\..\..\src\Dependencies\JoltPhysics\Jolt\Geometry\ConvexHullBuilder2D.h">
      <Filter>Jolt\Geometry</Filter>
    </ClInclude>
    <ClInclude Include="..\..\..\..\..\src\Dependencies\JoltPhysics\Jolt\Geometry\ConvexSupport.h">
      <Filter>Jolt\Geometry</Filter>
    </ClInclude>
    <ClInclude Include="..\..\..\..\..\src\Dependencies\JoltPhysics\Jolt\Geometry\EPAConvexHullBuilder.h">
      <Filter>Jolt\Geometry</Filter>
    </ClInclude>
    <ClInclude Include="..\..\..\..\..\src\Dependencies\JoltPhysics\Jolt\Geometry\EPAPenetrationDepth.h">
      <Filter>Jolt\Geometry</Filter>
    </ClInclude>
    <ClInclude Include="..\..\..\..\..\src\Dependencies\JoltPhysics\Jolt\Geometry\Ellipse.h">
      <Filter>Jolt\Geometry</Filter>
    </ClInclude>
    <ClInclude Include="..\..\..\..\..\src\Dependencies\JoltPhysics\Jolt\Geometry\GJKClosestPoint.h">
      <Filter>Jolt\Geometry</Filter>
    </ClInclude>
    <ClInclude Include="..\..\..\..\..\src\Dependencies\JoltPhysics\Jolt\Geometry\IndexedTriangle.h">
      <Filter>Jolt\Geometry</Filter>
    </ClInclude>
    <ClInclude Include="..\..\..\..\..\src\Dependencies\JoltPhysics\Jolt\Geometry\Indexify.h">
      <Filter>Jolt\Geometry</Filter>
    </ClInclude>
    <ClInclude Include="..\..\..\..\..\src\Dependencies\JoltPhysics\Jolt\Geometry\MortonCode.h">
      <Filter>Jolt\Geometry</Filter>
    </ClInclude>
    <ClInclude Include="..\..\..\..\..\src\Dependencies\JoltPhysics\Jolt\Geometry\OrientedBox.h">
      <Filter>Jolt\Geometry</Filter>
    </ClInclude>
    <ClInclude Include="..\..\..\..\..\src\Dependencies\JoltPhysics\Jolt\Geometry\Plane.h">
      <Filter>Jolt\Geometry</Filter>
    </ClInclude>
    <ClInclude Include="..\..\..\..\..\src\Dependencies\JoltPhysics\Jolt\Geometry\RayAABox.h">
      <Filter>Jolt\Geometry</Filter>
    </ClInclude>
    <ClInclude Include="..\..\..\..\..\src\Dependencies\JoltPhysics\Jolt\Geometry\RayAABox8.h">
      <Filter>Jolt\Geometry</Filter>
    </ClInclude>
    <ClInclude Include="..\..\..\..\..\src\Dependencies\JoltPhysics\Jolt\Geometry\RayCapsule.h">
      <Filter>Jolt\Geometry</Filter>
    </ClInclude>
    <ClInclude Include="..\..\..\..\..\src\Dependencies\JoltPhysics\Jolt\Geometry\RayCylinder.h">
      <Filter>Jolt\Geometry</Filter>
    </ClInclude>
    <ClInclude Include="..\..\..\..\..\src\Dependencies\JoltPhysics\Jolt\Geometry\RaySphere.h">
      <Filter>Jolt\Geometry</Filter>
    </ClInclude>
    <ClInclude Include="..\..\..\..\..\src\Dependencies\JoltPhysics\Jolt\Geometry\RayTriangle.h">
      <Filter>Jolt\Geometry</Filter>
    </ClInclude>
    <ClInclude Include="..\..\..\..\..\src\Dependencies\JoltPhysics\Jolt\Geometry\RayTriangle8.h">
      <Filter>Jolt\Geometry</Filter>
    </ClInclude>
    <ClInclude Include="..\..\..\..\..\src\Dependencies\JoltPhysics\Jolt\Geometry\Sphere.h">
      <Filter>Jolt\Geometry</Filter>
    </ClInclude>
    <ClInclude Include="..\..\..\..\..\src\Dependencies\JoltPhysics\Jolt\Geometry\Triangle.h">
      <Filter>Jolt\Geometry</Filter>
    </ClInclude>
    <ClInclude Include="..\..\..\..\..\src\Dependencies\JoltPhysics\Jolt\Jolt.h">
      <Filter>Jolt</Filter>
    </ClInclude>
    <ClInclude Include="..\..\..\..\..\src\Dependencies\JoltPhysics\Jolt\Math\DMat44.h">
      <Filter>Jolt\Math</Filter>
    </ClInclude>
    <ClInclude Include="..\..\..\..\..\src\Dependencies\JoltPhysics\Jolt\Math\DVec3.h">
      <Filter>Jolt\Math</Filter>
    </ClInclude>
    <ClInclude Include="..\..\..\..\..\src\Dependencies\JoltPhysics\Jolt\Math\Double3.h">
      <Filter>Jolt\Math</Filter>
    </ClInclude>
    <ClInclude Include="..\..\..\..\..\src\Dependencies\JoltPhysics\Jolt\Math\DynMatrix.h">
      <Filter>Jolt\Math</Filter>
    </ClInclude>
    <ClInclude Include="..\..\..\..\..\src\Dependencies\JoltPhysics\Jolt\Math\EigenValueSymmetric.h">
      <Filter>Jolt\Math</Filter>
    </ClInclude>
    <ClInclude Include="..\..\..\..\..\src\Dependencies\JoltPhysics\Jolt\Math\FindRoot.h">
      <Filter>Jolt\Math</Filter>
    </ClInclude>
    <ClInclude Include="..\..\..\..\..\src\Dependencies\JoltPhysics\Jolt\Math\Float2.h">
      <Filter>Jolt\Math</Filter>
    </ClInclude>
    <ClInclude Include="..\..\..\..\..\src\Dependencies\JoltPhysics\Jolt\Math\Float3.h">
      <Filter>Jolt\Math</Filter>
    </ClInclude>
    <ClInclude Include="..\..\..\..\..\src\Dependencies\JoltPhysics\Jolt\Math\Float4.h">
      <Filter>Jolt\Math</Filter>
    </ClInclude>
    <ClInclude Include="..\..\..\..\..\src\Dependencies\JoltPhysics\Jolt\Math\GaussianElimination.h">
      <Filter>Jolt\Math</Filter>
    </ClInclude>
    <ClInclude Include="..\..\..\..\..\src\Dependencies\JoltPhysics\Jolt\Math\HalfFloat.h">
      <Filter>Jolt\Math</Filter>
    </ClInclude>
    <ClInclude Include="..\..\..\..\..\src\Dependencies\JoltPhysics\Jolt\Math\Mat44.h">
      <Filter>Jolt\Math</Filter>
    </ClInclude>
    <ClInclude Include="..\..\..\..\..\src\Dependencies\JoltPhysics\Jolt\Math\Math.h">
      <Filter>Jolt\Math</Filter>
    </ClInclude>
    <ClInclude Include="..\..\..\..\..\src\Dependencies\JoltPhysics\Jolt\Math\MathTypes.h">
      <Filter>Jolt\Math</Filter>
    </ClInclude>
    <ClInclude Include="..\..\..\..\..\src\Dependencies\JoltPhysics\Jolt\Math\Matrix.h">
      <Filter>Jolt\Math</Filter>
    </ClInclude>
    <ClInclude Include="..\..\..\..\..\src\Dependencies\JoltPhysics\Jolt\Math\Quat.h">
      <Filter>Jolt\Math</Filter>
    </ClInclude>
    <ClInclude Include="..\..\..\..\..\src\Dependencies\JoltPhysics\Jolt\Math\Real.h">
      <Filter>Jolt\Math</Filter>
    </ClInclude>
    <ClInclude Include="..\..\..\..\..\src\Dependencies\JoltPhysics\Jolt\Math\Swizzle.h">
      <Filter>Jolt\Math</Filter>
    </ClInclude>
    <ClInclude Include="..\..\..\..\..\src\Dependencies\JoltPhysics\Jolt\Math\Trigonometry.h">
      <Filter>Jolt\Math</Filter>
    </ClInclude>
    <ClInclude Include="..\..\..\..\..\src\Dependencies\JoltPhysics\Jolt\Math\UVec4.h">
      <Filter>Jolt\Math</Filter>
    </ClInclude>
    <ClInclude Include="..\..\..\..\..\src\Dependencies\JoltPhysics\Jolt\Math\UVec8.h">
      <Filter>Jolt\Math</Filter>
    </ClInclude>
    <ClInclude Include="..\..\..\..\..\src\Dependencies\JoltPhysics\Jolt\Math\Vec3.h">
      <Filter>Jolt\Math</Filter>
    </ClInclude>
    <ClInclude Include="..\..\..\..\..\src\Dependencies\JoltPhysics\Jolt\Math\Vec4.h">
      <Filter>Jolt\Math</Filter>
    </ClInclude>
    <ClInclude Include="..\..\..\..\..\src\Dependencies\JoltPhysics\Jolt\Math\Vec8.h">
      <Filter>Jolt\Math</Filter>
    </ClInclude>
    <ClInclude Include="..\..\..\..\..\src\Dependencies\JoltPhysics\Jolt\Math\Vector.h">
      <Filter>Jolt\Math</Filter>
    </ClInclude>
    <ClInclude Include="..\..\..\..\..\src\Dependencies\JoltPhysics\Jolt\ObjectStream\GetPrimitiveTypeOfType.h">
      <Filter>Jolt\ObjectStream</Filter>
    </ClInclude>
    <ClInclude Include="..\..\..\..\..\src\Dependencies\JoltPhysics\Jolt\ObjectStream\ObjectStream.h">
      <Filter>Jolt\ObjectStream</Filter>
    </ClInclude>
    <ClInclude Include="..\..\..\..\..\src\Dependencies\JoltPhysics\Jolt\ObjectStream\ObjectStreamBinaryIn.h">
      <Filter>Jolt\ObjectStream</Filter>
    </ClInclude>
    <ClInclude Include="..\..\..\..\..\src\Dependencies\JoltPhysics\Jolt\ObjectStream\ObjectStreamBinaryOut.h">
      <Filter>Jolt\ObjectStream</Filter>
    </ClInclude>
    <ClInclude Include="..\..\..\..\..\src\Dependencies\JoltPhysics\Jolt\ObjectStream\ObjectStreamIn.h">
      <Filter>Jolt\ObjectStream</Filter>
    </ClInclude>
    <ClInclude Include="..\..\..\..\..\src\Dependencies\JoltPhysics\Jolt\ObjectStream\ObjectStreamOut.h">
      <Filter>Jolt\ObjectStream</Filter>
    </ClInclude>
    <ClInclude Include="..\..\..\..\..\src\Dependencies\JoltPhysics\Jolt\ObjectStream\ObjectStreamTextIn.h">
      <Filter>Jolt\ObjectStream</Filter>
    </ClInclude>
    <ClInclude Include="..\..\..\..\..\src\Dependencies\JoltPhysics\Jolt\ObjectStream\ObjectStreamTextOut.h">
      <Filter>Jolt\ObjectStream</Filter>
    </ClInclude>
    <ClInclude Include="..\..\..\..\..\src\Dependencies\JoltPhysics\Jolt\ObjectStream\ObjectStreamTypes.h">
      <Filter>Jolt\ObjectStream</Filter>
    </ClInclude>
    <ClInclude Include="..\..\..\..\..\src\Dependencies\JoltPhysics\Jolt\ObjectStream\SerializableAttribute.h">
      <Filter>Jolt\ObjectStream</Filter>
    </ClInclude>
    <ClInclude Include="..\..\..\..\..\src\Dependencies\JoltPhysics\Jolt\ObjectStream\SerializableAttributeEnum.h">
      <Filter>Jolt\ObjectStream</Filter>
    </ClInclude>
    <ClInclude Include="..\..\..\..\..\src\Dependencies\JoltPhysics\Jolt\ObjectStream\SerializableAttributeTyped.h">
      <Filter>Jolt\ObjectStream</Filter>
    </ClInclude>
    <ClInclude Include="..\..\..\..\..\src\Dependencies\JoltPhysics\Jolt\ObjectStream\SerializableObject.h">
      <Filter>Jolt\ObjectStream</Filter>
    </ClInclude>
    <ClInclude Include="..\..\..\..\..\src\Dependencies\JoltPhysics\Jolt\ObjectStream\TypeDeclarations.h">
      <Filter>Jolt\ObjectStream</Filter>
    </ClInclude>
    <ClInclude Include="..\..\..\..\..\src\Dependencies\JoltPhysics\Jolt\Physics\Body\AllowedDOFs.h">
      <Filter>Jolt\Physics\Body</Filter>
    </ClInclude>
    <ClInclude Include="..\..\..\..\..\src\Dependencies\JoltPhysics\Jolt\Physics\Body\Body.h">
      <Filter>Jolt\Physics\Body</Filter>
    </ClInclude>
    <ClInclude Include="..\..\..\..\..\src\Dependencies\JoltPhysics\Jolt\Physics\Body\BodyAccess.h">
      <Filter>Jolt\Physics\Body</Filter>
    </ClInclude>
    <ClInclude Include="..\..\..\..\..\src\Dependencies\JoltPhysics\Jolt\Physics\Body\BodyActivationListener.h">
      <Filter>Jolt\Physics\Body</Filter>
    </ClInclude>
    <ClInclude Include="..\..\..\..\..\src\Dependencies\JoltPhysics\Jolt\Physics\Body\BodyCreationSettings.h">
      <Filter>Jolt\Physics\Body</Filter>
    </ClInclude>
    <ClInclude Include="..\..\..\..\..\src\Dependencies\JoltPhysics\Jolt\Physics\Body\BodyFilter.h">
      <Filter>Jolt\Physics\Body</Filter>
    </ClInclude>
    <ClInclude Include="..\..\..\..\..\src\Dependencies\JoltPhysics\Jolt\Physics\Body\BodyID.h">
      <Filter>Jolt\Physics\Body</Filter>
    </ClInclude>
    <ClInclude Include="..\..\..\..\..\src\Dependencies\JoltPhysics\Jolt\Physics\Body\BodyInterface.h">
      <Filter>Jolt\Physics\Body</Filter>
    </ClInclude>
    <ClInclude Include="..\..\..\..\..\src\Dependencies\JoltPhysics\Jolt\Physics\Body\BodyLock.h">
      <Filter>Jolt\Physics\Body</Filter>
    </ClInclude>
    <ClInclude Include="..\..\..\..\..\src\Dependencies\JoltPhysics\Jolt\Physics\Body\BodyLockInterface.h">
      <Filter>Jolt\Physics\Body</Filter>
    </ClInclude>
    <ClInclude Include="..\..\..\..\..\src\Dependencies\JoltPhysics\Jolt\Physics\Body\BodyLockMulti.h">
      <Filter>Jolt\Physics\Body</Filter>
    </ClInclude>
    <ClInclude Include="..\..\..\..\..\src\Dependencies\JoltPhysics\Jolt\Physics\Body\BodyManager.h">
      <Filter>Jolt\Physics\Body</Filter>
    </ClInclude>
    <ClInclude Include="..\..\..\..\..\src\Dependencies\JoltPhysics\Jolt\Physics\Body\BodyPair.h">
      <Filter>Jolt\Physics\Body</Filter>
    </ClInclude>
    <ClInclude Include="..\..\..\..\..\src\Dependencies\JoltPhysics\Jolt\Physics\Body\BodyType.h">
      <Filter>Jolt\Physics\Body</Filter>
    </ClInclude>
    <ClInclude Include="..\..\..\..\..\src\Dependencies\JoltPhysics\Jolt\Physics\Body\MassProperties.h">
      <Filter>Jolt\Physics\Body</Filter>
    </ClInclude>
    <ClInclude Include="..\..\..\..\..\src\Dependencies\JoltPhysics\Jolt\Physics\Body\MotionProperties.h">
      <Filter>Jolt\Physics\Body</Filter>
    </ClInclude>
    <ClInclude Include="..\..\..\..\..\src\Dependencies\JoltPhysics\Jolt\Physics\Body\MotionQuality.h">
      <Filter>Jolt\Physics\Body</Filter>
    </ClInclude>
    <ClInclude Include="..\..\..\..\..\src\Dependencies\JoltPhysics\Jolt\Physics\Body\MotionType.h">
      <Filter>Jolt\Physics\Body</Filter>
    </ClInclude>
    <ClInclude Include="..\..\..\..\..\src\Dependencies\JoltPhysics\Jolt\Physics\Character\Character.h">
      <Filter>Jolt\Physics\Character</Filter>
    </ClInclude>
    <ClInclude Include="..\..\..\..\..\src\Dependencies\JoltPhysics\Jolt\Physics\Character\CharacterBase.h">
      <Filter>Jolt\Physics\Character</Filter>
    </ClInclude>
    <ClInclude Include="..\..\..\..\..\src\Dependencies\JoltPhysics\Jolt\Physics\Character\CharacterVirtual.h">
      <Filter>Jolt\Physics\Character</Filter>
    </ClInclude>
    <ClInclude Include="..\..\..\..\..\src\Dependencies\JoltPhysics\Jolt\Physics\Collision\AABoxCast.h">
      <Filter>Jolt\Physics\Collision</Filter>
    </ClInclude>
    <ClInclude Include="..\..\..\..\..\src\Dependencies\JoltPhysics\Jolt\Physics\Collision\ActiveEdgeMode.h">
      <Filter>Jolt\Physics\Collision</Filter>
    </ClInclude>
    <ClInclude Include="..\..\..\..\..\src\Dependencies\JoltPhysics\Jolt\Physics\Collision\ActiveEdges.h">
      <Filter>Jolt\Physics\Collision</Filter>
    </ClInclude>
    <ClInclude Include="..\..\..\..\..\src\Dependencies\JoltPhysics\Jolt\Physics\Collision\BackFaceMode.h">
      <Filter>Jolt\Physics\Collision</Filter>
    </ClInclude>
    <ClInclude Include="..\..\..\..\..\src\Dependencies\JoltPhysics\Jolt\Physics\Collision\BroadPhase\BroadPhase.h">
      <Filter>Jolt\Physics\Collision\BroadPhase</Filter>
    </ClInclude>
    <ClInclude Include="..\..\..\..\..\src\Dependencies\JoltPhysics\Jolt\Physics\Collision\BroadPhase\BroadPhaseBruteForce.h">
      <Filter>Jolt\Physics\Collision\BroadPhase</Filter>
    </ClInclude>
    <ClInclude Include="..\..\..\..\..\src\Dependencies\JoltPhysics\Jolt\Physics\Collision\BroadPhase\BroadPhaseLayer.h">
      <Filter>Jolt\Physics\Collision\BroadPhase</Filter>
    </ClInclude>
    <ClInclude Include="..\..\..\..\..\src\Dependencies\JoltPhysics\Jolt\Physics\Collision\BroadPhase\BroadPhaseLayerInterfaceMask.h">
      <Filter>Jolt\Physics\Collision\BroadPhase</Filter>
    </ClInclude>
    <ClInclude Include="..\..\..\..\..\src\Dependencies\JoltPhysics\Jolt\Physics\Collision\BroadPhase\BroadPhaseLayerInterfaceTable.h">
      <Filter>Jolt\Physics\Collision\BroadPhase</Filter>
    </ClInclude>
    <ClInclude Include="..\..\..\..\..\src\Dependencies\JoltPhysics\Jolt\Physics\Collision\BroadPhase\BroadPhaseQuadTree.h">
      <Filter>Jolt\Physics\Collision\BroadPhase</Filter>
    </ClInclude>
    <ClInclude Include="..\..\..\..\..\src\Dependencies\JoltPhysics\Jolt\Physics\Collision\BroadPhase\BroadPhaseQuery.h">
      <Filter>Jolt\Physics\Collision\BroadPhase</Filter>
    </ClInclude>
    <ClInclude Include="..\..\..\..\..\src\Dependencies\JoltPhysics\Jolt\Physics\Collision\BroadPhase\ObjectVsBroadPhaseLayerFilterMask.h">
      <Filter>Jolt\Physics\Collision\BroadPhase</Filter>
    </ClInclude>
    <ClInclude Include="..\..\..\..\..\src\Dependencies\JoltPhysics\Jolt\Physics\Collision\BroadPhase\ObjectVsBroadPhaseLayerFilterTable.h">
      <Filter>Jolt\Physics\Collision\BroadPhase</Filter>
    </ClInclude>
    <ClInclude Include="..\..\..\..\..\src\Dependencies\JoltPhysics\Jolt\Physics\Collision\BroadPhase\QuadTree.h">
      <Filter>Jolt\Physics\Collision\BroadPhase</Filter>
    </ClInclude>
    <ClInclude Include="..\..\..\..\..\src\Dependencies\JoltPhysics\Jolt\Physics\Collision\CastConvexVsTriangles.h">
      <Filter>Jolt\Physics\Collision</Filter>
    </ClInclude>
    <ClInclude Include="..\..\..\..\..\src\Dependencies\JoltPhysics\Jolt\Physics\Collision\CastResult.h">
      <Filter>Jolt\Physics\Collision</Filter>
    </ClInclude>
    <ClInclude Include="..\..\..\..\..\src\Dependencies\JoltPhysics\Jolt\Physics\Collision\CastSphereVsTriangles.h">
      <Filter>Jolt\Physics\Collision</Filter>
    </ClInclude>
    <ClInclude Include="..\..\..\..\..\src\Dependencies\JoltPhysics\Jolt\Physics\Collision\CollectFacesMode.h">
      <Filter>Jolt\Physics\Collision</Filter>
    </ClInclude>
    <ClInclude Include="..\..\..\..\..\src\Dependencies\JoltPhysics\Jolt\Physics\Collision\CollideConvexVsTriangles.h">
      <Filter>Jolt\Physics\Collision</Filter>
    </ClInclude>
    <ClInclude Include="..\..\..\..\..\src\Dependencies\JoltPhysics\Jolt\Physics\Collision\CollidePointResult.h">
      <Filter>Jolt\Physics\Collision</Filter>
    </ClInclude>
    <ClInclude Include="..\..\..\..\..\src\Dependencies\JoltPhysics\Jolt\Physics\Collision\CollideShape.h">
      <Filter>Jolt\Physics\Collision</Filter>
    </ClInclude>
    <ClInclude Include="..\..\..\..\..\src\Dependencies\JoltPhysics\Jolt\Physics\Collision\CollideSoftBodyVerticesVsTriangles.h">
      <Filter>Jolt\Physics\Collision</Filter>
    </ClInclude>
    <ClInclude Include="..\..\..\..\..\src\Dependencies\JoltPhysics\Jolt\Physics\Collision\CollideSphereVsTriangles.h">
      <Filter>Jolt\Physics\Collision</Filter>
    </ClInclude>
    <ClInclude Include="..\..\..\..\..\src\Dependencies\JoltPhysics\Jolt\Physics\Collision\CollisionCollector.h">
      <Filter>Jolt\Physics\Collision</Filter>
    </ClInclude>
    <ClInclude Include="..\..\..\..\..\src\Dependencies\JoltPhysics\Jolt\Physics\Collision\CollisionCollectorImpl.h">
      <Filter>Jolt\Physics\Collision</Filter>
    </ClInclude>
    <ClInclude Include="..\..\..\..\..\src\Dependencies\JoltPhysics\Jolt\Physics\Collision\CollisionDispatch.h">
      <Filter>Jolt\Physics\Collision</Filter>
    </ClInclude>
    <ClInclude Include="..\..\..\..\..\src\Dependencies\JoltPhysics\Jolt\Physics\Collision\CollisionGroup.h">
      <Filter>Jolt\Physics\Collision</Filter>
    </ClInclude>
    <ClInclude Include="..\..\..\..\..\src\Dependencies\JoltPhysics\Jolt\Physics\Collision\ContactListener.h">
      <Filter>Jolt\Physics\Collision</Filter>
    </ClInclude>
    <ClInclude Include="..\..\..\..\..\src\Dependencies\JoltPhysics\Jolt\Physics\Collision\EstimateCollisionResponse.h">
      <Filter>Jolt\Physics\Collision</Filter>
    </ClInclude>
    <ClInclude Include="..\..\..\..\..\src\Dependencies\JoltPhysics\Jolt\Physics\Collision\GroupFilter.h">
      <Filter>Jolt\Physics\Collision</Filter>
    </ClInclude>
    <ClInclude Include="..\..\..\..\..\src\Dependencies\JoltPhysics\Jolt\Physics\Collision\GroupFilterTable.h">
      <Filter>Jolt\Physics\Collision</Filter>
    </ClInclude>
    <ClInclude Include="..\..\..\..\..\src\Dependencies\JoltPhysics\Jolt\Physics\Collision\InternalEdgeRemovingCollector.h">
      <Filter>Jolt\Physics\Collision</Filter>
    </ClInclude>
    <ClInclude Include="..\..\..\..\..\src\Dependencies\JoltPhysics\Jolt\Physics\Collision\ManifoldBetweenTwoFaces.h">
      <Filter>Jolt\Physics\Collision</Filter>
    </ClInclude>
    <ClInclude Include="..\..\..\..\..\src\Dependencies\JoltPhysics\Jolt\Physics\Collision\NarrowPhaseQuery.h">
      <Filter>Jolt\Physics\Collision</Filter>
    </ClInclude>
    <ClInclude Include="..\..\..\..\..\src\Dependencies\JoltPhysics\Jolt\Physics\Collision\NarrowPhaseStats.h">
      <Filter>Jolt\Physics\Collision</Filter>
    </ClInclude>
    <ClInclude Include="..\..\..\..\..\src\Dependencies\JoltPhysics\Jolt\Physics\Collision\ObjectLayer.h">
      <Filter>Jolt\Physics\Collision</Filter>
    </ClInclude>
    <ClInclude Include="..\..\..\..\..\src\Dependencies\JoltPhysics\Jolt\Physics\Collision\ObjectLayerPairFilterMask.h">
      <Filter>Jolt\Physics\Collision</Filter>
    </ClInclude>
    <ClInclude Include="..\..\..\..\..\src\Dependencies\JoltPhysics\Jolt\Physics\Collision\ObjectLayerPairFilterTable.h">
      <Filter>Jolt\Physics\Collision</Filter>
    </ClInclude>
    <ClInclude Include="..\..\..\..\..\src\Dependencies\JoltPhysics\Jolt\Physics\Collision\PhysicsMaterial.h">
      <Filter>Jolt\Physics\Collision</Filter>
    </ClInclude>
    <ClInclude Include="..\..\..\..\..\src\Dependencies\JoltPhysics\Jolt\Physics\Collision\PhysicsMaterialSimple.h">
      <Filter>Jolt\Physics\Collision</Filter>
    </ClInclude>
    <ClInclude Include="..\..\..\..\..\src\Dependencies\JoltPhysics\Jolt\Physics\Collision\RayCast.h">
      <Filter>Jolt\Physics\Collision</Filter>
    </ClInclude>
    <ClInclude Include="..\..\..\..\..\src\Dependencies\JoltPhysics\Jolt\Physics\Collision\Shape\BoxShape.h">
      <Filter>Jolt\Physics\Collision\Shape</Filter>
    </ClInclude>
    <ClInclude Include="..\..\..\..\..\src\Dependencies\JoltPhysics\Jolt\Physics\Collision\Shape\CapsuleShape.h">
      <Filter>Jolt\Physics\Collision\Shape</Filter>
    </ClInclude>
    <ClInclude Include="..\..\..\..\..\src\Dependencies\JoltPhysics\Jolt\Physics\Collision\Shape\CompoundShape.h">
      <Filter>Jolt\Physics\Collision\Shape</Filter>
    </ClInclude>
    <ClInclude Include="..\..\..\..\..\src\Dependencies\JoltPhysics\Jolt\Physics\Collision\Shape\CompoundShapeVisitors.h">
      <Filter>Jolt\Physics\Collision\Shape</Filter>
    </ClInclude>
    <ClInclude Include="..\..\..\..\..\src\Dependencies\JoltPhysics\Jolt\Physics\Collision\Shape\ConvexHullShape.h">
      <Filter>Jolt\Physics\Collision\Shape</Filter>
    </ClInclude>
    <ClInclude Include="..\..\..\..\..\src\Dependencies\JoltPhysics\Jolt\Physics\Collision\Shape\ConvexShape.h">
      <Filter>Jolt\Physics\Collision\Shape</Filter>
    </ClInclude>
    <ClInclude Include="..\..\..\..\..\src\Dependencies\JoltPhysics\Jolt\Physics\Collision\Shape\CylinderShape.h">
      <Filter>Jolt\Physics\Collision\Shape</Filter>
    </ClInclude>
    <ClInclude Include="..\..\..\..\..\src\Dependencies\JoltPhysics\Jolt\Physics\Collision\Shape\DecoratedShape.h">
      <Filter>Jolt\Physics\Collision\Shape</Filter>
    </ClInclude>
    <ClInclude Include="..\..\..\..\..\src\Dependencies\JoltPhysics\Jolt\Physics\Collision\Shape\GetTrianglesContext.h">
      <Filter>Jolt\Physics\Collision\Shape</Filter>
    </ClInclude>
    <ClInclude Include="..\..\..\..\..\src\Dependencies\JoltPhysics\Jolt\Physics\Collision\Shape\HeightFieldShape.h">
      <Filter>Jolt\Physics\Collision\Shape</Filter>
    </ClInclude>
    <ClInclude Include="..\..\..\..\..\src\Dependencies\JoltPhysics\Jolt\Physics\Collision\Shape\MeshShape.h">
      <Filter>Jolt\Physics\Collision\Shape</Filter>
    </ClInclude>
    <ClInclude Include="..\..\..\..\..\src\Dependencies\JoltPhysics\Jolt\Physics\Collision\Shape\MutableCompoundShape.h">
      <Filter>Jolt\Physics\Collision\Shape</Filter>
    </ClInclude>
    <ClInclude Include="..\..\..\..\..\src\Dependencies\JoltPhysics\Jolt\Physics\Collision\Shape\OffsetCenterOfMassShape.h">
      <Filter>Jolt\Physics\Collision\Shape</Filter>
    </ClInclude>
    <ClInclude Include="..\..\..\..\..\src\Dependencies\JoltPhysics\Jolt\Physics\Collision\Shape\PolyhedronSubmergedVolumeCalculator.h">
      <Filter>Jolt\Physics\Collision\Shape</Filter>
    </ClInclude>
    <ClInclude Include="..\..\..\..\..\src\Dependencies\JoltPhysics\Jolt\Physics\Collision\Shape\RotatedTranslatedShape.h">
      <Filter>Jolt\Physics\Collision\Shape</Filter>
    </ClInclude>
    <ClInclude Include="..\..\..\..\..\src\Dependencies\JoltPhysics\Jolt\Physics\Collision\Shape\ScaleHelpers.h">
      <Filter>Jolt\Physics\Collision\Shape</Filter>
    </ClInclude>
    <ClInclude Include="..\..\..\..\..\src\Dependencies\JoltPhysics\Jolt\Physics\Collision\Shape\ScaledShape.h">
      <Filter>Jolt\Physics\Collision\Shape</Filter>
    </ClInclude>
    <ClInclude Include="..\..\..\..\..\src\Dependencies\JoltPhysics\Jolt\Physics\Collision\Shape\Shape.h">
      <Filter>Jolt\Physics\Collision\Shape</Filter>
    </ClInclude>
    <ClInclude Include="..\..\..\..\..\src\Dependencies\JoltPhysics\Jolt\Physics\Collision\Shape\SphereShape.h">
      <Filter>Jolt\Physics\Collision\Shape</Filter>
    </ClInclude>
    <ClInclude Include="..\..\..\..\..\src\Dependencies\JoltPhysics\Jolt\Physics\Collision\Shape\StaticCompoundShape.h">
      <Filter>Jolt\Physics\Collision\Shape</Filter>
    </ClInclude>
    <ClInclude Include="..\..\..\..\..\src\Dependencies\JoltPhysics\Jolt\Physics\Collision\Shape\SubShapeID.h">
      <Filter>Jolt\Physics\Collision\Shape</Filter>
    </ClInclude>
    <ClInclude Include="..\..\..\..\..\src\Dependencies\JoltPhysics\Jolt\Physics\Collision\Shape\SubShapeIDPair.h">
      <Filter>Jolt\Physics\Collision\Shape</Filter>
    </ClInclude>
    <ClInclude Include="..\..\..\..\..\src\Dependencies\JoltPhysics\Jolt\Physics\Collision\Shape\TaperedCapsuleShape.h">
      <Filter>Jolt\Physics\Collision\Shape</Filter>
    </ClInclude>
    <ClInclude Include="..\..\..\..\..\src\Dependencies\JoltPhysics\Jolt\Physics\Collision\Shape\TriangleShape.h">
      <Filter>Jolt\Physics\Collision\Shape</Filter>
    </ClInclude>
    <ClInclude Include="..\..\..\..\..\src\Dependencies\JoltPhysics\Jolt\Physics\Collision\ShapeCast.h">
      <Filter>Jolt\Physics\Collision</Filter>
    </ClInclude>
    <ClInclude Include="..\..\..\..\..\src\Dependencies\JoltPhysics\Jolt\Physics\Collision\ShapeFilter.h">
      <Filter>Jolt\Physics\Collision</Filter>
    </ClInclude>
    <ClInclude Include="..\..\..\..\..\src\Dependencies\JoltPhysics\Jolt\Physics\Collision\SortReverseAndStore.h">
      <Filter>Jolt\Physics\Collision</Filter>
    </ClInclude>
    <ClInclude Include="..\..\..\..\..\src\Dependencies\JoltPhysics\Jolt\Physics\Collision\TransformedShape.h">
      <Filter>Jolt\Physics\Collision</Filter>
    </ClInclude>
    <ClInclude Include="..\..\..\..\..\src\Dependencies\JoltPhysics\Jolt\Physics\Constraints\CalculateSolverSteps.h">
      <Filter>Jolt\Physics\Constraints</Filter>
    </ClInclude>
    <ClInclude Include="..\..\..\..\..\src\Dependencies\JoltPhysics\Jolt\Physics\Constraints\ConeConstraint.h">
      <Filter>Jolt\Physics\Constraints</Filter>
    </ClInclude>
    <ClInclude Include="..\..\..\..\..\src\Dependencies\JoltPhysics\Jolt\Physics\Constraints\Constraint.h">
      <Filter>Jolt\Physics\Constraints</Filter>
    </ClInclude>
    <ClInclude Include="..\..\..\..\..\src\Dependencies\JoltPhysics\Jolt\Physics\Constraints\ConstraintManager.h">
      <Filter>Jolt\Physics\Constraints</Filter>
    </ClInclude>
    <ClInclude Include="..\..\..\..\..\src\Dependencies\JoltPhysics\Jolt\Physics\Constraints\ConstraintPart\AngleConstraintPart.h">
      <Filter>Jolt\Physics\Constraints\ConstraintPart</Filter>
    </ClInclude>
    <ClInclude Include="..\..\..\..\..\src\Dependencies\JoltPhysics\Jolt\Physics\Constraints\ConstraintPart\AxisConstraintPart.h">
      <Filter>Jolt\Physics\Constraints\ConstraintPart</Filter>
    </ClInclude>
    <ClInclude Include="..\..\..\..\..\src\Dependencies\JoltPhysics\Jolt\Physics\Constraints\ConstraintPart\DualAxisConstraintPart.h">
      <Filter>Jolt\Physics\Constraints\ConstraintPart</Filter>
    </ClInclude>
    <ClInclude Include="..\..\..\..\..\src\Dependencies\JoltPhysics\Jolt\Physics\Constraints\ConstraintPart\GearConstraintPart.h">
      <Filter>Jolt\Physics\Constraints\ConstraintPart</Filter>
    </ClInclude>
    <ClInclude Include="..\..\..\..\..\src\Dependencies\JoltPhysics\Jolt\Physics\Constraints\ConstraintPart\HingeRotationConstraintPart.h">
      <Filter>Jolt\Physics\Constraints\ConstraintPart</Filter>
    </ClInclude>
    <ClInclude Include="..\..\..\..\..\src\Dependencies\JoltPhysics\Jolt\Physics\Constraints\ConstraintPart\IndependentAxisConstraintPart.h">
      <Filter>Jolt\Physics\Constraints\ConstraintPart</Filter>
    </ClInclude>
    <ClInclude Include="..\..\..\..\..\src\Dependencies\JoltPhysics\Jolt\Physics\Constraints\ConstraintPart\PointConstraintPart.h">
      <Filter>Jolt\Physics\Constraints\ConstraintPart</Filter>
    </ClInclude>
    <ClInclude Include="..\..\..\..\..\src\Dependencies\JoltPhysics\Jolt\Physics\Constraints\ConstraintPart\RackAndPinionConstraintPart.h">
      <Filter>Jolt\Physics\Constraints\ConstraintPart</Filter>
    </ClInclude>
    <ClInclude Include="..\..\..\..\..\src\Dependencies\JoltPhysics\Jolt\Physics\Constraints\ConstraintPart\RotationEulerConstraintPart.h">
      <Filter>Jolt\Physics\Constraints\ConstraintPart</Filter>
    </ClInclude>
    <ClInclude Include="..\..\..\..\..\src\Dependencies\JoltPhysics\Jolt\Physics\Constraints\ConstraintPart\RotationQuatConstraintPart.h">
      <Filter>Jolt\Physics\Constraints\ConstraintPart</Filter>
    </ClInclude>
    <ClInclude Include="..\..\..\..\..\src\Dependencies\JoltPhysics\Jolt\Physics\Constraints\ConstraintPart\SpringPart.h">
      <Filter>Jolt\Physics\Constraints\ConstraintPart</Filter>
    </ClInclude>
    <ClInclude Include="..\..\..\..\..\src\Dependencies\JoltPhysics\Jolt\Physics\Constraints\ConstraintPart\SwingTwistConstraintPart.h">
      <Filter>Jolt\Physics\Constraints\ConstraintPart</Filter>
    </ClInclude>
    <ClInclude Include="..\..\..\..\..\src\Dependencies\JoltPhysics\Jolt\Physics\Constraints\ContactConstraintManager.h">
      <Filter>Jolt\Physics\Constraints</Filter>
    </ClInclude>
    <ClInclude Include="..\..\..\..\..\src\Dependencies\JoltPhysics\Jolt\Physics\Constraints\DistanceConstraint.h">
      <Filter>Jolt\Physics\Constraints</Filter>
    </ClInclude>
    <ClInclude Include="..\..\..\..\..\src\Dependencies\JoltPhysics\Jolt\Physics\Constraints\FixedConstraint.h">
      <Filter>Jolt\Physics\Constraints</Filter>
    </ClInclude>
    <ClInclude Include="..\..\..\..\..\src\Dependencies\JoltPhysics\Jolt\Physics\Constraints\GearConstraint.h">
      <Filter>Jolt\Physics\Constraints</Filter>
    </ClInclude>
    <ClInclude Include="..\..\..\..\..\src\Dependencies\JoltPhysics\Jolt\Physics\Constraints\HingeConstraint.h">
      <Filter>Jolt\Physics\Constraints</Filter>
    </ClInclude>
    <ClInclude Include="..\..\..\..\..\src\Dependencies\JoltPhysics\Jolt\Physics\Constraints\MotorSettings.h">
      <Filter>Jolt\Physics\Constraints</Filter>
    </ClInclude>
    <ClInclude Include="..\..\..\..\..\src\Dependencies\JoltPhysics\Jolt\Physics\Constraints\PathConstraint.h">
      <Filter>Jolt\Physics\Constraints</Filter>
    </ClInclude>
    <ClInclude Include="..\..\..\..\..\src\Dependencies\JoltPhysics\Jolt\Physics\Constraints\PathConstraintPath.h">
      <Filter>Jolt\Physics\Constraints</Filter>
    </ClInclude>
    <ClInclude Include="..\..\..\..\..\src\Dependencies\JoltPhysics\Jolt\Physics\Constraints\PathConstraintPathHermite.h">
      <Filter>Jolt\Physics\Constraints</Filter>
    </ClInclude>
    <ClInclude Include="..\..\..\..\..\src\Dependencies\JoltPhysics\Jolt\Physics\Constraints\PointConstraint.h">
      <Filter>Jolt\Physics\Constraints</Filter>
    </ClInclude>
    <ClInclude Include="..\..\..\..\..\src\Dependencies\JoltPhysics\Jolt\Physics\Constraints\PulleyConstraint.h">
      <Filter>Jolt\Physics\Constraints</Filter>
    </ClInclude>
    <ClInclude Include="..\..\..\..\..\src\Dependencies\JoltPhysics\Jolt\Physics\Constraints\RackAndPinionConstraint.h">
      <Filter>Jolt\Physics\Constraints</Filter>
    </ClInclude>
    <ClInclude Include="..\..\..\..\..\src\Dependencies\JoltPhysics\Jolt\Physics\Constraints\SixDOFConstraint.h">
      <Filter>Jolt\Physics\Constraints</Filter>
    </ClInclude>
    <ClInclude Include="..\..\..\..\..\src\Dependencies\JoltPhysics\Jolt\Physics\Constraints\SliderConstraint.h">
      <Filter>Jolt\Physics\Constraints</Filter>
    </ClInclude>
    <ClInclude Include="..\..\..\..\..\src\Dependencies\JoltPhysics\Jolt\Physics\Constraints\SpringSettings.h">
      <Filter>Jolt\Physics\Constraints</Filter>
    </ClInclude>
    <ClInclude Include="..\..\..\..\..\src\Dependencies\JoltPhysics\Jolt\Physics\Constraints\SwingTwistConstraint.h">
      <Filter>Jolt\Physics\Constraints</Filter>
    </ClInclude>
    <ClInclude Include="..\..\..\..\..\src\Dependencies\JoltPhysics\Jolt\Physics\Constraints\TwoBodyConstraint.h">
      <Filter>Jolt\Physics\Constraints</Filter>
    </ClInclude>
    <ClInclude Include="..\..\..\..\..\src\Dependencies\JoltPhysics\Jolt\Physics\DeterminismLog.h">
      <Filter>Jolt\Physics</Filter>
    </ClInclude>
    <ClInclude Include="..\..\..\..\..\src\Dependencies\JoltPhysics\Jolt\Physics\EActivation.h">
      <Filter>Jolt\Physics</Filter>
    </ClInclude>
    <ClInclude Include="..\..\..\..\..\src\Dependencies\JoltPhysics\Jolt\Physics\EPhysicsUpdateError.h">
      <Filter>Jolt\Physics</Filter>
    </ClInclude>
    <ClInclude Include="..\..\..\..\..\src\Dependencies\JoltPhysics\Jolt\Physics\IslandBuilder.h">
      <Filter>Jolt\Physics</Filter>
    </ClInclude>
    <ClInclude Include="..\..\..\..\..\src\Dependencies\JoltPhysics\Jolt\Physics\LargeIslandSplitter.h">
      <Filter>Jolt\Physics</Filter>
    </ClInclude>
    <ClInclude Include="..\..\..\..\..\src\Dependencies\JoltPhysics\Jolt\Physics\PhysicsLock.h">
      <Filter>Jolt\Physics</Filter>
    </ClInclude>
    <ClInclude Include="..\..\..\..\..\src\Dependencies\JoltPhysics\Jolt\Physics\PhysicsScene.h">
      <Filter>Jolt\Physics</Filter>
    </ClInclude>
    <ClInclude Include="..\..\..\..\..\src\Dependencies\JoltPhysics\Jolt\Physics\PhysicsSettings.h">
      <Filter>Jolt\Physics</Filter>
    </ClInclude>
    <ClInclude Include="..\..\..\..\..\src\Dependencies\JoltPhysics\Jolt\Physics\PhysicsStepListener.h">
      <Filter>Jolt\Physics</Filter>
    </ClInclude>
    <ClInclude Include="..\..\..\..\..\src\Dependencies\JoltPhysics\Jolt\Physics\PhysicsSystem.h">
      <Filter>Jolt\Physics</Filter>
    </ClInclude>
    <ClInclude Include="..\..\..\..\..\src\Dependencies\JoltPhysics\Jolt\Physics\PhysicsUpdateContext.h">
      <Filter>Jolt\Physics</Filter>
    </ClInclude>
    <ClInclude Include="..\..\..\..\..\src\Dependencies\JoltPhysics\Jolt\Physics\Ragdoll\Ragdoll.h">
      <Filter>Jolt\Physics\Ragdoll</Filter>
    </ClInclude>
    <ClInclude Include="..\..\..\..\..\src\Dependencies\JoltPhysics\Jolt\Physics\SoftBody\SoftBodyContactListener.h">
      <Filter>Jolt\Physics\SoftBody</Filter>
    </ClInclude>
    <ClInclude Include="..\..\..\..\..\src\Dependencies\JoltPhysics\Jolt\Physics\SoftBody\SoftBodyCreationSettings.h">
      <Filter>Jolt\Physics\SoftBody</Filter>
    </ClInclude>
    <ClInclude Include="..\..\..\..\..\src\Dependencies\JoltPhysics\Jolt\Physics\SoftBody\SoftBodyManifold.h">
      <Filter>Jolt\Physics\SoftBody</Filter>
    </ClInclude>
    <ClInclude Include="..\..\..\..\..\src\Dependencies\JoltPhysics\Jolt\Physics\SoftBody\SoftBodyMotionProperties.h">
      <Filter>Jolt\Physics\SoftBody</Filter>
    </ClInclude>
    <ClInclude Include="..\..\..\..\..\src\Dependencies\JoltPhysics\Jolt\Physics\SoftBody\SoftBodyShape.h">
      <Filter>Jolt\Physics\SoftBody</Filter>
    </ClInclude>
    <ClInclude Include="..\..\..\..\..\src\Dependencies\JoltPhysics\Jolt\Physics\SoftBody\SoftBodySharedSettings.h">
      <Filter>Jolt\Physics\SoftBody</Filter>
    </ClInclude>
    <ClInclude Include="..\..\..\..\..\src\Dependencies\JoltPhysics\Jolt\Physics\SoftBody\SoftBodyUpdateContext.h">
      <Filter>Jolt\Physics\SoftBody</Filter>
    </ClInclude>
    <ClInclude Include="..\..\..\..\..\src\Dependencies\JoltPhysics\Jolt\Physics\SoftBody\SoftBodyVertex.h">
      <Filter>Jolt\Physics\SoftBody</Filter>
    </ClInclude>
    <ClInclude Include="..\..\..\..\..\src\Dependencies\JoltPhysics\Jolt\Physics\StateRecorder.h">
      <Filter>Jolt\Physics</Filter>
    </ClInclude>
    <ClInclude Include="..\..\..\..\..\src\Dependencies\JoltPhysics\Jolt\Physics\StateRecorderImpl.h">
      <Filter>Jolt\Physics</Filter>
    </ClInclude>
    <ClInclude Include="..\..\..\..\..\src\Dependencies\JoltPhysics\Jolt\Physics\Vehicle\MotorcycleController.h">
      <Filter>Jolt\Physics\Vehicle</Filter>
    </ClInclude>
    <ClInclude Include="..\..\..\..\..\src\Dependencies\JoltPhysics\Jolt\Physics\Vehicle\TrackedVehicleController.h">
      <Filter>Jolt\Physics\Vehicle</Filter>
    </ClInclude>
    <ClInclude Include="..\..\..\..\..\src\Dependencies\JoltPhysics\Jolt\Physics\Vehicle\VehicleAntiRollBar.h">
      <Filter>Jolt\Physics\Vehicle</Filter>
    </ClInclude>
    <ClInclude Include="..\..\..\..\..\src\Dependencies\JoltPhysics\Jolt\Physics\Vehicle\VehicleCollisionTester.h">
      <Filter>Jolt\Physics\Vehicle</Filter>
    </ClInclude>
    <ClInclude Include="..\..\..\..\..\src\Dependencies\JoltPhysics\Jolt\Physics\Vehicle\VehicleConstraint.h">
      <Filter>Jolt\Physics\Vehicle</Filter>
    </ClInclude>
    <ClInclude Include="..\..\..\..\..\src\Dependencies\JoltPhysics\Jolt\Physics\Vehicle\VehicleController.h">
      <Filter>Jolt\Physics\Vehicle</Filter>
    </ClInclude>
    <ClInclude Include="..\..\..\..\..\src\Dependencies\JoltPhysics\Jolt\Physics\Vehicle\VehicleDifferential.h">
      <Filter>Jolt\Physics\Vehicle</Filter>
    </ClInclude>
    <ClInclude Include="..\..\..\..\..\src\Dependencies\JoltPhysics\Jolt\Physics\Vehicle\VehicleEngine.h">
      <Filter>Jolt\Physics\Vehicle</Filter>
    </ClInclude>
    <ClInclude Include="..\..\..\..\..\src\Dependencies\JoltPhysics\Jolt\Physics\Vehicle\VehicleTrack.h">
      <Filter>Jolt\Physics\Vehicle</Filter>
    </ClInclude>
    <ClInclude Include="..\..\..\..\..\src\Dependencies\JoltPhysics\Jolt\Physics\Vehicle\VehicleTransmission.h">
      <Filter>Jolt\Physics\Vehicle</Filter>
    </ClInclude>
    <ClInclude Include="..\..\..\..\..\src\Dependencies\JoltPhysics\Jolt\Physics\Vehicle\Wheel.h">
      <Filter>Jolt\Physics\Vehicle</Filter>
    </ClInclude>
    <ClInclude Include="..\..\..\..\..\src\Dependencies\JoltPhysics\Jolt\Physics\Vehicle\WheeledVehicleController.h">
      <Filter>Jolt\Physics\Vehicle</Filter>
    </ClInclude>
    <ClInclude Include="..\..\..\..\..\src\Dependencies\JoltPhysics\Jolt\RegisterTypes.h">
      <Filter>Jolt</Filter>
    </ClInclude>
    <ClInclude Include="..\..\..\..\..\src\Dependencies\JoltPhysics\Jolt\Renderer\DebugRenderer.h">
      <Filter>Jolt\Renderer</Filter>
    </ClInclude>
    <ClInclude Include="..\..\..\..\..\src\Dependencies\JoltPhysics\Jolt\Renderer\DebugRendererPlayback.h">
      <Filter>Jolt\Renderer</Filter>
    </ClInclude>
    <ClInclude Include="..\..\..\..\..\src\Dependencies\JoltPhysics\Jolt\Renderer\DebugRendererRecorder.h">
      <Filter>Jolt\Renderer</Filter>
    </ClInclude>
    <ClInclude Include="..\..\..\..\..\src\Dependencies\JoltPhysics\Jolt\Renderer\DebugRendererSimple.h">
      <Filter>Jolt\Renderer</Filter>
    </ClInclude>
    <ClInclude Include="..\..\..\..\..\src\Dependencies\JoltPhysics\Jolt\Skeleton\SkeletalAnimation.h">
      <Filter>Jolt\Skeleton</Filter>
    </ClInclude>
    <ClInclude Include="..\..\..\..\..\src\Dependencies\JoltPhysics\Jolt\Skeleton\Skeleton.h">
      <Filter>Jolt\Skeleton</Filter>
    </ClInclude>
    <ClInclude Include="..\..\..\..\..\src\Dependencies\JoltPhysics\Jolt\Skeleton\SkeletonMapper.h">
      <Filter>Jolt\Skeleton</Filter>
    </ClInclude>
    <ClInclude Include="..\..\..\..\..\src\Dependencies\JoltPhysics\Jolt\Skeleton\SkeletonPose.h">
      <Filter>Jolt\Skeleton</Filter>
    </ClInclude>
    <ClInclude Include="..\..\..\..\..\src\Dependencies\JoltPhysics\Jolt\TriangleGrouper\TriangleGrouper.h">
      <Filter>Jolt\TriangleGrouper</Filter>
    </ClInclude>
    <ClInclude Include="..\..\..\..\..\src\Dependencies\JoltPhysics\Jolt\TriangleGrouper\TriangleGrouperClosestCentroid.h">
      <Filter>Jolt\TriangleGrouper</Filter>
    </ClInclude>
    <ClInclude Include="..\..\..\..\..\src\Dependencies\JoltPhysics\Jolt\TriangleGrouper\TriangleGrouperMorton.h">
      <Filter>Jolt\TriangleGrouper</Filter>
    </ClInclude>
    <ClInclude Include="..\..\..\..\..\src\Dependencies\JoltPhysics\Jolt\TriangleSplitter\TriangleSplitter.h">
      <Filter>Jolt\TriangleSplitter</Filter>
    </ClInclude>
    <ClInclude Include="..\..\..\..\..\src\Dependencies\JoltPhysics\Jolt\TriangleSplitter\TriangleSplitterBinning.h">
      <Filter>Jolt\TriangleSplitter</Filter>
    </ClInclude>
    <ClInclude Include="..\..\..\..\..\src\Dependencies\JoltPhysics\Jolt\TriangleSplitter\TriangleSplitterFixedLeafSize.h">
      <Filter>Jolt\TriangleSplitter</Filter>
    </ClInclude>
    <ClInclude Include="..\..\..\..\..\src\Dependencies\JoltPhysics\Jolt\TriangleSplitter\TriangleSplitterLongestAxis.h">
      <Filter>Jolt\TriangleSplitter</Filter>
    </ClInclude>
    <ClInclude Include="..\..\..\..\..\src\Dependencies\JoltPhysics\Jolt\TriangleSplitter\TriangleSplitterMean.h">
      <Filter>Jolt\TriangleSplitter</Filter>
    </ClInclude>
    <ClInclude Include="..\..\..\..\..\src\Dependencies\JoltPhysics\Jolt\TriangleSplitter\TriangleSplitterMorton.h">
      <Filter>Jolt\TriangleSplitter</Filter>
    </ClInclude>
  </ItemGroup>
  <ItemGroup>
    <ClCompile Include="..\..\..\..\..\src\Dependencies\JoltPhysics\Jolt\AABBTree\AABBTreeBuilder.cpp">
      <Filter>Jolt\AABBTree</Filter>
    </ClCompile>
    <ClCompile Include="..\..\..\..\..\src\Dependencies\JoltPhysics\Jolt\Core\Color.cpp">
      <Filter>Jolt\Core</Filter>
    </ClCompile>
    <ClCompile Include="..\..\..\..\..\src\Dependencies\JoltPhysics\Jolt\Core\Factory.cpp">
      <Filter>Jolt\Core</Filter>
    </ClCompile>
    <ClCompile Include="..\..\..\..\..\src\Dependencies\JoltPhysics\Jolt\Core\IssueReporting.cpp">
      <Filter>Jolt\Core</Filter>
    </ClCompile>
    <ClCompile Include="..\..\..\..\..\src\Dependencies\JoltPhysics\Jolt\Core\JobSystemSingleThreaded.cpp">
      <Filter>Jolt\Core</Filter>
    </ClCompile>
    <ClCompile Include="..\..\..\..\..\src\Dependencies\JoltPhysics\Jolt\Core\JobSystemThreadPool.cpp">
      <Filter>Jolt\Core</Filter>
    </ClCompile>
    <ClCompile Include="..\..\..\..\..\src\Dependencies\JoltPhysics\Jolt\Core\JobSystemWithBarrier.cpp">
      <Filter>Jolt\Core</Filter>
    </ClCompile>
    <ClCompile Include="..\..\..\..\..\src\Dependencies\JoltPhysics\Jolt\Core\LinearCurve.cpp">
      <Filter>Jolt\Core</Filter>
    </ClCompile>
    <ClCompile Include="..\..\..\..\..\src\Dependencies\JoltPhysics\Jolt\Core\Memory.cpp">
      <Filter>Jolt\Core</Filter>
    </ClCompile>
    <ClCompile Include="..\..\..\..\..\src\Dependencies\JoltPhysics\Jolt\Core\Profiler.cpp">
      <Filter>Jolt\Core</Filter>
    </ClCompile>
    <ClCompile Include="..\..\..\..\..\src\Dependencies\JoltPhysics\Jolt\Core\RTTI.cpp">
      <Filter>Jolt\Core</Filter>
    </ClCompile>
    <ClCompile Include="..\..\..\..\..\src\Dependencies\JoltPhysics\Jolt\Core\Semaphore.cpp">
      <Filter>Jolt\Core</Filter>
    </ClCompile>
    <ClCompile Include="..\..\..\..\..\src\Dependencies\JoltPhysics\Jolt\Core\StringTools.cpp">
      <Filter>Jolt\Core</Filter>
    </ClCompile>
    <ClCompile Include="..\..\..\..\..\src\Dependencies\JoltPhysics\Jolt\Core\TickCounter.cpp">
      <Filter>Jolt\Core</Filter>
    </ClCompile>
    <ClCompile Include="..\..\..\..\..\src\Dependencies\JoltPhysics\Jolt\Geometry\ConvexHullBuilder.cpp">
      <Filter>Jolt\Geometry</Filter>
    </ClCompile>
    <ClCompile Include="..\..\..\..\..\src\Dependencies\JoltPhysics\Jolt\Geometry\ConvexHullBuilder2D.cpp">
      <Filter>Jolt\Geometry</Filter>
    </ClCompile>
    <ClCompile Include="..\..\..\..\..\src\Dependencies\JoltPhysics\Jolt\Geometry\Indexify.cpp">
      <Filter>Jolt\Geometry</Filter>
    </ClCompile>
    <ClCompile Include="..\..\..\..\..\src\Dependencies\JoltPhysics\Jolt\Geometry\OrientedBox.cpp">
      <Filter>Jolt\Geometry</Filter>
    </ClCompile>
    <ClCompile Include="..\..\..\..\..\src\Dependencies\JoltPhysics\Jolt\Math\Vec3.cpp">
      <Filter>Jolt\Math</Filter>
    </ClCompile>
    <ClCompile Include="..\..\..\..\..\src\Dependencies\JoltPhysics\Jolt\ObjectStream\ObjectStream.cpp">
      <Filter>Jolt\ObjectStream</Filter>
    </ClCompile>
    <ClCompile Include="..\..\..\..\..\src\Dependencies\JoltPhysics\Jolt\ObjectStream\ObjectStreamBinaryIn.cpp">
      <Filter>Jolt\ObjectStream</Filter>
    </ClCompile>
    <ClCompile Include="..\..\..\..\..\src\Dependencies\JoltPhysics\Jolt\ObjectStream\ObjectStreamBinaryOut.cpp">
      <Filter>Jolt\ObjectStream</Filter>
    </ClCompile>
    <ClCompile Include="..\..\..\..\..\src\Dependencies\JoltPhysics\Jolt\ObjectStream\ObjectStreamIn.cpp">
      <Filter>Jolt\ObjectStream</Filter>
    </ClCompile>
    <ClCompile Include="..\..\..\..\..\src\Dependencies\JoltPhysics\Jolt\ObjectStream\ObjectStreamOut.cpp">
      <Filter>Jolt\ObjectStream</Filter>
    </ClCompile>
    <ClCompile Include="..\..\..\..\..\src\Dependencies\JoltPhysics\Jolt\ObjectStream\ObjectStreamTextIn.cpp">
      <Filter>Jolt\ObjectStream</Filter>
    </ClCompile>
    <ClCompile Include="..\..\..\..\..\src\Dependencies\JoltPhysics\Jolt\ObjectStream\ObjectStreamTextOut.cpp">
      <Filter>Jolt\ObjectStream</Filter>
    </ClCompile>
    <ClCompile Include="..\..\..\..\..\src\Dependencies\JoltPhysics\Jolt\ObjectStream\SerializableObject.cpp">
      <Filter>Jolt\ObjectStream</Filter>
    </ClCompile>
    <ClCompile Include="..\..\..\..\..\src\Dependencies\JoltPhysics\Jolt\ObjectStream\TypeDeclarations.cpp">
      <Filter>Jolt\ObjectStream</Filter>
    </ClCompile>
    <ClCompile Include="..\..\..\..\..\src\Dependencies\JoltPhysics\Jolt\Physics\Body\Body.cpp">
      <Filter>Jolt\Physics\Body</Filter>
    </ClCompile>
    <ClCompile Include="..\..\..\..\..\src\Dependencies\JoltPhysics\Jolt\Physics\Body\BodyAccess.cpp">
      <Filter>Jolt\Physics\Body</Filter>
    </ClCompile>
    <ClCompile Include="..\..\..\..\..\src\Dependencies\JoltPhysics\Jolt\Physics\Body\BodyCreationSettings.cpp">
      <Filter>Jolt\Physics\Body</Filter>
    </ClCompile>
    <ClCompile Include="..\..\..\..\..\src\Dependencies\JoltPhysics\Jolt\Physics\Body\BodyInterface.cpp">
      <Filter>Jolt\Physics\Body</Filter>
    </ClCompile>
    <ClCompile Include="..\..\..\..\..\src\Dependencies\JoltPhysics\Jolt\Physics\Body\BodyManager.cpp">
      <Filter>Jolt\Physics\Body</Filter>
    </ClCompile>
    <ClCompile Include="..\..\..\..\..\src\Dependencies\JoltPhysics\Jolt\Physics\Body\MassProperties.cpp">
      <Filter>Jolt\Physics\Body</Filter>
    </ClCompile>
    <ClCompile Include="..\..\..\..\..\src\Dependencies\JoltPhysics\Jolt\Physics\Body\MotionProperties.cpp">
      <Filter>Jolt\Physics\Body</Filter>
    </ClCompile>
    <ClCompile Include="..\..\..\..\..\src\Dependencies\JoltPhysics\Jolt\Physics\Character\Character.cpp">
      <Filter>Jolt\Physics\Character</Filter>
    </ClCompile>
    <ClCompile Include="..\..\..\..\..\src\Dependencies\JoltPhysics\Jolt\Physics\Character\CharacterBase.cpp">
      <Filter>Jolt\Physics\Character</Filter>
    </ClCompile>
    <ClCompile Include="..\..\..\..\..\src\Dependencies\JoltPhysics\Jolt\Physics\Character\CharacterVirtual.cpp">
      <Filter>Jolt\Physics\Character</Filter>
    </ClCompile>
    <ClCompile Include="..\..\..\..\..\src\Dependencies\JoltPhysics\Jolt\Physics\Collision\BroadPhase\BroadPhase.cpp">
      <Filter>Jolt\Physics\Collision\BroadPhase</Filter>
    </ClCompile>
    <ClCompile Include="..\..\..\..\..\src\Dependencies\JoltPhysics\Jolt\Physics\Collision\BroadPhase\BroadPhaseBruteForce.cpp">
      <Filter>Jolt\Physics\Collision\BroadPhase</Filter>
    </ClCompile>
    <ClCompile Include="..\..\..\..\..\src\Dependencies\JoltPhysics\Jolt\Physics\Collision\BroadPhase\BroadPhaseQuadTree.cpp">
      <Filter>Jolt\Physics\Collision\BroadPhase</Filter>
    </ClCompile>
    <ClCompile Include="..\..\..\..\..\src\Dependencies\JoltPhysics\Jolt\Physics\Collision\BroadPhase\QuadTree.cpp">
      <Filter>Jolt\Physics\Collision\BroadPhase</Filter>
    </ClCompile>
    <ClCompile Include="..\..\..\..\..\src\Dependencies\JoltPhysics\Jolt\Physics\Collision\CastConvexVsTriangles.cpp">
      <Filter>Jolt\Physics\Collision</Filter>
    </ClCompile>
    <ClCompile Include="..\..\..\..\..\src\Dependencies\JoltPhysics\Jolt\Physics\Collision\CastSphereVsTriangles.cpp">
      <Filter>Jolt\Physics\Collision</Filter>
    </ClCompile>
    <ClCompile Include="..\..\..\..\..\src\Dependencies\JoltPhysics\Jolt\Physics\Collision\CollideConvexVsTriangles.cpp">
      <Filter>Jolt\Physics\Collision</Filter>
    </ClCompile>
    <ClCompile Include="..\..\..\..\..\src\Dependencies\JoltPhysics\Jolt\Physics\Collision\CollideSphereVsTriangles.cpp">
      <Filter>Jolt\Physics\Collision</Filter>
    </ClCompile>
    <ClCompile Include="..\..\..\..\..\src\Dependencies\JoltPhysics\Jolt\Physics\Collision\CollisionDispatch.cpp">
      <Filter>Jolt\Physics\Collision</Filter>
    </ClCompile>
    <ClCompile Include="..\..\..\..\..\src\Dependencies\JoltPhysics\Jolt\Physics\Collision\CollisionGroup.cpp">
      <Filter>Jolt\Physics\Collision</Filter>
    </ClCompile>
    <ClCompile Include="..\..\..\..\..\src\Dependencies\JoltPhysics\Jolt\Physics\Collision\EstimateCollisionResponse.cpp">
      <Filter>Jolt\Physics\Collision</Filter>
    </ClCompile>
    <ClCompile Include="..\..\..\..\..\src\Dependencies\JoltPhysics\Jolt\Physics\Collision\GroupFilter.cpp">
      <Filter>Jolt\Physics\Collision</Filter>
    </ClCompile>
    <ClCompile Include="..\..\..\..\..\src\Dependencies\JoltPhysics\Jolt\Physics\Collision\GroupFilterTable.cpp">
      <Filter>Jolt\Physics\Collision</Filter>
    </ClCompile>
    <ClCompile Include="..\..\..\..\..\src\Dependencies\JoltPhysics\Jolt\Physics\Collision\ManifoldBetweenTwoFaces.cpp">
      <Filter>Jolt\Physics\Collision</Filter>
    </ClCompile>
    <ClCompile Include="..\..\..\..\..\src\Dependencies\JoltPhysics\Jolt\Physics\Collision\NarrowPhaseQuery.cpp">
      <Filter>Jolt\Physics\Collision</Filter>
    </ClCompile>
    <ClCompile Include="..\..\..\..\..\src\Dependencies\JoltPhysics\Jolt\Physics\Collision\NarrowPhaseStats.cpp">
      <Filter>Jolt\Physics\Collision</Filter>
    </ClCompile>
    <ClCompile Include="..\..\..\..\..\src\Dependencies\JoltPhysics\Jolt\Physics\Collision\PhysicsMaterial.cpp">
      <Filter>Jolt\Physics\Collision</Filter>
    </ClCompile>
    <ClCompile Include="..\..\..\..\..\src\Dependencies\JoltPhysics\Jolt\Physics\Collision\PhysicsMaterialSimple.cpp">
      <Filter>Jolt\Physics\Collision</Filter>
    </ClCompile>
    <ClCompile Include="..\..\..\..\..\src\Dependencies\JoltPhysics\Jolt\Physics\Collision\Shape\BoxShape.cpp">
      <Filter>Jolt\Physics\Collision\Shape</Filter>
    </ClCompile>
    <ClCompile Include="..\..\..\..\..\src\Dependencies\JoltPhysics\Jolt\Physics\Collision\Shape\CapsuleShape.cpp">
      <Filter>Jolt\Physics\Collision\Shape</Filter>
    </ClCompile>
    <ClCompile Include="..\..\..\..\..\src\Dependencies\JoltPhysics\Jolt\Physics\Collision\Shape\CompoundShape.cpp">
      <Filter>Jolt\Physics\Collision\Shape</Filter>
    </ClCompile>
    <ClCompile Include="..\..\..\..\..\src\Dependencies\JoltPhysics\Jolt\Physics\Collision\Shape\ConvexHullShape.cpp">
      <Filter>Jolt\Physics\Collision\Shape</Filter>
    </ClCompile>
    <ClCompile Include="..\..\..\..\..\src\Dependencies\JoltPhysics\Jolt\Physics\Collision\Shape\ConvexShape.cpp">
      <Filter>Jolt\Physics\Collision\Shape</Filter>
    </ClCompile>
    <ClCompile Include="..\..\..\..\..\src\Dependencies\JoltPhysics\Jolt\Physics\Collision\Shape\CylinderShape.cpp">
      <Filter>Jolt\Physics\Collision\Shape</Filter>
    </ClCompile>
    <ClCompile Include="..\..\..\..\..\src\Dependencies\JoltPhysics\Jolt\Physics\Collision\Shape\DecoratedShape.cpp">
      <Filter>Jolt\Physics\Collision\Shape</Filter>
    </ClCompile>
    <ClCompile Include="..\..\..\..\..\src\Dependencies\JoltPhysics\Jolt\Physics\Collision\Shape\HeightFieldShape.cpp">
      <Filter>Jolt\Physics\Collision\Shape</Filter>
    </ClCompile>
    <ClCompile Include="..\..\..\..\..\src\Dependencies\JoltPhysics\Jolt\Physics\Collision\Shape\MeshShape.cpp">
      <Filter>Jolt\Physics\Collision\Shape</Filter>
    </ClCompile>
    <ClCompile Include="..\..\..\..\..\src\Dependencies\JoltPhysics\Jolt\Physics\Collision\Shape\MutableCompoundShape.cpp">
      <Filter>Jolt\Physics\Collision\Shape</Filter>
    </ClCompile>
    <ClCompile Include="..\..\..\..\..\src\Dependencies\JoltPhysics\Jolt\Physics\Collision\Shape\OffsetCenterOfMassShape.cpp">
      <Filter>Jolt\Physics\Collision\Shape</Filter>
    </ClCompile>
    <ClCompile Include="..\..\..\..\..\src\Dependencies\JoltPhysics\Jolt\Physics\Collision\Shape\RotatedTranslatedShape.cpp">
      <Filter>Jolt\Physics\Collision\Shape</Filter>
    </ClCompile>
    <ClCompile Include="..\..\..\..\..\src\Dependencies\JoltPhysics\Jolt\Physics\Collision\Shape\ScaledShape.cpp">
      <Filter>Jolt\Physics\Collision\Shape</Filter>
    </ClCompile>
    <ClCompile Include="..\..\..\..\..\src\Dependencies\JoltPhysics\Jolt\Physics\Collision\Shape\Shape.cpp">
      <Filter>Jolt\Physics\Collision\Shape</Filter>
    </ClCompile>
    <ClCompile Include="..\..\..\..\..\src\Dependencies\JoltPhysics\Jolt\Physics\Collision\Shape\SphereShape.cpp">
      <Filter>Jolt\Physics\Collision\Shape</Filter>
    </ClCompile>
    <ClCompile Include="..\..\..\..\..\src\Dependencies\JoltPhysics\Jolt\Physics\Collision\Shape\StaticCompoundShape.cpp">
      <Filter>Jolt\Physics\Collision\Shape</Filter>
    </ClCompile>
    <ClCompile Include="..\..\..\..\..\src\Dependencies\JoltPhysics\Jolt\Physics\Collision\Shape\TaperedCapsuleShape.cpp">
      <Filter>Jolt\Physics\Collision\Shape</Filter>
    </ClCompile>
    <ClCompile Include="..\..\..\..\..\src\Dependencies\JoltPhysics\Jolt\Physics\Collision\Shape\TriangleShape.cpp">
      <Filter>Jolt\Physics\Collision\Shape</Filter>
    </ClCompile>
    <ClCompile Include="..\..\..\..\..\src\Dependencies\JoltPhysics\Jolt\Physics\Collision\TransformedShape.cpp">
      <Filter>Jolt\Physics\Collision</Filter>
    </ClCompile>
    <ClCompile Include="..\..\..\..\..\src\Dependencies\JoltPhysics\Jolt\Physics\Constraints\ConeConstraint.cpp">
      <Filter>Jolt\Physics\Constraints</Filter>
    </ClCompile>
    <ClCompile Include="..\..\..\..\..\src\Dependencies\JoltPhysics\Jolt\Physics\Constraints\Constraint.cpp">
      <Filter>Jolt\Physics\Constraints</Filter>
    </ClCompile>
    <ClCompile Include="..\..\..\..\..\src\Dependencies\JoltPhysics\Jolt\Physics\Constraints\ConstraintManager.cpp">
      <Filter>Jolt\Physics\Constraints</Filter>
    </ClCompile>
    <ClCompile Include="..\..\..\..\..\src\Dependencies\JoltPhysics\Jolt\Physics\Constraints\ContactConstraintManager.cpp">
      <Filter>Jolt\Physics\Constraints</Filter>
    </ClCompile>
    <ClCompile Include="..\..\..\..\..\src\Dependencies\JoltPhysics\Jolt\Physics\Constraints\DistanceConstraint.cpp">
      <Filter>Jolt\Physics\Constraints</Filter>
    </ClCompile>
    <ClCompile Include="..\..\..\..\..\src\Dependencies\JoltPhysics\Jolt\Physics\Constraints\FixedConstraint.cpp">
      <Filter>Jolt\Physics\Constraints</Filter>
    </ClCompile>
    <ClCompile Include="..\..\..\..\..\src\Dependencies\JoltPhysics\Jolt\Physics\Constraints\GearConstraint.cpp">
      <Filter>Jolt\Physics\Constraints</Filter>
    </ClCompile>
    <ClCompile Include="..\..\..\..\..\src\Dependencies\JoltPhysics\Jolt\Physics\Constraints\HingeConstraint.cpp">
      <Filter>Jolt\Physics\Constraints</Filter>
    </ClCompile>
    <ClCompile Include="..\..\..\..\..\src\Dependencies\JoltPhysics\Jolt\Physics\Constraints\MotorSettings.cpp">
      <Filter>Jolt\Physics\Constraints</Filter>
    </ClCompile>
    <ClCompile Include="..\..\..\..\..\src\Dependencies\JoltPhysics\Jolt\Physics\Constraints\PathConstraint.cpp">
      <Filter>Jolt\Physics\Constraints</Filter>
    </ClCompile>
    <ClCompile Include="..\..\..\..\..\src\Dependencies\JoltPhysics\Jolt\Physics\Constraints\PathConstraintPath.cpp">
      <Filter>Jolt\Physics\Constraints</Filter>
    </ClCompile>
    <ClCompile Include="..\..\..\..\..\src\Dependencies\JoltPhysics\Jolt\Physics\Constraints\PathConstraintPathHermite.cpp">
      <Filter>Jolt\Physics\Constraints</Filter>
    </ClCompile>
    <ClCompile Include="..\..\..\..\..\src\Dependencies\JoltPhysics\Jolt\Physics\Constraints\PointConstraint.cpp">
      <Filter>Jolt\Physics\Constraints</Filter>
    </ClCompile>
    <ClCompile Include="..\..\..\..\..\src\Dependencies\JoltPhysics\Jolt\Physics\Constraints\PulleyConstraint.cpp">
      <Filter>Jolt\Physics\Constraints</Filter>
    </ClCompile>
    <ClCompile Include="..\..\..\..\..\src\Dependencies\JoltPhysics\Jolt\Physics\Constraints\RackAndPinionConstraint.cpp">
      <Filter>Jolt\Physics\Constraints</Filter>
    </ClCompile>
    <ClCompile Include="..\..\..\..\..\src\Dependencies\JoltPhysics\Jolt\Physics\Constraints\SixDOFConstraint.cpp">
      <Filter>Jolt\Physics\Constraints</Filter>
    </ClCompile>
    <ClCompile Include="..\..\..\..\..\src\Dependencies\JoltPhysics\Jolt\Physics\Constraints\SliderConstraint.cpp">
      <Filter>Jolt\Physics\Constraints</Filter>
    </ClCompile>
    <ClCompile Include="..\..\..\..\..\src\Dependencies\JoltPhysics\Jolt\Physics\Constraints\SpringSettings.cpp">
      <Filter>Jolt\Physics\Constraints</Filter>
    </ClCompile>
    <ClCompile Include="..\..\..\..\..\src\Dependencies\JoltPhysics\Jolt\Physics\Constraints\SwingTwistConstraint.cpp">
      <Filter>Jolt\Physics\Constraints</Filter>
    </ClCompile>
    <ClCompile Include="..\..\..\..\..\src\Dependencies\JoltPhysics\Jolt\Physics\Constraints\TwoBodyConstraint.cpp">
      <Filter>Jolt\Physics\Constraints</Filter>
    </ClCompile>
    <ClCompile Include="..\..\..\..\..\src\Dependencies\JoltPhysics\Jolt\Physics\DeterminismLog.cpp">
      <Filter>Jolt\Physics</Filter>
    </ClCompile>
    <ClCompile Include="..\..\..\..\..\src\Dependencies\JoltPhysics\Jolt\Physics\IslandBuilder.cpp">
      <Filter>Jolt\Physics</Filter>
    </ClCompile>
    <ClCompile Include="..\..\..\..\..\src\Dependencies\JoltPhysics\Jolt\Physics\LargeIslandSplitter.cpp">
      <Filter>Jolt\Physics</Filter>
    </ClCompile>
    <ClCompile Include="..\..\..\..\..\src\Dependencies\JoltPhysics\Jolt\Physics\PhysicsLock.cpp">
      <Filter>Jolt\Physics</Filter>
    </ClCompile>
    <ClCompile Include="..\..\..\..\..\src\Dependencies\JoltPhysics\Jolt\Physics\PhysicsScene.cpp">
      <Filter>Jolt\Physics</Filter>
    </ClCompile>
    <ClCompile Include="..\..\..\..\..\src\Dependencies\JoltPhysics\Jolt\Physics\PhysicsSystem.cpp">
      <Filter>Jolt\Physics</Filter>
    </ClCompile>
    <ClCompile Include="..\..\..\..\..\src\Dependencies\JoltPhysics\Jolt\Physics\PhysicsUpdateContext.cpp">
      <Filter>Jolt\Physics</Filter>
    </ClCompile>
    <ClCompile Include="..\..\..\..\..\src\Dependencies\JoltPhysics\Jolt\Physics\Ragdoll\Ragdoll.cpp">
      <Filter>Jolt\Physics\Ragdoll</Filter>
    </ClCompile>
    <ClCompile Include="..\..\..\..\..\src\Dependencies\JoltPhysics\Jolt\Physics\SoftBody\SoftBodyCreationSettings.cpp">
      <Filter>Jolt\Physics\SoftBody</Filter>
    </ClCompile>
    <ClCompile Include="..\..\..\..\..\src\Dependencies\JoltPhysics\Jolt\Physics\SoftBody\SoftBodyMotionProperties.cpp">
      <Filter>Jolt\Physics\SoftBody</Filter>
    </ClCompile>
    <ClCompile Include="..\..\..\..\..\src\Dependencies\JoltPhysics\Jolt\Physics\SoftBody\SoftBodyShape.cpp">
      <Filter>Jolt\Physics\SoftBody</Filter>
    </ClCompile>
    <ClCompile Include="..\..\..\..\..\src\Dependencies\JoltPhysics\Jolt\Physics\SoftBody\SoftBodySharedSettings.cpp">
      <Filter>Jolt\Physics\SoftBody</Filter>
    </ClCompile>
    <ClCompile Include="..\..\..\..\..\src\Dependencies\JoltPhysics\Jolt\Physics\StateRecorderImpl.cpp">
      <Filter>Jolt\Physics</Filter>
    </ClCompile>
    <ClCompile Include="..\..\..\..\..\src\Dependencies\JoltPhysics\Jolt\Physics\Vehicle\MotorcycleController.cpp">
      <Filter>Jolt\Physics\Vehicle</Filter>
    </ClCompile>
    <ClCompile Include="..\..\..\..\..\src\Dependencies\JoltPhysics\Jolt\Physics\Vehicle\TrackedVehicleController.cpp">
      <Filter>Jolt\Physics\Vehicle</Filter>
    </ClCompile>
    <ClCompile Include="..\..\..\..\..\src\Dependencies\JoltPhysics\Jolt\Physics\Vehicle\VehicleAntiRollBar.cpp">
      <Filter>Jolt\Physics\Vehicle</Filter>
    </ClCompile>
    <ClCompile Include="..\..\..\..\..\src\Dependencies\JoltPhysics\Jolt\Physics\Vehicle\VehicleCollisionTester.cpp">
      <Filter>Jolt\Physics\Vehicle</Filter>
    </ClCompile>
    <ClCompile Include="..\..\..\..\..\src\Dependencies\JoltPhysics\Jolt\Physics\Vehicle\VehicleConstraint.cpp">
      <Filter>Jolt\Physics\Vehicle</Filter>
    </ClCompile>
    <ClCompile Include="..\..\..\..\..\src\Dependencies\JoltPhysics\Jolt\Physics\Vehicle\VehicleController.cpp">
      <Filter>Jolt\Physics\Vehicle</Filter>
    </ClCompile>
    <ClCompile Include="..\..\..\..\..\src\Dependencies\JoltPhysics\Jolt\Physics\Vehicle\VehicleDifferential.cpp">
      <Filter>Jolt\Physics\Vehicle</Filter>
    </ClCompile>
    <ClCompile Include="..\..\..\..\..\src\Dependencies\JoltPhysics\Jolt\Physics\Vehicle\VehicleEngine.cpp">
      <Filter>Jolt\Physics\Vehicle</Filter>
    </ClCompile>
    <ClCompile Include="..\..\..\..\..\src\Dependencies\JoltPhysics\Jolt\Physics\Vehicle\VehicleTrack.cpp">
      <Filter>Jolt\Physics\Vehicle</Filter>
    </ClCompile>
    <ClCompile Include="..\..\..\..\..\src\Dependencies\JoltPhysics\Jolt\Physics\Vehicle\VehicleTransmission.cpp">
      <Filter>Jolt\Physics\Vehicle</Filter>
    </ClCompile>
    <ClCompile Include="..\..\..\..\..\src\Dependencies\JoltPhysics\Jolt\Physics\Vehicle\Wheel.cpp">
      <Filter>Jolt\Physics\Vehicle</Filter>
    </ClCompile>
    <ClCompile Include="..\..\..\..\..\src\Dependencies\JoltPhysics\Jolt\Physics\Vehicle\WheeledVehicleController.cpp">
      <Filter>Jolt\Physics\Vehicle</Filter>
    </ClCompile>
    <ClCompile Include="..\..\..\..\..\src\Dependencies\JoltPhysics\Jolt\RegisterTypes.cpp">
      <Filter>Jolt</Filter>
    </ClCompile>
    <ClCompile Include="..\..\..\..\..\src\Dependencies\JoltPhysics\Jolt\Renderer\DebugRenderer.cpp">
      <Filter>Jolt\Renderer</Filter>
    </ClCompile>
    <ClCompile Include="..\..\..\..\..\src\Dependencies\JoltPhysics\Jolt\Renderer\DebugRendererPlayback.cpp">
      <Filter>Jolt\Renderer</Filter>
    </ClCompile>
    <ClCompile Include="..\..\..\..\..\src\Dependencies\JoltPhysics\Jolt\Renderer\DebugRendererRecorder.cpp">
      <Filter>Jolt\Renderer</Filter>
    </ClCompile>
    <ClCompile Include="..\..\..\..\..\src\Dependencies\JoltPhysics\Jolt\Renderer\DebugRendererSimple.cpp">
      <Filter>Jolt\Renderer</Filter>
    </ClCompile>
    <ClCompile Include="..\..\..\..\..\src\Dependencies\JoltPhysics\Jolt\Skeleton\SkeletalAnimation.cpp">
      <Filter>Jolt\Skeleton</Filter>
    </ClCompile>
    <ClCompile Include="..\..\..\..\..\src\Dependencies\JoltPhysics\Jolt\Skeleton\Skeleton.cpp">
      <Filter>Jolt\Skeleton</Filter>
    </ClCompile>
    <ClCompile Include="..\..\..\..\..\src\Dependencies\JoltPhysics\Jolt\Skeleton\SkeletonMapper.cpp">
      <Filter>Jolt\Skeleton</Filter>
    </ClCompile>
    <ClCompile Include="..\..\..\..\..\src\Dependencies\JoltPhysics\Jolt\Skeleton\SkeletonPose.cpp">
      <Filter>Jolt\Skeleton</Filter>
    </ClCompile>
    <ClCompile Include="..\..\..\..\..\src\Dependencies\JoltPhysics\Jolt\TriangleGrouper\TriangleGrouperClosestCentroid.cpp">
      <Filter>Jolt\TriangleGrouper</Filter>
    </ClCompile>
    <ClCompile Include="..\..\..\..\..\src\Dependencies\JoltPhysics\Jolt\TriangleGrouper\TriangleGrouperMorton.cpp">
      <Filter>Jolt\TriangleGrouper</Filter>
    </ClCompile>
    <ClCompile Include="..\..\..\..\..\src\Dependencies\JoltPhysics\Jolt\TriangleSplitter\TriangleSplitter.cpp">
      <Filter>Jolt\TriangleSplitter</Filter>
    </ClCompile>
    <ClCompile Include="..\..\..\..\..\src\Dependencies\JoltPhysics\Jolt\TriangleSplitter\TriangleSplitterBinning.cpp">
      <Filter>Jolt\TriangleSplitter</Filter>
    </ClCompile>
    <ClCompile Include="..\..\..\..\..\src\Dependencies\JoltPhysics\Jolt\TriangleSplitter\TriangleSplitterFixedLeafSize.cpp">
      <Filter>Jolt\TriangleSplitter</Filter>
    </ClCompile>
    <ClCompile Include="..\..\..\..\..\src\Dependencies\JoltPhysics\Jolt\TriangleSplitter\TriangleSplitterLongestAxis.cpp">
      <Filter>Jolt\TriangleSplitter</Filter>
    </ClCompile>
    <ClCompile Include="..\..\..\..\..\src\Dependencies\JoltPhysics\Jolt\TriangleSplitter\TriangleSplitterMean.cpp">
      <Filter>Jolt\TriangleSplitter</Filter>
    </ClCompile>
    <ClCompile Include="..\..\..\..\..\src\Dependencies\JoltPhysics\Jolt\TriangleSplitter\TriangleSplitterMorton.cpp">
      <Filter>Jolt\TriangleSplitter</Filter>
    </ClCompile>
  </ItemGroup>
  <ItemGroup>
    <None Include="..\..\..\..\..\src\Dependencies\JoltPhysics\project_generator.lua" />
  </ItemGroup>
  <ItemGroup>
    <Natvis Include="..\..\..\..\..\src\Dependencies\JoltPhysics\Jolt\Jolt.natvis">
      <Filter>Jolt</Filter>
    </Natvis>
  </ItemGroup>
</Project>